// !$*UTF8*$!
{
	archiveVersion = 1;
	classes = {
	};
	objectVersion = 46;
	objects = {

/* Begin PBXBuildFile section */
		01179140988462FB701D50A3DE5566D5 /* BrandWordmark.swift in Sources */ = {isa = PBXBuildFile; fileRef = 6ABEE6C2E0301CEB909D62A1B0673163 /* BrandWordmark.swift */; };
		03AF3537C88D2EF7928EDFFEEFC79DE0 /* ProviderUsagePresentation.swift in Sources */ = {isa = PBXBuildFile; fileRef = 1C36C3A1FBEA4862052C01CEC7858618 /* ProviderUsagePresentation.swift */; };
		09B63977CCD0897C042B814F70293625 /* SnapshotHarness.swift in Sources */ = {isa = PBXBuildFile; fileRef = 10804E0897F4DB64AA45D8C95A6878E8 /* SnapshotHarness.swift */; };
		10EA5A9F292F41E0B0082D1B44A6CBE0 /* SessionHeaderMetadataTests.swift in Sources */ = {isa = PBXBuildFile; fileRef = DFE4B636AF47C77F840B5426F5307091 /* SessionHeaderMetadataTests.swift */; };
		123346D27CA111976799630F48F64317 /* CornerCard.swift in Sources */ = {isa = PBXBuildFile; fileRef = DF4043668B34FC384248500A5FB9963B /* CornerCard.swift */; };
		15A648684F248D6B053D2E7A79AA6856 /* ComputerUseState.swift in Sources */ = {isa = PBXBuildFile; fileRef = 22C8ECD18A5055BE468D11E76907AC99 /* ComputerUseState.swift */; };
		189BD7ABC21DCAF3503CA9CF70F2258B /* SubagentEventReducer.swift in Sources */ = {isa = PBXBuildFile; fileRef = 5C908C1B1B398E2E7CCB9091F5A417B3 /* SubagentEventReducer.swift */; };
		194C0E5BE497AF894678E8A9DB31F45F /* OmpConfigRunning.swift in Sources */ = {isa = PBXBuildFile; fileRef = 6F44F55528598CC45AFC54F414CFC0FE /* OmpConfigRunning.swift */; };
		198206E7CCEEF458583A1C0E007395C9 /* SubagentPresentation.swift in Sources */ = {isa = PBXBuildFile; fileRef = 3C52CC39016193A1F8AC231D9EF038D3 /* SubagentPresentation.swift */; };
		1B897A155CFA6F6646A6F4A989D13DF0 /* SettingsView.swift in Sources */ = {isa = PBXBuildFile; fileRef = 422580D9B0DEFD9CC96CE1FF9F76AC52 /* SettingsView.swift */; };
		1CF4083FD83397CEE6B2596B4C187614 /* TranscriptHistoryMapperTests.swift in Sources */ = {isa = PBXBuildFile; fileRef = 2381C215AFED3F66D0619174035119C5 /* TranscriptHistoryMapperTests.swift */; };
		1D5C4FEAE6CF9165D2DA709557992CFF /* UnifiedDiffParserTests.swift in Sources */ = {isa = PBXBuildFile; fileRef = BD355011A99BE0C4A29005962F88A966 /* UnifiedDiffParserTests.swift */; };
		209C05154E02C9A75BE34B44AC57FF83 /* SessionTimelineLoader.swift in Sources */ = {isa = PBXBuildFile; fileRef = 8DD3E4D685192E6A953C879C3B81DC8C /* SessionTimelineLoader.swift */; };
		2171F5CAC732AAD5725AA1F5B02A88AD /* ApprovalAccessibility.swift in Sources */ = {isa = PBXBuildFile; fileRef = 0A09996FCCE981FD9B4325EFD34D45D9 /* ApprovalAccessibility.swift */; };
		24A84F70D00CA0032A6A59AA02BD251D /* OmpKit in Frameworks */ = {isa = PBXBuildFile; productRef = ED0EA917CE736CE605E8DE5EC3A52C52 /* OmpKit */; };
		26C75D5193FFF324F336725B64788DF1 /* AppRoute.swift in Sources */ = {isa = PBXBuildFile; fileRef = F18FFF1563DE44E5CD63A5A74A6FB34E /* AppRoute.swift */; };
		26D38CD851E1754D6BC9627CCA0B3675 /* BashToolCardView.swift in Sources */ = {isa = PBXBuildFile; fileRef = 4A3E7D2644FB980DF9322509771251BE /* BashToolCardView.swift */; };
		27010B4312EAB7CA7B32C1F64EB88E27 /* ComputerUseRegistryTests.swift in Sources */ = {isa = PBXBuildFile; fileRef = 03F05E6295BF6FC3FD5E90AF4607CFAC /* ComputerUseRegistryTests.swift */; };
		27CA76E9F6AF2E0F61BFA0EB22F6B6F6 /* ComputerUseLeaseTests.swift in Sources */ = {isa = PBXBuildFile; fileRef = C19C8DDB22B2D624D5F69270ECC5E9A9 /* ComputerUseLeaseTests.swift */; };
		27E703A4AE56EDB54AC045CA1C3FF6B1 /* RailExpansionModelTests.swift in Sources */ = {isa = PBXBuildFile; fileRef = CB6569DB5757DB884D1A96F59B842742 /* RailExpansionModelTests.swift */; };
		28F5F02F0438AAF88CF114D976D7D2B8 /* RailPresentation.swift in Sources */ = {isa = PBXBuildFile; fileRef = F067C385C62F25F96ECA8476F423216B /* RailPresentation.swift */; };
		2A23FCDFF127CD17C3A2390983FC527B /* SearchModalView.swift in Sources */ = {isa = PBXBuildFile; fileRef = BDFC485298E427D52B9838C9701D4B8E /* SearchModalView.swift */; };
		2A2B70DBEACD849596D36D37D15F6A55 /* FloatingRailView.swift in Sources */ = {isa = PBXBuildFile; fileRef = E6DED7EA31C60EBEA8690D472FB443EC /* FloatingRailView.swift */; };
		2AF311C166A21682A5AA58A0FE2D8736 /* ReadToolCardView.swift in Sources */ = {isa = PBXBuildFile; fileRef = CE4E60F300AD7EC16D86A55F5B028AF8 /* ReadToolCardView.swift */; };
		2B482F94AD43655E9EAFFD8AC3BEB19A /* WriteToolCardView.swift in Sources */ = {isa = PBXBuildFile; fileRef = DBC620F079220B7253B59DFE01D6670C /* WriteToolCardView.swift */; };
		2C58E6678A083F0A264B73043301E17B /* UnifiedDiff.swift in Sources */ = {isa = PBXBuildFile; fileRef = ACE7A54F97D902AF00E7ED18CA8A50DE /* UnifiedDiff.swift */; };
		2DCB6E95E36EBA4C06963AF05A59B7C7 /* SessionSearchService.swift in Sources */ = {isa = PBXBuildFile; fileRef = A3C853E9E895E1832AF18BA6215DC1AB /* SessionSearchService.swift */; };
		2DE80CB21DB33E187BB5791E7F951F1D /* OmpExecutableLocatorTests.swift in Sources */ = {isa = PBXBuildFile; fileRef = 0F975278A6A1035C30F0BD378ED9877A /* OmpExecutableLocatorTests.swift */; };
		30688C18BF5F43FFDD43E34C40B90980 /* AgentDesktopProbeWindow.swift in Sources */ = {isa = PBXBuildFile; fileRef = 639C34B11CB2FF3E25CEAADAA60D2169 /* AgentDesktopProbeWindow.swift */; };
		3214C56EAD025F4889F4CF724ACD2C31 /* DiffView.swift in Sources */ = {isa = PBXBuildFile; fileRef = A96B10FBF1E6542EED47E22234211343 /* DiffView.swift */; };
		32B8E9E34DEB6FFE7A415BDD4E94B847 /* TranscriptHistoryMapper.swift in Sources */ = {isa = PBXBuildFile; fileRef = 5E5DC749D8006FE9CC57868667368CC6 /* TranscriptHistoryMapper.swift */; };
		3768DBD250B5F46145DBAE1A65FA862E /* TranscriptReferenceTests.swift in Sources */ = {isa = PBXBuildFile; fileRef = 53302714495AFC9540944E005A1F002B /* TranscriptReferenceTests.swift */; };
		398F5260F509C71253F4FCFD55F1AE3F /* OmpConfigService.swift in Sources */ = {isa = PBXBuildFile; fileRef = 228FD7A218F374CD653BA21A6A505F3D /* OmpConfigService.swift */; };
		3B328E53926CD27FF1799A270B0E00BC /* MessageBlockView.swift in Sources */ = {isa = PBXBuildFile; fileRef = F20A12A547B944D5C85E0E1D1EEDFA7C /* MessageBlockView.swift */; };
		3BD200D601276BEA2240309AA729B20D /* ExtensionInputSheet.swift in Sources */ = {isa = PBXBuildFile; fileRef = 35B9724C31B5164E930E4F217BDB3EB3 /* ExtensionInputSheet.swift */; };
		3BE0C412DB23BA946A68524723F964E5 /* ToolDisclosureStateTests.swift in Sources */ = {isa = PBXBuildFile; fileRef = 3A4F081CF1B8FD8B504025200AD77A7D /* ToolDisclosureStateTests.swift */; };
		3C1D35A46C2FAC89F6B2D2B76C046653 /* RailAccessibility.swift in Sources */ = {isa = PBXBuildFile; fileRef = A0B79F33CA0DE4088923843D6B29D7D7 /* RailAccessibility.swift */; };
		4029194AFED9BE03BE2245224930CB10 /* Cocoa.framework in Frameworks */ = {isa = PBXBuildFile; fileRef = 74D90D20D7FC5CED810C35AF0B75D712 /* Cocoa.framework */; };
		426EFB993F3D530E97487662AB499AA9 /* SessionSearchServiceTests.swift in Sources */ = {isa = PBXBuildFile; fileRef = 326D2F1ED015C63F653705A3A8C030BF /* SessionSearchServiceTests.swift */; };
		4319124831459F4B67A8D8F5152D4097 /* TranscriptItem.swift in Sources */ = {isa = PBXBuildFile; fileRef = F198B789C8EDAB283A7FAAD1F301DECE /* TranscriptItem.swift */; };
		43286959FCEC288006EB53EF64526DCE /* Fonts in Resources */ = {isa = PBXBuildFile; fileRef = C7DF74B2138A4C902EB61F6717999AAE /* Fonts */; };
		47F6AAB29065A829EB29F72AC9BBF698 /* UnifiedDiffParser.swift in Sources */ = {isa = PBXBuildFile; fileRef = F6849EEAA67DF17DC3010D89D32EE4EC /* UnifiedDiffParser.swift */; };
		48113222CA9315B2F3C2919FA879C228 /* AgentDesktopCoordinator.swift in Sources */ = {isa = PBXBuildFile; fileRef = 9485FED0367D38AFB95DAFC567B9AEDA /* AgentDesktopCoordinator.swift */; };
		4BD90D0844D5FD9ED7AA5A695D6B0B7B /* SettingsCatalog.swift in Sources */ = {isa = PBXBuildFile; fileRef = 46225740E9A708E06B1A82730749B562 /* SettingsCatalog.swift */; };
		4C6F0450E89BD6DEFF8D58D4D26472F1 /* ToolCardRegistry.swift in Sources */ = {isa = PBXBuildFile; fileRef = 388278760FE80C596AC395AE5339A08E /* ToolCardRegistry.swift */; };
		4C9EFA405F0F25081EE1C9FCD4DC43F4 /* TodoToolCardView.swift in Sources */ = {isa = PBXBuildFile; fileRef = F77F4AE716AA8CAE3BF22DAD67ABF631 /* TodoToolCardView.swift */; };
		4EBEE5AA6DCE3790352CB22D398E34DE /* AgentDesktopCommandRunner.swift in Sources */ = {isa = PBXBuildFile; fileRef = 5E723D5F98CED4B92D42A28DC55A0D2B /* AgentDesktopCommandRunner.swift */; };
		4EC02DF915873CEAA421FD7B2E62EB59 /* ComputerUseStateTests.swift in Sources */ = {isa = PBXBuildFile; fileRef = 3EB4B1C60285220A0DDBB6AA96AE0003 /* ComputerUseStateTests.swift */; };
		522DEB2CFBE0953004F8BA80AB01A333 /* ToolCardScaffold.swift in Sources */ = {isa = PBXBuildFile; fileRef = 5C3ADCA39E041D623857D95D82F8D5AA /* ToolCardScaffold.swift */; };
		52FC1DA364BC13ACDDA0927A9935E796 /* ToolEventReducer.swift in Sources */ = {isa = PBXBuildFile; fileRef = E7A617D47ABA503C1F9D269A1F4E8578 /* ToolEventReducer.swift */; };
		533A002581483D11BF43D28B0679C8E8 /* OmpInstallation.swift in Sources */ = {isa = PBXBuildFile; fileRef = 44BFD21FE4884CE3E9C3F7023E9D1805 /* OmpInstallation.swift */; };
		53C9B65BE1A74AC87B44E705775C3AB4 /* MessageBubbleView.swift in Sources */ = {isa = PBXBuildFile; fileRef = C32CB75204C982A077756613352C5785 /* MessageBubbleView.swift */; };
		54848851D6A901E74216E02A91BEA65A /* SettingDefinition.swift in Sources */ = {isa = PBXBuildFile; fileRef = 6091E7BF2315923DAB301AAB9A75B978 /* SettingDefinition.swift */; };
		54DF3E52B8EB0A7D2F5007BA8BEC6A4D /* ProviderUsagePresentationTests.swift in Sources */ = {isa = PBXBuildFile; fileRef = 2B632DC181C4DE83989E52A60EE2F37D /* ProviderUsagePresentationTests.swift */; };
		581850C918F4766AD5188A518111F936 /* ApprovalCardView.swift in Sources */ = {isa = PBXBuildFile; fileRef = F728CADF1E422B5C9864D5FEA6E46EE3 /* ApprovalCardView.swift */; };
		5A27CB94930D49C3D3204767F4BB52B2 /* TaskToolCardView.swift in Sources */ = {isa = PBXBuildFile; fileRef = 2468C5FB89424E6401A708A1210D621F /* TaskToolCardView.swift */; };
		5B127956C9F137012A39E5E1FB10CD1F /* ToolPresentation.swift in Sources */ = {isa = PBXBuildFile; fileRef = AEF7FE5F571B1F91B1BDA4F700BC9E9E /* ToolPresentation.swift */; };
		5CA84754BDB1CAC5C8DDB38E3CB9E6CA /* ExtensionUIRouterTests.swift in Sources */ = {isa = PBXBuildFile; fileRef = 896AF8B6835EEFE8C47870034505AF5F /* ExtensionUIRouterTests.swift */; };
		5E30018588874F20E1CE70E533E11FAB /* NewSessionView.swift in Sources */ = {isa = PBXBuildFile; fileRef = C485EE8F84BC5AB5D84D64E04C43BCEA /* NewSessionView.swift */; };
		5ED61804558665F16CF5F5B42875F78F /* MessageContentParserTests.swift in Sources */ = {isa = PBXBuildFile; fileRef = D5174C3AA4067C27927AD1ED893DA462 /* MessageContentParserTests.swift */; };
		5FE9DF55078FC5BC083B466452226152 /* TenXTypography.swift in Sources */ = {isa = PBXBuildFile; fileRef = 694E5513F61E6115279F20D48B9D738B /* TenXTypography.swift */; };
		61B829FC6FC8A3198CCC771A1D50D767 /* CodeBlockView.swift in Sources */ = {isa = PBXBuildFile; fileRef = 34BBE8F4311A4B72793E42E684BA85EC /* CodeBlockView.swift */; };
		657FA7A9C19038868C20FC2FA78BB86A /* Cocoa.framework in Frameworks */ = {isa = PBXBuildFile; fileRef = 74D90D20D7FC5CED810C35AF0B75D712 /* Cocoa.framework */; };
		65BD0AD318F4B16A496736686BBFE313 /* SearchToolCardView.swift in Sources */ = {isa = PBXBuildFile; fileRef = 26637361D0EC26AE5D212ABFDFF2AE66 /* SearchToolCardView.swift */; };
		65FAD872D032F79A63EF83E95325936A /* ToolContentExtractorTests.swift in Sources */ = {isa = PBXBuildFile; fileRef = 0A4B522316670C21156B1674869EB218 /* ToolContentExtractorTests.swift */; };
		6752756EB7F0D8E1987FBEFCD5F1333B /* AeroSpaceProvider.swift in Sources */ = {isa = PBXBuildFile; fileRef = 1624584404DEE4151824E7EE4D0A8E80 /* AeroSpaceProvider.swift */; };
		6763F396692B90F035B9047D8A8C2C65 /* AgentDesktopProvider.swift in Sources */ = {isa = PBXBuildFile; fileRef = 274B4DCD8E28FBE7CE5B4CCBDBAFEDC4 /* AgentDesktopProvider.swift */; };
		6CD203C4BAE255D5DA8AA662BD498D8A /* TranscriptAnnotation.swift in Sources */ = {isa = PBXBuildFile; fileRef = 1EE8EE6FA6089CF4DCAC663A2226CECA /* TranscriptAnnotation.swift */; };
		6E924707B502594C113DDEE3089ECC68 /* AgentDesktopProviderTests.swift in Sources */ = {isa = PBXBuildFile; fileRef = 6E7047DF9E2F97D23EC9380B3C6F4A95 /* AgentDesktopProviderTests.swift */; };
		6F628690EB5471E8AE598E034E0AA5BE /* 10x-wordmark.svg in Resources */ = {isa = PBXBuildFile; fileRef = 8B7FEBF5330C44CE08AE28400A32E506 /* 10x-wordmark.svg */; };
		700D359DAF6A3EAEB42D34EABAA05E8D /* ComposerView.swift in Sources */ = {isa = PBXBuildFile; fileRef = 88459623B31F0AE1E1E7D794FFF9DB6C /* ComposerView.swift */; };
		7181312F4A41EA0BE500571E1CF29794 /* AppRouteTests.swift in Sources */ = {isa = PBXBuildFile; fileRef = 5B8DEE0E5A0EFD63570502C7FA690828 /* AppRouteTests.swift */; };
		71BAC0870AA450F2D61650B5013D53B5 /* OmpExecutableLocator.swift in Sources */ = {isa = PBXBuildFile; fileRef = 9FCD7551C479FD3A0F0A223A09A946CB /* OmpExecutableLocator.swift */; };
		7430EDF964EE7F3B3BB4287573C12C1B /* ActiveSessionView.swift in Sources */ = {isa = PBXBuildFile; fileRef = A93330E1E7E664E67761127C9A1412AC /* ActiveSessionView.swift */; };
		774F169BFAF0D3C4D6B03977A4492CFC /* ToolContentExtractor.swift in Sources */ = {isa = PBXBuildFile; fileRef = ED43F561B18A88AB784F38A4CA1D6F5F /* ToolContentExtractor.swift */; };
		7D38A9D184DEF71CD77A7ECC52A12FE7 /* TenXApp.swift in Sources */ = {isa = PBXBuildFile; fileRef = 567928D8D72BD12052FFEDA02D3A2AD1 /* TenXApp.swift */; };
		816E673B722AF9257504CD53C6108D94 /* ViewSnapshotTests.swift in Sources */ = {isa = PBXBuildFile; fileRef = 2A88C2C4F74AF062E1B69608ABF53AF8 /* ViewSnapshotTests.swift */; };
		8A1034D6C8D90915CBD95234788AFB09 /* ProviderUsageLedgerView.swift in Sources */ = {isa = PBXBuildFile; fileRef = E4BA0DC623D673AB2E750C20C971461C /* ProviderUsageLedgerView.swift */; };
		8A89316E4F185C36BB9C03D739D79E05 /* ProjectSessionGroup.swift in Sources */ = {isa = PBXBuildFile; fileRef = 8174305F9EFB01D676861116ED019D67 /* ProjectSessionGroup.swift */; };
		8A9E6F1CF4E9FA396F3E1F3ADCB18D1D /* SettingsViewModel.swift in Sources */ = {isa = PBXBuildFile; fileRef = 792999D7A6A80E4FDC78179C906BE08C /* SettingsViewModel.swift */; };
		8F42CBB390DB9485A0D7F9ECEFB6A4E9 /* AgentDesktopCoordinatorTests.swift in Sources */ = {isa = PBXBuildFile; fileRef = 9902F0CB81B8DE271ED510384DA67001 /* AgentDesktopCoordinatorTests.swift */; };
		9105AB00617D351C8BDAFC111E4E76A7 /* GenericToolCardView.swift in Sources */ = {isa = PBXBuildFile; fileRef = E481C1C8C786A2386363662524CF94DE /* GenericToolCardView.swift */; };
		922CF31E58CA5825FBE183860DA8A054 /* ComputerUseRegistry.swift in Sources */ = {isa = PBXBuildFile; fileRef = BC72422A8918C20027AA364613D3D80C /* ComputerUseRegistry.swift */; };
		92BD8B44053ECBF8878AEFC8945BEBFD /* DesignSystemTests.swift in Sources */ = {isa = PBXBuildFile; fileRef = 4BB44ABC9CF969CB53B989CE971A0D26 /* DesignSystemTests.swift */; };
		934FAF88999AB4C5122613885B02DE6D /* TranscriptReferenceView.swift in Sources */ = {isa = PBXBuildFile; fileRef = 68BD5B622C90B2E0A6BCB5CA3BAD104E /* TranscriptReferenceView.swift */; };
		9525EB5D7267D2C18BBB73E4AB947856 /* AppModel.swift in Sources */ = {isa = PBXBuildFile; fileRef = E3C0435AB30699D3FF02DDB1368D7CC1 /* AppModel.swift */; };
		960D5871AA64A1334F81CC9DC8159E5F /* SettingControlView.swift in Sources */ = {isa = PBXBuildFile; fileRef = DFB9FF7C95B56B15FBF2A054F773E8DA /* SettingControlView.swift */; };
		9846D49DA8E73BB29B50BDE3CA8946A7 /* TranscriptReference.swift in Sources */ = {isa = PBXBuildFile; fileRef = CE225DEFCE32638B5D3767CAA3840B96 /* TranscriptReference.swift */; };
		998C92B9C1FE757E189161399BABC910 /* SettingsCategory.swift in Sources */ = {isa = PBXBuildFile; fileRef = 3322CDA9E69A53FC659593BAD1DAF93B /* SettingsCategory.swift */; };
		99D385CBCFD93838C4BB1B8271EB50DE /* OmpConfigServiceTests.swift in Sources */ = {isa = PBXBuildFile; fileRef = 781CB65C6AAFEB3A9D08B1C9A147FF9A /* OmpConfigServiceTests.swift */; };
		9CBA7EF2CFD6E530113C2AAE0A285AF2 /* ResponseMetadataView.swift in Sources */ = {isa = PBXBuildFile; fileRef = F2DDC88D366308B2421280DC0E05741C /* ResponseMetadataView.swift */; };
		9E09B9F3F40F73AC1E12BDE77C10973C /* RuntimeRecoveryView.swift in Sources */ = {isa = PBXBuildFile; fileRef = D4199086DF8326F92F35525BB2B4E7D5 /* RuntimeRecoveryView.swift */; };
		9F2D50E5B9A6FEACAC6C41C9C9E7F6B1 /* AgentDesktopCommandRunnerTests.swift in Sources */ = {isa = PBXBuildFile; fileRef = 6EFBEF1F1F3E9FC962BA6D60195AFC6F /* AgentDesktopCommandRunnerTests.swift */; };
		9F9AE3147CE006B00EC85E46AB4086A6 /* SearchResult.swift in Sources */ = {isa = PBXBuildFile; fileRef = 5023877D17752E936F098D6AC779CC1B /* SearchResult.swift */; };
		9FA7089C03258E9A1B58D11969030406 /* TranscriptMessage.swift in Sources */ = {isa = PBXBuildFile; fileRef = 79C62A93F5CAA53E3AFFDD581928E3F7 /* TranscriptMessage.swift */; };
		A2F67A8A7D49315D5CDBA54595DE0A6F /* FlowLayout.swift in Sources */ = {isa = PBXBuildFile; fileRef = 4EEB54F2D0CAA73A32F0266C6B615F88 /* FlowLayout.swift */; };
		A3285F7657C4CAA749D1055119F13D23 /* SessionRuntimeState.swift in Sources */ = {isa = PBXBuildFile; fileRef = D7121097233A8F57B363CB067BCF57AF /* SessionRuntimeState.swift */; };
		A3887DB2643E64E5879423BF907F0257 /* ComputerUseLease.swift in Sources */ = {isa = PBXBuildFile; fileRef = 94C2993C8AF669DF95EFA06F7CEFCA60 /* ComputerUseLease.swift */; };
		A39D131AEC8156E4EB37CDCADBA2942E /* TranscriptView.swift in Sources */ = {isa = PBXBuildFile; fileRef = 64BF1F6535CA0CF86C1CABE6BB52084A /* TranscriptView.swift */; };
		AA5623B079E47B154F4DC857C9F5B2B8 /* WebToolCardView.swift in Sources */ = {isa = PBXBuildFile; fileRef = 07B4A4942424F3533BD03157732DE5A1 /* WebToolCardView.swift */; };
		AD10C0CA0B909F36AF625595D3D3223F /* TenXPalette.swift in Sources */ = {isa = PBXBuildFile; fileRef = 9E8EA1EC3A5AFF371504F89379E92BF0 /* TenXPalette.swift */; };
		AF6B1CC5737C27E1A58CDEF387EAA66F /* AccessibilityLabelTests.swift in Sources */ = {isa = PBXBuildFile; fileRef = D5C8AB83B69A91A5EDA26F75FFF5FD82 /* AccessibilityLabelTests.swift */; };
		B1C79F6CCB8FD0E0C95AD27791CD5BE7 /* ToolEventReducerTests.swift in Sources */ = {isa = PBXBuildFile; fileRef = CFE709699C932DD8C174F679EF5B903C /* ToolEventReducerTests.swift */; };
		B36C98B19AA6EA094153BD543C83D0E4 /* AppDependencies.swift in Sources */ = {isa = PBXBuildFile; fileRef = 470397EF86842FB0977B5E0C11E9C36C /* AppDependencies.swift */; };
		B3F992B95B4F8521492FD6FE7322FEF9 /* SetupView.swift in Sources */ = {isa = PBXBuildFile; fileRef = 4441236FA48518A18C7883F5DAC88951 /* SetupView.swift */; };
		B4F67B3CD31D517DC93CCA59EFDBFD0B /* SessionTimelineLoaderTests.swift in Sources */ = {isa = PBXBuildFile; fileRef = C0DD89AD8ADFDE783F9A0FB802AA2D0E /* SessionTimelineLoaderTests.swift */; };
		B5E14D276428EEED575E41C2B7E2D039 /* HammerspoonProvider.swift in Sources */ = {isa = PBXBuildFile; fileRef = BF8477C3DA1D2DAD2A2A65BE25737ADE /* HammerspoonProvider.swift */; };
		B76255816B920E13186150EBBB76388E /* ProjectSessionGrouperTests.swift in Sources */ = {isa = PBXBuildFile; fileRef = DB49F830A94ACB118892D53219822E2F /* ProjectSessionGrouperTests.swift */; };
		B935682F26C1837CFE7A7CC69200A6BB /* ExtensionUIState.swift in Sources */ = {isa = PBXBuildFile; fileRef = 8935BA601A2D20A0CBF630CADE344660 /* ExtensionUIState.swift */; };
		BA072782CA20658608C0CA21BA4057CD /* MessageBubbleViewTests.swift in Sources */ = {isa = PBXBuildFile; fileRef = 7BBAEB13F6FFF465CD5E8E97010C8BC5 /* MessageBubbleViewTests.swift */; };
		BB5C6A3CB9A4EF88B1F3E57AEFC2DBDF /* SessionControllerTests.swift in Sources */ = {isa = PBXBuildFile; fileRef = 9B9506775218A4364F810A8D3EFC456A /* SessionControllerTests.swift */; };
		BD667AE17822A3727B152F2C3EB7A5BB /* SessionHeaderView.swift in Sources */ = {isa = PBXBuildFile; fileRef = B743EB8FE63DAC78CD1CA3D20EF7D04E /* SessionHeaderView.swift */; };
		BDA33813F05D2E3FA964F5BE3EA037A3 /* SearchModalModel.swift in Sources */ = {isa = PBXBuildFile; fileRef = 865CD123C9A6C94F790A20EC30DCECC7 /* SearchModalModel.swift */; };
		BF923E791B6CCBFCA7E3ED6E87B9CA90 /* SubagentCardView.swift in Sources */ = {isa = PBXBuildFile; fileRef = FD73A9C2242820BE6A6879D50578385B /* SubagentCardView.swift */; };
		C604AEB9A17BC9B027A46A81255E4EDF /* GhostActionStyle.swift in Sources */ = {isa = PBXBuildFile; fileRef = 5BB387F80C203936E84874962631529E /* GhostActionStyle.swift */; };
		C8FBE3D37A540F5910CC2A37DEF2A308 /* SettingRowView.swift in Sources */ = {isa = PBXBuildFile; fileRef = 08518F4CA7D24CAE123979152883FF99 /* SettingRowView.swift */; };
		CCE4F952FDD022AE14504D9FE71A84A3 /* ShellTopActionsView.swift in Sources */ = {isa = PBXBuildFile; fileRef = F981DE35607CFEEA74BBB1CEE0A436E5 /* ShellTopActionsView.swift */; };
		D06A0433FB7166FA97BA261911795176 /* Hammerspoon in Resources */ = {isa = PBXBuildFile; fileRef = 9B0CD2D917BF78AD9F1A7D33050510D2 /* Hammerspoon */; };
		D0BAD7F25214894D78D88AFD0C0FAA71 /* AppIcon.icon in Resources */ = {isa = PBXBuildFile; fileRef = 308154A13C9C865DC6E0BD4AAF6D36C1 /* AppIcon.icon */; };
		D1F7950A659D26F6603D6D0F4091617E /* ExtensionUIRouter.swift in Sources */ = {isa = PBXBuildFile; fileRef = 16A8DB80E34FF28ADD3A93852DBE8CCB /* ExtensionUIRouter.swift */; };
		D2FD27E0558B371F4CCD0618359DD015 /* BackgroundProvider.swift in Sources */ = {isa = PBXBuildFile; fileRef = 005E6ABDA1B222C0F52DB317429195F4 /* BackgroundProvider.swift */; };
		D367B0FC32D2A3F3D296356DEA59B25B /* ToolDisclosureState.swift in Sources */ = {isa = PBXBuildFile; fileRef = 6571D41EED37BD8CE18958137A0FAD44 /* ToolDisclosureState.swift */; };
		D46DD28A58DFD4D1464A82AF33319081 /* AppShellView.swift in Sources */ = {isa = PBXBuildFile; fileRef = DF50859D7FF558CEE1D3587CE4F19FD6 /* AppShellView.swift */; };
		DA55B5E802F6B1FF03203C21809FF3CB /* AgentDesktopProbeWindowTests.swift in Sources */ = {isa = PBXBuildFile; fileRef = 0B2C428977B228A3E8658A381506AB03 /* AgentDesktopProbeWindowTests.swift */; };
		DAB23B9D1696500BDA614446DE83A37C /* ReferenceImages in Resources */ = {isa = PBXBuildFile; fileRef = 4B450A2C99589771E797F0C718A8F984 /* ReferenceImages */; };
		DC58DB69E6DB53984FE7E57314B2CF45 /* SettingsCatalogTests.swift in Sources */ = {isa = PBXBuildFile; fileRef = 29D654A83FF0C0C719766C5066C395E3 /* SettingsCatalogTests.swift */; };
		DC9A423C477F53A4EAA139360FCEAB6B /* ProjectSessionGrouper.swift in Sources */ = {isa = PBXBuildFile; fileRef = 5F8D5AD5C4A2F8B52EA148AC30D5D7AD /* ProjectSessionGrouper.swift */; };
		DC9D84334BCB022A0D40B62D61F991A8 /* RailPresentationTests.swift in Sources */ = {isa = PBXBuildFile; fileRef = 2DAD8104980A851F6DDC39A66422617A /* RailPresentationTests.swift */; };
		E0669EFDF0F1F5738F6D1E34BE65450F /* SessionController.swift in Sources */ = {isa = PBXBuildFile; fileRef = 009D0680484EB44E12D54263D6CCA3E6 /* SessionController.swift */; };
		E0E246456A6892A6417B527CDE51BF9A /* TranscriptReducerTests.swift in Sources */ = {isa = PBXBuildFile; fileRef = E6AE6C5D52834A254E37B8CB6C1A7710 /* TranscriptReducerTests.swift */; };
		EC797103908DC812F63D2A673DA684CA /* TranscriptReducer.swift in Sources */ = {isa = PBXBuildFile; fileRef = ACD5D8DEDA00304DCBDBA36ECFC3DE09 /* TranscriptReducer.swift */; };
		EDD0FAD9D02AF86C3887C96DE1C4FFAB /* AppModelNavigationTests.swift in Sources */ = {isa = PBXBuildFile; fileRef = CDCF83CC45ACE81FA0132E1B129C0EF6 /* AppModelNavigationTests.swift */; };
		F40A7FB3EF7DA9BF3E3A52A8C25C69BA /* RailExpansionModel.swift in Sources */ = {isa = PBXBuildFile; fileRef = C957F6824EB039DDB0B5D34E59E8C85F /* RailExpansionModel.swift */; };
		F4E1F6C24B10550C2D8F1A0FA1162118 /* SubagentEventReducerTests.swift in Sources */ = {isa = PBXBuildFile; fileRef = E9AFB820A7E073396D799538CF147988 /* SubagentEventReducerTests.swift */; };
		F717A87946164E58FF33472D8A3F8B27 /* SessionHeaderMetadata.swift in Sources */ = {isa = PBXBuildFile; fileRef = 90D7F9E8B1BAFB1357911B8606107942 /* SessionHeaderMetadata.swift */; };
		F8D28C7DC9D7D99219B8981C4C9000C7 /* EditToolCardView.swift in Sources */ = {isa = PBXBuildFile; fileRef = 3BC8179CDADDE6FCDE948949BD3702A3 /* EditToolCardView.swift */; };
		FC285865F4CB1762781B83206C91F740 /* MessageContentParser.swift in Sources */ = {isa = PBXBuildFile; fileRef = 105DC260979E4F35C2C7C2F845B7A09C /* MessageContentParser.swift */; };
/* End PBXBuildFile section */

/* Begin PBXContainerItemProxy section */
		7405643B58C04A0D4C4F6864B6221DB8 /* PBXContainerItemProxy */ = {
			isa = PBXContainerItemProxy;
			containerPortal = E3CB0CD6737FF3A656901B502E2ED80B /* Project object */;
			proxyType = 1;
			remoteGlobalIDString = 472253A9F6B5BFA7A474CEA383369534;
			remoteInfo = 10x;
		};
/* End PBXContainerItemProxy section */

/* Begin PBXFileReference section */
		005E6ABDA1B222C0F52DB317429195F4 /* BackgroundProvider.swift */ = {isa = PBXFileReference; includeInIndex = 1; lastKnownFileType = sourcecode.swift; name = BackgroundProvider.swift; path = App/ComputerUse/BackgroundProvider.swift; sourceTree = "<group>"; };
		009D0680484EB44E12D54263D6CCA3E6 /* SessionController.swift */ = {isa = PBXFileReference; includeInIndex = 1; lastKnownFileType = sourcecode.swift; name = SessionController.swift; path = App/Sessions/SessionController.swift; sourceTree = "<group>"; };
		03F05E6295BF6FC3FD5E90AF4607CFAC /* ComputerUseRegistryTests.swift */ = {isa = PBXFileReference; includeInIndex = 1; lastKnownFileType = sourcecode.swift; name = ComputerUseRegistryTests.swift; path = Tests/TenXAppTests/ComputerUseRegistryTests.swift; sourceTree = "<group>"; };
		07B4A4942424F3533BD03157732DE5A1 /* WebToolCardView.swift */ = {isa = PBXFileReference; includeInIndex = 1; lastKnownFileType = sourcecode.swift; name = WebToolCardView.swift; path = App/Tools/WebToolCardView.swift; sourceTree = "<group>"; };
		08518F4CA7D24CAE123979152883FF99 /* SettingRowView.swift */ = {isa = PBXFileReference; includeInIndex = 1; lastKnownFileType = sourcecode.swift; name = SettingRowView.swift; path = App/Settings/SettingRowView.swift; sourceTree = "<group>"; };
		0A09996FCCE981FD9B4325EFD34D45D9 /* ApprovalAccessibility.swift */ = {isa = PBXFileReference; includeInIndex = 1; lastKnownFileType = sourcecode.swift; name = ApprovalAccessibility.swift; path = App/ExtensionUI/ApprovalAccessibility.swift; sourceTree = "<group>"; };
		0A4B522316670C21156B1674869EB218 /* ToolContentExtractorTests.swift */ = {isa = PBXFileReference; includeInIndex = 1; lastKnownFileType = sourcecode.swift; name = ToolContentExtractorTests.swift; path = Tests/TenXAppTests/ToolContentExtractorTests.swift; sourceTree = "<group>"; };
		0B2C428977B228A3E8658A381506AB03 /* AgentDesktopProbeWindowTests.swift */ = {isa = PBXFileReference; includeInIndex = 1; lastKnownFileType = sourcecode.swift; name = AgentDesktopProbeWindowTests.swift; path = Tests/TenXAppTests/AgentDesktopProbeWindowTests.swift; sourceTree = "<group>"; };
		0F975278A6A1035C30F0BD378ED9877A /* OmpExecutableLocatorTests.swift */ = {isa = PBXFileReference; includeInIndex = 1; lastKnownFileType = sourcecode.swift; name = OmpExecutableLocatorTests.swift; path = Tests/TenXAppTests/OmpExecutableLocatorTests.swift; sourceTree = "<group>"; };
		105DC260979E4F35C2C7C2F845B7A09C /* MessageContentParser.swift */ = {isa = PBXFileReference; includeInIndex = 1; lastKnownFileType = sourcecode.swift; name = MessageContentParser.swift; path = App/Sessions/MessageContentParser.swift; sourceTree = "<group>"; };
		10804E0897F4DB64AA45D8C95A6878E8 /* SnapshotHarness.swift */ = {isa = PBXFileReference; includeInIndex = 1; lastKnownFileType = sourcecode.swift; name = SnapshotHarness.swift; path = Tests/TenXAppTests/SnapshotHarness.swift; sourceTree = "<group>"; };
		1624584404DEE4151824E7EE4D0A8E80 /* AeroSpaceProvider.swift */ = {isa = PBXFileReference; includeInIndex = 1; lastKnownFileType = sourcecode.swift; name = AeroSpaceProvider.swift; path = App/ComputerUse/AeroSpaceProvider.swift; sourceTree = "<group>"; };
		16A8DB80E34FF28ADD3A93852DBE8CCB /* ExtensionUIRouter.swift */ = {isa = PBXFileReference; includeInIndex = 1; lastKnownFileType = sourcecode.swift; name = ExtensionUIRouter.swift; path = App/ExtensionUI/ExtensionUIRouter.swift; sourceTree = "<group>"; };
		1C36C3A1FBEA4862052C01CEC7858618 /* ProviderUsagePresentation.swift */ = {isa = PBXFileReference; includeInIndex = 1; lastKnownFileType = sourcecode.swift; name = ProviderUsagePresentation.swift; path = App/Shell/ProviderUsagePresentation.swift; sourceTree = "<group>"; };
		1EE8EE6FA6089CF4DCAC663A2226CECA /* TranscriptAnnotation.swift */ = {isa = PBXFileReference; includeInIndex = 1; lastKnownFileType = sourcecode.swift; name = TranscriptAnnotation.swift; path = App/Sessions/TranscriptAnnotation.swift; sourceTree = "<group>"; };
		228FD7A218F374CD653BA21A6A505F3D /* OmpConfigService.swift */ = {isa = PBXFileReference; includeInIndex = 1; lastKnownFileType = sourcecode.swift; name = OmpConfigService.swift; path = App/Settings/OmpConfigService.swift; sourceTree = "<group>"; };
		22C8ECD18A5055BE468D11E76907AC99 /* ComputerUseState.swift */ = {isa = PBXFileReference; includeInIndex = 1; lastKnownFileType = sourcecode.swift; name = ComputerUseState.swift; path = App/ComputerUse/ComputerUseState.swift; sourceTree = "<group>"; };
		2381C215AFED3F66D0619174035119C5 /* TranscriptHistoryMapperTests.swift */ = {isa = PBXFileReference; includeInIndex = 1; lastKnownFileType = sourcecode.swift; name = TranscriptHistoryMapperTests.swift; path = Tests/TenXAppTests/TranscriptHistoryMapperTests.swift; sourceTree = "<group>"; };
		2468C5FB89424E6401A708A1210D621F /* TaskToolCardView.swift */ = {isa = PBXFileReference; includeInIndex = 1; lastKnownFileType = sourcecode.swift; name = TaskToolCardView.swift; path = App/Tools/TaskToolCardView.swift; sourceTree = "<group>"; };
		26637361D0EC26AE5D212ABFDFF2AE66 /* SearchToolCardView.swift */ = {isa = PBXFileReference; includeInIndex = 1; lastKnownFileType = sourcecode.swift; name = SearchToolCardView.swift; path = App/Tools/SearchToolCardView.swift; sourceTree = "<group>"; };
		274B4DCD8E28FBE7CE5B4CCBDBAFEDC4 /* AgentDesktopProvider.swift */ = {isa = PBXFileReference; includeInIndex = 1; lastKnownFileType = sourcecode.swift; name = AgentDesktopProvider.swift; path = App/ComputerUse/AgentDesktopProvider.swift; sourceTree = "<group>"; };
		29D654A83FF0C0C719766C5066C395E3 /* SettingsCatalogTests.swift */ = {isa = PBXFileReference; includeInIndex = 1; lastKnownFileType = sourcecode.swift; name = SettingsCatalogTests.swift; path = Tests/TenXAppTests/SettingsCatalogTests.swift; sourceTree = "<group>"; };
		2A88C2C4F74AF062E1B69608ABF53AF8 /* ViewSnapshotTests.swift */ = {isa = PBXFileReference; includeInIndex = 1; lastKnownFileType = sourcecode.swift; name = ViewSnapshotTests.swift; path = Tests/TenXAppTests/ViewSnapshotTests.swift; sourceTree = "<group>"; };
		2B632DC181C4DE83989E52A60EE2F37D /* ProviderUsagePresentationTests.swift */ = {isa = PBXFileReference; includeInIndex = 1; lastKnownFileType = sourcecode.swift; name = ProviderUsagePresentationTests.swift; path = Tests/TenXAppTests/ProviderUsagePresentationTests.swift; sourceTree = "<group>"; };
		2DAD8104980A851F6DDC39A66422617A /* RailPresentationTests.swift */ = {isa = PBXFileReference; includeInIndex = 1; lastKnownFileType = sourcecode.swift; name = RailPresentationTests.swift; path = Tests/TenXAppTests/RailPresentationTests.swift; sourceTree = "<group>"; };
		308154A13C9C865DC6E0BD4AAF6D36C1 /* AppIcon.icon */ = {isa = PBXFileReference; includeInIndex = 1; lastKnownFileType = folder.iconcomposer.icon; name = AppIcon.icon; path = App/Resources/AppIcon.icon; sourceTree = "<group>"; };
		326D2F1ED015C63F653705A3A8C030BF /* SessionSearchServiceTests.swift */ = {isa = PBXFileReference; includeInIndex = 1; lastKnownFileType = sourcecode.swift; name = SessionSearchServiceTests.swift; path = Tests/TenXAppTests/SessionSearchServiceTests.swift; sourceTree = "<group>"; };
		3322CDA9E69A53FC659593BAD1DAF93B /* SettingsCategory.swift */ = {isa = PBXFileReference; includeInIndex = 1; lastKnownFileType = sourcecode.swift; name = SettingsCategory.swift; path = App/Settings/SettingsCategory.swift; sourceTree = "<group>"; };
		34BBE8F4311A4B72793E42E684BA85EC /* CodeBlockView.swift */ = {isa = PBXFileReference; includeInIndex = 1; lastKnownFileType = sourcecode.swift; name = CodeBlockView.swift; path = App/Sessions/CodeBlockView.swift; sourceTree = "<group>"; };
		35B9724C31B5164E930E4F217BDB3EB3 /* ExtensionInputSheet.swift */ = {isa = PBXFileReference; includeInIndex = 1; lastKnownFileType = sourcecode.swift; name = ExtensionInputSheet.swift; path = App/ExtensionUI/ExtensionInputSheet.swift; sourceTree = "<group>"; };
		388278760FE80C596AC395AE5339A08E /* ToolCardRegistry.swift */ = {isa = PBXFileReference; includeInIndex = 1; lastKnownFileType = sourcecode.swift; name = ToolCardRegistry.swift; path = App/Tools/ToolCardRegistry.swift; sourceTree = "<group>"; };
		3A4F081CF1B8FD8B504025200AD77A7D /* ToolDisclosureStateTests.swift */ = {isa = PBXFileReference; includeInIndex = 1; lastKnownFileType = sourcecode.swift; name = ToolDisclosureStateTests.swift; path = Tests/TenXAppTests/ToolDisclosureStateTests.swift; sourceTree = "<group>"; };
		3BC8179CDADDE6FCDE948949BD3702A3 /* EditToolCardView.swift */ = {isa = PBXFileReference; includeInIndex = 1; lastKnownFileType = sourcecode.swift; name = EditToolCardView.swift; path = App/Tools/EditToolCardView.swift; sourceTree = "<group>"; };
		3C52CC39016193A1F8AC231D9EF038D3 /* SubagentPresentation.swift */ = {isa = PBXFileReference; includeInIndex = 1; lastKnownFileType = sourcecode.swift; name = SubagentPresentation.swift; path = App/Sessions/SubagentPresentation.swift; sourceTree = "<group>"; };
		3EB4B1C60285220A0DDBB6AA96AE0003 /* ComputerUseStateTests.swift */ = {isa = PBXFileReference; includeInIndex = 1; lastKnownFileType = sourcecode.swift; name = ComputerUseStateTests.swift; path = Tests/TenXAppTests/ComputerUseStateTests.swift; sourceTree = "<group>"; };
		422580D9B0DEFD9CC96CE1FF9F76AC52 /* SettingsView.swift */ = {isa = PBXFileReference; includeInIndex = 1; lastKnownFileType = sourcecode.swift; name = SettingsView.swift; path = App/Settings/SettingsView.swift; sourceTree = "<group>"; };
		4441236FA48518A18C7883F5DAC88951 /* SetupView.swift */ = {isa = PBXFileReference; includeInIndex = 1; lastKnownFileType = sourcecode.swift; name = SetupView.swift; path = App/Setup/SetupView.swift; sourceTree = "<group>"; };
		44BFD21FE4884CE3E9C3F7023E9D1805 /* OmpInstallation.swift */ = {isa = PBXFileReference; includeInIndex = 1; lastKnownFileType = sourcecode.swift; name = OmpInstallation.swift; path = App/Setup/OmpInstallation.swift; sourceTree = "<group>"; };
		46225740E9A708E06B1A82730749B562 /* SettingsCatalog.swift */ = {isa = PBXFileReference; includeInIndex = 1; lastKnownFileType = sourcecode.swift; name = SettingsCatalog.swift; path = App/Settings/SettingsCatalog.swift; sourceTree = "<group>"; };
		470397EF86842FB0977B5E0C11E9C36C /* AppDependencies.swift */ = {isa = PBXFileReference; includeInIndex = 1; lastKnownFileType = sourcecode.swift; name = AppDependencies.swift; path = App/Application/AppDependencies.swift; sourceTree = "<group>"; };
		4A3E7D2644FB980DF9322509771251BE /* BashToolCardView.swift */ = {isa = PBXFileReference; includeInIndex = 1; lastKnownFileType = sourcecode.swift; name = BashToolCardView.swift; path = App/Tools/BashToolCardView.swift; sourceTree = "<group>"; };
		4B450A2C99589771E797F0C718A8F984 /* ReferenceImages */ = {isa = PBXFileReference; includeInIndex = 1; lastKnownFileType = folder; name = ReferenceImages; path = Tests/TenXAppTests/ReferenceImages; sourceTree = "<group>"; };
		4BB44ABC9CF969CB53B989CE971A0D26 /* DesignSystemTests.swift */ = {isa = PBXFileReference; includeInIndex = 1; lastKnownFileType = sourcecode.swift; name = DesignSystemTests.swift; path = Tests/TenXAppTests/DesignSystemTests.swift; sourceTree = "<group>"; };
		4EEB54F2D0CAA73A32F0266C6B615F88 /* FlowLayout.swift */ = {isa = PBXFileReference; includeInIndex = 1; lastKnownFileType = sourcecode.swift; name = FlowLayout.swift; path = App/Design/FlowLayout.swift; sourceTree = "<group>"; };
		5023877D17752E936F098D6AC779CC1B /* SearchResult.swift */ = {isa = PBXFileReference; includeInIndex = 1; lastKnownFileType = sourcecode.swift; name = SearchResult.swift; path = App/Search/SearchResult.swift; sourceTree = "<group>"; };
		53302714495AFC9540944E005A1F002B /* TranscriptReferenceTests.swift */ = {isa = PBXFileReference; includeInIndex = 1; lastKnownFileType = sourcecode.swift; name = TranscriptReferenceTests.swift; path = Tests/TenXAppTests/TranscriptReferenceTests.swift; sourceTree = "<group>"; };
		567928D8D72BD12052FFEDA02D3A2AD1 /* TenXApp.swift */ = {isa = PBXFileReference; includeInIndex = 1; lastKnownFileType = sourcecode.swift; name = TenXApp.swift; path = App/TenXApp.swift; sourceTree = "<group>"; };
		5B8DEE0E5A0EFD63570502C7FA690828 /* AppRouteTests.swift */ = {isa = PBXFileReference; includeInIndex = 1; lastKnownFileType = sourcecode.swift; name = AppRouteTests.swift; path = Tests/TenXAppTests/AppRouteTests.swift; sourceTree = "<group>"; };
		5BB387F80C203936E84874962631529E /* GhostActionStyle.swift */ = {isa = PBXFileReference; includeInIndex = 1; lastKnownFileType = sourcecode.swift; name = GhostActionStyle.swift; path = App/Design/GhostActionStyle.swift; sourceTree = "<group>"; };
		5C3ADCA39E041D623857D95D82F8D5AA /* ToolCardScaffold.swift */ = {isa = PBXFileReference; includeInIndex = 1; lastKnownFileType = sourcecode.swift; name = ToolCardScaffold.swift; path = App/Tools/ToolCardScaffold.swift; sourceTree = "<group>"; };
		5C908C1B1B398E2E7CCB9091F5A417B3 /* SubagentEventReducer.swift */ = {isa = PBXFileReference; includeInIndex = 1; lastKnownFileType = sourcecode.swift; name = SubagentEventReducer.swift; path = App/Sessions/SubagentEventReducer.swift; sourceTree = "<group>"; };
		5E5DC749D8006FE9CC57868667368CC6 /* TranscriptHistoryMapper.swift */ = {isa = PBXFileReference; includeInIndex = 1; lastKnownFileType = sourcecode.swift; name = TranscriptHistoryMapper.swift; path = App/Sessions/TranscriptHistoryMapper.swift; sourceTree = "<group>"; };
		5E723D5F98CED4B92D42A28DC55A0D2B /* AgentDesktopCommandRunner.swift */ = {isa = PBXFileReference; includeInIndex = 1; lastKnownFileType = sourcecode.swift; name = AgentDesktopCommandRunner.swift; path = App/ComputerUse/AgentDesktopCommandRunner.swift; sourceTree = "<group>"; };
		5F8D5AD5C4A2F8B52EA148AC30D5D7AD /* ProjectSessionGrouper.swift */ = {isa = PBXFileReference; includeInIndex = 1; lastKnownFileType = sourcecode.swift; name = ProjectSessionGrouper.swift; path = App/Shell/ProjectSessionGrouper.swift; sourceTree = "<group>"; };
		6091E7BF2315923DAB301AAB9A75B978 /* SettingDefinition.swift */ = {isa = PBXFileReference; includeInIndex = 1; lastKnownFileType = sourcecode.swift; name = SettingDefinition.swift; path = App/Settings/SettingDefinition.swift; sourceTree = "<group>"; };
		639C34B11CB2FF3E25CEAADAA60D2169 /* AgentDesktopProbeWindow.swift */ = {isa = PBXFileReference; includeInIndex = 1; lastKnownFileType = sourcecode.swift; name = AgentDesktopProbeWindow.swift; path = App/ComputerUse/AgentDesktopProbeWindow.swift; sourceTree = "<group>"; };
		64BF1F6535CA0CF86C1CABE6BB52084A /* TranscriptView.swift */ = {isa = PBXFileReference; includeInIndex = 1; lastKnownFileType = sourcecode.swift; name = TranscriptView.swift; path = App/Sessions/TranscriptView.swift; sourceTree = "<group>"; };
		6571D41EED37BD8CE18958137A0FAD44 /* ToolDisclosureState.swift */ = {isa = PBXFileReference; includeInIndex = 1; lastKnownFileType = sourcecode.swift; name = ToolDisclosureState.swift; path = App/Tools/ToolDisclosureState.swift; sourceTree = "<group>"; };
		68BD5B622C90B2E0A6BCB5CA3BAD104E /* TranscriptReferenceView.swift */ = {isa = PBXFileReference; includeInIndex = 1; lastKnownFileType = sourcecode.swift; name = TranscriptReferenceView.swift; path = App/Sessions/TranscriptReferenceView.swift; sourceTree = "<group>"; };
		694E5513F61E6115279F20D48B9D738B /* TenXTypography.swift */ = {isa = PBXFileReference; includeInIndex = 1; lastKnownFileType = sourcecode.swift; name = TenXTypography.swift; path = App/Design/TenXTypography.swift; sourceTree = "<group>"; };
		6ABEE6C2E0301CEB909D62A1B0673163 /* BrandWordmark.swift */ = {isa = PBXFileReference; includeInIndex = 1; lastKnownFileType = sourcecode.swift; name = BrandWordmark.swift; path = App/Design/BrandWordmark.swift; sourceTree = "<group>"; };
		6E7047DF9E2F97D23EC9380B3C6F4A95 /* AgentDesktopProviderTests.swift */ = {isa = PBXFileReference; includeInIndex = 1; lastKnownFileType = sourcecode.swift; name = AgentDesktopProviderTests.swift; path = Tests/TenXAppTests/AgentDesktopProviderTests.swift; sourceTree = "<group>"; };
		6EFBEF1F1F3E9FC962BA6D60195AFC6F /* AgentDesktopCommandRunnerTests.swift */ = {isa = PBXFileReference; includeInIndex = 1; lastKnownFileType = sourcecode.swift; name = AgentDesktopCommandRunnerTests.swift; path = Tests/TenXAppTests/AgentDesktopCommandRunnerTests.swift; sourceTree = "<group>"; };
		6F44F55528598CC45AFC54F414CFC0FE /* OmpConfigRunning.swift */ = {isa = PBXFileReference; includeInIndex = 1; lastKnownFileType = sourcecode.swift; name = OmpConfigRunning.swift; path = App/Settings/OmpConfigRunning.swift; sourceTree = "<group>"; };
		74D90D20D7FC5CED810C35AF0B75D712 /* Cocoa.framework */ = {isa = PBXFileReference; lastKnownFileType = wrapper.framework; name = Cocoa.framework; path = Platforms/MacOSX.platform/Developer/SDKs/MacOSX15.0.sdk/System/Library/Frameworks/Cocoa.framework; sourceTree = DEVELOPER_DIR; };
		781CB65C6AAFEB3A9D08B1C9A147FF9A /* OmpConfigServiceTests.swift */ = {isa = PBXFileReference; includeInIndex = 1; lastKnownFileType = sourcecode.swift; name = OmpConfigServiceTests.swift; path = Tests/TenXAppTests/OmpConfigServiceTests.swift; sourceTree = "<group>"; };
		792999D7A6A80E4FDC78179C906BE08C /* SettingsViewModel.swift */ = {isa = PBXFileReference; includeInIndex = 1; lastKnownFileType = sourcecode.swift; name = SettingsViewModel.swift; path = App/Settings/SettingsViewModel.swift; sourceTree = "<group>"; };
		79C62A93F5CAA53E3AFFDD581928E3F7 /* TranscriptMessage.swift */ = {isa = PBXFileReference; includeInIndex = 1; lastKnownFileType = sourcecode.swift; name = TranscriptMessage.swift; path = App/Sessions/TranscriptMessage.swift; sourceTree = "<group>"; };
		7BBAEB13F6FFF465CD5E8E97010C8BC5 /* MessageBubbleViewTests.swift */ = {isa = PBXFileReference; includeInIndex = 1; lastKnownFileType = sourcecode.swift; name = MessageBubbleViewTests.swift; path = Tests/TenXAppTests/MessageBubbleViewTests.swift; sourceTree = "<group>"; };
		8174305F9EFB01D676861116ED019D67 /* ProjectSessionGroup.swift */ = {isa = PBXFileReference; includeInIndex = 1; lastKnownFileType = sourcecode.swift; name = ProjectSessionGroup.swift; path = App/Shell/ProjectSessionGroup.swift; sourceTree = "<group>"; };
		865CD123C9A6C94F790A20EC30DCECC7 /* SearchModalModel.swift */ = {isa = PBXFileReference; includeInIndex = 1; lastKnownFileType = sourcecode.swift; name = SearchModalModel.swift; path = App/Search/SearchModalModel.swift; sourceTree = "<group>"; };
		88459623B31F0AE1E1E7D794FFF9DB6C /* ComposerView.swift */ = {isa = PBXFileReference; includeInIndex = 1; lastKnownFileType = sourcecode.swift; name = ComposerView.swift; path = App/Sessions/ComposerView.swift; sourceTree = "<group>"; };
		8935BA601A2D20A0CBF630CADE344660 /* ExtensionUIState.swift */ = {isa = PBXFileReference; includeInIndex = 1; lastKnownFileType = sourcecode.swift; name = ExtensionUIState.swift; path = App/ExtensionUI/ExtensionUIState.swift; sourceTree = "<group>"; };
		896AF8B6835EEFE8C47870034505AF5F /* ExtensionUIRouterTests.swift */ = {isa = PBXFileReference; includeInIndex = 1; lastKnownFileType = sourcecode.swift; name = ExtensionUIRouterTests.swift; path = Tests/TenXAppTests/ExtensionUIRouterTests.swift; sourceTree = "<group>"; };
		8B7FEBF5330C44CE08AE28400A32E506 /* 10x-wordmark.svg */ = {isa = PBXFileReference; includeInIndex = 1; name = "10x-wordmark.svg"; path = "App/Resources/10x-wordmark.svg"; sourceTree = "<group>"; };
		8D48A4B97F2B01B28DB469F5A87FC00D /* 10x.app */ = {isa = PBXFileReference; explicitFileType = wrapper.application; includeInIndex = 0; path = 10x.app; sourceTree = BUILT_PRODUCTS_DIR; };
		8DD3E4D685192E6A953C879C3B81DC8C /* SessionTimelineLoader.swift */ = {isa = PBXFileReference; includeInIndex = 1; lastKnownFileType = sourcecode.swift; name = SessionTimelineLoader.swift; path = App/Sessions/SessionTimelineLoader.swift; sourceTree = "<group>"; };
		90D7F9E8B1BAFB1357911B8606107942 /* SessionHeaderMetadata.swift */ = {isa = PBXFileReference; includeInIndex = 1; lastKnownFileType = sourcecode.swift; name = SessionHeaderMetadata.swift; path = App/Sessions/SessionHeaderMetadata.swift; sourceTree = "<group>"; };
		9485FED0367D38AFB95DAFC567B9AEDA /* AgentDesktopCoordinator.swift */ = {isa = PBXFileReference; includeInIndex = 1; lastKnownFileType = sourcecode.swift; name = AgentDesktopCoordinator.swift; path = App/ComputerUse/AgentDesktopCoordinator.swift; sourceTree = "<group>"; };
		94C2993C8AF669DF95EFA06F7CEFCA60 /* ComputerUseLease.swift */ = {isa = PBXFileReference; includeInIndex = 1; lastKnownFileType = sourcecode.swift; name = ComputerUseLease.swift; path = App/ComputerUse/ComputerUseLease.swift; sourceTree = "<group>"; };
		9902F0CB81B8DE271ED510384DA67001 /* AgentDesktopCoordinatorTests.swift */ = {isa = PBXFileReference; includeInIndex = 1; lastKnownFileType = sourcecode.swift; name = AgentDesktopCoordinatorTests.swift; path = Tests/TenXAppTests/AgentDesktopCoordinatorTests.swift; sourceTree = "<group>"; };
		9B0CD2D917BF78AD9F1A7D33050510D2 /* Hammerspoon */ = {isa = PBXFileReference; includeInIndex = 1; lastKnownFileType = folder; name = Hammerspoon; path = App/Resources/Hammerspoon; sourceTree = "<group>"; };
		9B9506775218A4364F810A8D3EFC456A /* SessionControllerTests.swift */ = {isa = PBXFileReference; includeInIndex = 1; lastKnownFileType = sourcecode.swift; name = SessionControllerTests.swift; path = Tests/TenXAppTests/SessionControllerTests.swift; sourceTree = "<group>"; };
		9E8EA1EC3A5AFF371504F89379E92BF0 /* TenXPalette.swift */ = {isa = PBXFileReference; includeInIndex = 1; lastKnownFileType = sourcecode.swift; name = TenXPalette.swift; path = App/Design/TenXPalette.swift; sourceTree = "<group>"; };
		9FCD7551C479FD3A0F0A223A09A946CB /* OmpExecutableLocator.swift */ = {isa = PBXFileReference; includeInIndex = 1; lastKnownFileType = sourcecode.swift; name = OmpExecutableLocator.swift; path = App/Setup/OmpExecutableLocator.swift; sourceTree = "<group>"; };
		A0B79F33CA0DE4088923843D6B29D7D7 /* RailAccessibility.swift */ = {isa = PBXFileReference; includeInIndex = 1; lastKnownFileType = sourcecode.swift; name = RailAccessibility.swift; path = App/Shell/RailAccessibility.swift; sourceTree = "<group>"; };
		A3C853E9E895E1832AF18BA6215DC1AB /* SessionSearchService.swift */ = {isa = PBXFileReference; includeInIndex = 1; lastKnownFileType = sourcecode.swift; name = SessionSearchService.swift; path = App/Search/SessionSearchService.swift; sourceTree = "<group>"; };
		A93330E1E7E664E67761127C9A1412AC /* ActiveSessionView.swift */ = {isa = PBXFileReference; includeInIndex = 1; lastKnownFileType = sourcecode.swift; name = ActiveSessionView.swift; path = App/Sessions/ActiveSessionView.swift; sourceTree = "<group>"; };
		A96B10FBF1E6542EED47E22234211343 /* DiffView.swift */ = {isa = PBXFileReference; includeInIndex = 1; lastKnownFileType = sourcecode.swift; name = DiffView.swift; path = App/Tools/DiffView.swift; sourceTree = "<group>"; };
		ACD5D8DEDA00304DCBDBA36ECFC3DE09 /* TranscriptReducer.swift */ = {isa = PBXFileReference; includeInIndex = 1; lastKnownFileType = sourcecode.swift; name = TranscriptReducer.swift; path = App/Sessions/TranscriptReducer.swift; sourceTree = "<group>"; };
		ACE7A54F97D902AF00E7ED18CA8A50DE /* UnifiedDiff.swift */ = {isa = PBXFileReference; includeInIndex = 1; lastKnownFileType = sourcecode.swift; name = UnifiedDiff.swift; path = App/Tools/UnifiedDiff.swift; sourceTree = "<group>"; };
		AEF7FE5F571B1F91B1BDA4F700BC9E9E /* ToolPresentation.swift */ = {isa = PBXFileReference; includeInIndex = 1; lastKnownFileType = sourcecode.swift; name = ToolPresentation.swift; path = App/Tools/ToolPresentation.swift; sourceTree = "<group>"; };
		B743EB8FE63DAC78CD1CA3D20EF7D04E /* SessionHeaderView.swift */ = {isa = PBXFileReference; includeInIndex = 1; lastKnownFileType = sourcecode.swift; name = SessionHeaderView.swift; path = App/Sessions/SessionHeaderView.swift; sourceTree = "<group>"; };
		BC72422A8918C20027AA364613D3D80C /* ComputerUseRegistry.swift */ = {isa = PBXFileReference; includeInIndex = 1; lastKnownFileType = sourcecode.swift; name = ComputerUseRegistry.swift; path = App/ComputerUse/ComputerUseRegistry.swift; sourceTree = "<group>"; };
		BD355011A99BE0C4A29005962F88A966 /* UnifiedDiffParserTests.swift */ = {isa = PBXFileReference; includeInIndex = 1; lastKnownFileType = sourcecode.swift; name = UnifiedDiffParserTests.swift; path = Tests/TenXAppTests/UnifiedDiffParserTests.swift; sourceTree = "<group>"; };
		BDFC485298E427D52B9838C9701D4B8E /* SearchModalView.swift */ = {isa = PBXFileReference; includeInIndex = 1; lastKnownFileType = sourcecode.swift; name = SearchModalView.swift; path = App/Search/SearchModalView.swift; sourceTree = "<group>"; };
		BF8477C3DA1D2DAD2A2A65BE25737ADE /* HammerspoonProvider.swift */ = {isa = PBXFileReference; includeInIndex = 1; lastKnownFileType = sourcecode.swift; name = HammerspoonProvider.swift; path = App/ComputerUse/HammerspoonProvider.swift; sourceTree = "<group>"; };
		C0DD89AD8ADFDE783F9A0FB802AA2D0E /* SessionTimelineLoaderTests.swift */ = {isa = PBXFileReference; includeInIndex = 1; lastKnownFileType = sourcecode.swift; name = SessionTimelineLoaderTests.swift; path = Tests/TenXAppTests/SessionTimelineLoaderTests.swift; sourceTree = "<group>"; };
		C19C8DDB22B2D624D5F69270ECC5E9A9 /* ComputerUseLeaseTests.swift */ = {isa = PBXFileReference; includeInIndex = 1; lastKnownFileType = sourcecode.swift; name = ComputerUseLeaseTests.swift; path = Tests/TenXAppTests/ComputerUseLeaseTests.swift; sourceTree = "<group>"; };
		C32CB75204C982A077756613352C5785 /* MessageBubbleView.swift */ = {isa = PBXFileReference; includeInIndex = 1; lastKnownFileType = sourcecode.swift; name = MessageBubbleView.swift; path = App/Sessions/MessageBubbleView.swift; sourceTree = "<group>"; };
		C485EE8F84BC5AB5D84D64E04C43BCEA /* NewSessionView.swift */ = {isa = PBXFileReference; includeInIndex = 1; lastKnownFileType = sourcecode.swift; name = NewSessionView.swift; path = App/Sessions/NewSessionView.swift; sourceTree = "<group>"; };
		C7DF74B2138A4C902EB61F6717999AAE /* Fonts */ = {isa = PBXFileReference; includeInIndex = 1; lastKnownFileType = folder; name = Fonts; path = App/Resources/Fonts; sourceTree = "<group>"; };
		C957F6824EB039DDB0B5D34E59E8C85F /* RailExpansionModel.swift */ = {isa = PBXFileReference; includeInIndex = 1; lastKnownFileType = sourcecode.swift; name = RailExpansionModel.swift; path = App/Shell/RailExpansionModel.swift; sourceTree = "<group>"; };
		CB6569DB5757DB884D1A96F59B842742 /* RailExpansionModelTests.swift */ = {isa = PBXFileReference; includeInIndex = 1; lastKnownFileType = sourcecode.swift; name = RailExpansionModelTests.swift; path = Tests/TenXAppTests/RailExpansionModelTests.swift; sourceTree = "<group>"; };
		CDCF83CC45ACE81FA0132E1B129C0EF6 /* AppModelNavigationTests.swift */ = {isa = PBXFileReference; includeInIndex = 1; lastKnownFileType = sourcecode.swift; name = AppModelNavigationTests.swift; path = Tests/TenXAppTests/AppModelNavigationTests.swift; sourceTree = "<group>"; };
		CE225DEFCE32638B5D3767CAA3840B96 /* TranscriptReference.swift */ = {isa = PBXFileReference; includeInIndex = 1; lastKnownFileType = sourcecode.swift; name = TranscriptReference.swift; path = App/Sessions/TranscriptReference.swift; sourceTree = "<group>"; };
		CE4E60F300AD7EC16D86A55F5B028AF8 /* ReadToolCardView.swift */ = {isa = PBXFileReference; includeInIndex = 1; lastKnownFileType = sourcecode.swift; name = ReadToolCardView.swift; path = App/Tools/ReadToolCardView.swift; sourceTree = "<group>"; };
		CFE709699C932DD8C174F679EF5B903C /* ToolEventReducerTests.swift */ = {isa = PBXFileReference; includeInIndex = 1; lastKnownFileType = sourcecode.swift; name = ToolEventReducerTests.swift; path = Tests/TenXAppTests/ToolEventReducerTests.swift; sourceTree = "<group>"; };
		D4199086DF8326F92F35525BB2B4E7D5 /* RuntimeRecoveryView.swift */ = {isa = PBXFileReference; includeInIndex = 1; lastKnownFileType = sourcecode.swift; name = RuntimeRecoveryView.swift; path = App/Sessions/RuntimeRecoveryView.swift; sourceTree = "<group>"; };
		D5174C3AA4067C27927AD1ED893DA462 /* MessageContentParserTests.swift */ = {isa = PBXFileReference; includeInIndex = 1; lastKnownFileType = sourcecode.swift; name = MessageContentParserTests.swift; path = Tests/TenXAppTests/MessageContentParserTests.swift; sourceTree = "<group>"; };
		D5C8AB83B69A91A5EDA26F75FFF5FD82 /* AccessibilityLabelTests.swift */ = {isa = PBXFileReference; includeInIndex = 1; lastKnownFileType = sourcecode.swift; name = AccessibilityLabelTests.swift; path = Tests/TenXAppTests/AccessibilityLabelTests.swift; sourceTree = "<group>"; };
		D7121097233A8F57B363CB067BCF57AF /* SessionRuntimeState.swift */ = {isa = PBXFileReference; includeInIndex = 1; lastKnownFileType = sourcecode.swift; name = SessionRuntimeState.swift; path = App/Sessions/SessionRuntimeState.swift; sourceTree = "<group>"; };
		D77F672B040234A27373458AA5ADC5CF /* TenXAppTests.xctest */ = {isa = PBXFileReference; explicitFileType = wrapper.cfbundle; includeInIndex = 0; path = TenXAppTests.xctest; sourceTree = BUILT_PRODUCTS_DIR; };
		DB49F830A94ACB118892D53219822E2F /* ProjectSessionGrouperTests.swift */ = {isa = PBXFileReference; includeInIndex = 1; lastKnownFileType = sourcecode.swift; name = ProjectSessionGrouperTests.swift; path = Tests/TenXAppTests/ProjectSessionGrouperTests.swift; sourceTree = "<group>"; };
		DBC620F079220B7253B59DFE01D6670C /* WriteToolCardView.swift */ = {isa = PBXFileReference; includeInIndex = 1; lastKnownFileType = sourcecode.swift; name = WriteToolCardView.swift; path = App/Tools/WriteToolCardView.swift; sourceTree = "<group>"; };
		DF4043668B34FC384248500A5FB9963B /* CornerCard.swift */ = {isa = PBXFileReference; includeInIndex = 1; lastKnownFileType = sourcecode.swift; name = CornerCard.swift; path = App/Design/CornerCard.swift; sourceTree = "<group>"; };
		DF50859D7FF558CEE1D3587CE4F19FD6 /* AppShellView.swift */ = {isa = PBXFileReference; includeInIndex = 1; lastKnownFileType = sourcecode.swift; name = AppShellView.swift; path = App/Shell/AppShellView.swift; sourceTree = "<group>"; };
		DFB9FF7C95B56B15FBF2A054F773E8DA /* SettingControlView.swift */ = {isa = PBXFileReference; includeInIndex = 1; lastKnownFileType = sourcecode.swift; name = SettingControlView.swift; path = App/Settings/SettingControlView.swift; sourceTree = "<group>"; };
		DFE4B636AF47C77F840B5426F5307091 /* SessionHeaderMetadataTests.swift */ = {isa = PBXFileReference; includeInIndex = 1; lastKnownFileType = sourcecode.swift; name = SessionHeaderMetadataTests.swift; path = Tests/TenXAppTests/SessionHeaderMetadataTests.swift; sourceTree = "<group>"; };
		E3C0435AB30699D3FF02DDB1368D7CC1 /* AppModel.swift */ = {isa = PBXFileReference; includeInIndex = 1; lastKnownFileType = sourcecode.swift; name = AppModel.swift; path = App/Application/AppModel.swift; sourceTree = "<group>"; };
		E481C1C8C786A2386363662524CF94DE /* GenericToolCardView.swift */ = {isa = PBXFileReference; includeInIndex = 1; lastKnownFileType = sourcecode.swift; name = GenericToolCardView.swift; path = App/Tools/GenericToolCardView.swift; sourceTree = "<group>"; };
		E4BA0DC623D673AB2E750C20C971461C /* ProviderUsageLedgerView.swift */ = {isa = PBXFileReference; includeInIndex = 1; lastKnownFileType = sourcecode.swift; name = ProviderUsageLedgerView.swift; path = App/Shell/ProviderUsageLedgerView.swift; sourceTree = "<group>"; };
		E6AE6C5D52834A254E37B8CB6C1A7710 /* TranscriptReducerTests.swift */ = {isa = PBXFileReference; includeInIndex = 1; lastKnownFileType = sourcecode.swift; name = TranscriptReducerTests.swift; path = Tests/TenXAppTests/TranscriptReducerTests.swift; sourceTree = "<group>"; };
		E6DED7EA31C60EBEA8690D472FB443EC /* FloatingRailView.swift */ = {isa = PBXFileReference; includeInIndex = 1; lastKnownFileType = sourcecode.swift; name = FloatingRailView.swift; path = App/Shell/FloatingRailView.swift; sourceTree = "<group>"; };
		E7A617D47ABA503C1F9D269A1F4E8578 /* ToolEventReducer.swift */ = {isa = PBXFileReference; includeInIndex = 1; lastKnownFileType = sourcecode.swift; name = ToolEventReducer.swift; path = App/Tools/ToolEventReducer.swift; sourceTree = "<group>"; };
		E9AFB820A7E073396D799538CF147988 /* SubagentEventReducerTests.swift */ = {isa = PBXFileReference; includeInIndex = 1; lastKnownFileType = sourcecode.swift; name = SubagentEventReducerTests.swift; path = Tests/TenXAppTests/SubagentEventReducerTests.swift; sourceTree = "<group>"; };
		ED43F561B18A88AB784F38A4CA1D6F5F /* ToolContentExtractor.swift */ = {isa = PBXFileReference; includeInIndex = 1; lastKnownFileType = sourcecode.swift; name = ToolContentExtractor.swift; path = App/Tools/ToolContentExtractor.swift; sourceTree = "<group>"; };
		F067C385C62F25F96ECA8476F423216B /* RailPresentation.swift */ = {isa = PBXFileReference; includeInIndex = 1; lastKnownFileType = sourcecode.swift; name = RailPresentation.swift; path = App/Shell/RailPresentation.swift; sourceTree = "<group>"; };
		F18FFF1563DE44E5CD63A5A74A6FB34E /* AppRoute.swift */ = {isa = PBXFileReference; includeInIndex = 1; lastKnownFileType = sourcecode.swift; name = AppRoute.swift; path = App/Application/AppRoute.swift; sourceTree = "<group>"; };
		F198B789C8EDAB283A7FAAD1F301DECE /* TranscriptItem.swift */ = {isa = PBXFileReference; includeInIndex = 1; lastKnownFileType = sourcecode.swift; name = TranscriptItem.swift; path = App/Sessions/TranscriptItem.swift; sourceTree = "<group>"; };
		F20A12A547B944D5C85E0E1D1EEDFA7C /* MessageBlockView.swift */ = {isa = PBXFileReference; includeInIndex = 1; lastKnownFileType = sourcecode.swift; name = MessageBlockView.swift; path = App/Sessions/MessageBlockView.swift; sourceTree = "<group>"; };
		F2DDC88D366308B2421280DC0E05741C /* ResponseMetadataView.swift */ = {isa = PBXFileReference; includeInIndex = 1; lastKnownFileType = sourcecode.swift; name = ResponseMetadataView.swift; path = App/Sessions/ResponseMetadataView.swift; sourceTree = "<group>"; };
		F6849EEAA67DF17DC3010D89D32EE4EC /* UnifiedDiffParser.swift */ = {isa = PBXFileReference; includeInIndex = 1; lastKnownFileType = sourcecode.swift; name = UnifiedDiffParser.swift; path = App/Tools/UnifiedDiffParser.swift; sourceTree = "<group>"; };
		F728CADF1E422B5C9864D5FEA6E46EE3 /* ApprovalCardView.swift */ = {isa = PBXFileReference; includeInIndex = 1; lastKnownFileType = sourcecode.swift; name = ApprovalCardView.swift; path = App/ExtensionUI/ApprovalCardView.swift; sourceTree = "<group>"; };
		F77F4AE716AA8CAE3BF22DAD67ABF631 /* TodoToolCardView.swift */ = {isa = PBXFileReference; includeInIndex = 1; lastKnownFileType = sourcecode.swift; name = TodoToolCardView.swift; path = App/Tools/TodoToolCardView.swift; sourceTree = "<group>"; };
		F981DE35607CFEEA74BBB1CEE0A436E5 /* ShellTopActionsView.swift */ = {isa = PBXFileReference; includeInIndex = 1; lastKnownFileType = sourcecode.swift; name = ShellTopActionsView.swift; path = App/Shell/ShellTopActionsView.swift; sourceTree = "<group>"; };
		FD73A9C2242820BE6A6879D50578385B /* SubagentCardView.swift */ = {isa = PBXFileReference; includeInIndex = 1; lastKnownFileType = sourcecode.swift; name = SubagentCardView.swift; path = App/Sessions/SubagentCardView.swift; sourceTree = "<group>"; };
/* End PBXFileReference section */

/* Begin PBXFrameworksBuildPhase section */
		7080AD0EC66E47517422D12915D4D71F /* Frameworks */ = {
			isa = PBXFrameworksBuildPhase;
			buildActionMask = 2147483647;
			files = (
				657FA7A9C19038868C20FC2FA78BB86A /* Cocoa.framework in Frameworks */,
				24A84F70D00CA0032A6A59AA02BD251D /* OmpKit in Frameworks */,
			);
			runOnlyForDeploymentPostprocessing = 0;
		};
		A918B72B4FA2E9FD1DAE201522C4E0E5 /* Frameworks */ = {
			isa = PBXFrameworksBuildPhase;
			buildActionMask = 2147483647;
			files = (
				4029194AFED9BE03BE2245224930CB10 /* Cocoa.framework in Frameworks */,
			);
			runOnlyForDeploymentPostprocessing = 0;
		};
/* End PBXFrameworksBuildPhase section */

/* Begin PBXGroup section */
		18FA47D715DA4C22D2FB4308F77116F0 /* Frameworks */ = {
			isa = PBXGroup;
			children = (
				EEB2E83E883A740B69C6F3EE47315201 /* OS X */,
			);
			name = Frameworks;
			sourceTree = "<group>";
		};
		1F39C2F35D3B388C7052A0C9B7DB33F4 = {
			isa = PBXGroup;
			children = (
				2238E88C56FF19D09B44CBB70CA1AE30 /* Products */,
				18FA47D715DA4C22D2FB4308F77116F0 /* Frameworks */,
				8A3809F2D52044CB587BBCFA4F44786D /* App */,
				F0125D4FA466951CEA824FFA05D9D09D /* Tests */,
			);
			sourceTree = "<group>";
		};
		2238E88C56FF19D09B44CBB70CA1AE30 /* Products */ = {
			isa = PBXGroup;
			children = (
				8D48A4B97F2B01B28DB469F5A87FC00D /* 10x.app */,
				D77F672B040234A27373458AA5ADC5CF /* TenXAppTests.xctest */,
			);
			name = Products;
			sourceTree = "<group>";
		};
		8A3809F2D52044CB587BBCFA4F44786D /* App */ = {
			isa = PBXGroup;
			children = (
				470397EF86842FB0977B5E0C11E9C36C /* AppDependencies.swift */,
				E3C0435AB30699D3FF02DDB1368D7CC1 /* AppModel.swift */,
				F18FFF1563DE44E5CD63A5A74A6FB34E /* AppRoute.swift */,
				1624584404DEE4151824E7EE4D0A8E80 /* AeroSpaceProvider.swift */,
				5E723D5F98CED4B92D42A28DC55A0D2B /* AgentDesktopCommandRunner.swift */,
				9485FED0367D38AFB95DAFC567B9AEDA /* AgentDesktopCoordinator.swift */,
				639C34B11CB2FF3E25CEAADAA60D2169 /* AgentDesktopProbeWindow.swift */,
				274B4DCD8E28FBE7CE5B4CCBDBAFEDC4 /* AgentDesktopProvider.swift */,
				005E6ABDA1B222C0F52DB317429195F4 /* BackgroundProvider.swift */,
				94C2993C8AF669DF95EFA06F7CEFCA60 /* ComputerUseLease.swift */,
				BC72422A8918C20027AA364613D3D80C /* ComputerUseRegistry.swift */,
				22C8ECD18A5055BE468D11E76907AC99 /* ComputerUseState.swift */,
				BF8477C3DA1D2DAD2A2A65BE25737ADE /* HammerspoonProvider.swift */,
				6ABEE6C2E0301CEB909D62A1B0673163 /* BrandWordmark.swift */,
				DF4043668B34FC384248500A5FB9963B /* CornerCard.swift */,
				4EEB54F2D0CAA73A32F0266C6B615F88 /* FlowLayout.swift */,
				5BB387F80C203936E84874962631529E /* GhostActionStyle.swift */,
				9E8EA1EC3A5AFF371504F89379E92BF0 /* TenXPalette.swift */,
				694E5513F61E6115279F20D48B9D738B /* TenXTypography.swift */,
				0A09996FCCE981FD9B4325EFD34D45D9 /* ApprovalAccessibility.swift */,
				F728CADF1E422B5C9864D5FEA6E46EE3 /* ApprovalCardView.swift */,
				35B9724C31B5164E930E4F217BDB3EB3 /* ExtensionInputSheet.swift */,
				16A8DB80E34FF28ADD3A93852DBE8CCB /* ExtensionUIRouter.swift */,
				8935BA601A2D20A0CBF630CADE344660 /* ExtensionUIState.swift */,
				865CD123C9A6C94F790A20EC30DCECC7 /* SearchModalModel.swift */,
				BDFC485298E427D52B9838C9701D4B8E /* SearchModalView.swift */,
				5023877D17752E936F098D6AC779CC1B /* SearchResult.swift */,
				A3C853E9E895E1832AF18BA6215DC1AB /* SessionSearchService.swift */,
				A93330E1E7E664E67761127C9A1412AC /* ActiveSessionView.swift */,
				34BBE8F4311A4B72793E42E684BA85EC /* CodeBlockView.swift */,
				88459623B31F0AE1E1E7D794FFF9DB6C /* ComposerView.swift */,
				F20A12A547B944D5C85E0E1D1EEDFA7C /* MessageBlockView.swift */,
				C32CB75204C982A077756613352C5785 /* MessageBubbleView.swift */,
				105DC260979E4F35C2C7C2F845B7A09C /* MessageContentParser.swift */,
				C485EE8F84BC5AB5D84D64E04C43BCEA /* NewSessionView.swift */,
				F2DDC88D366308B2421280DC0E05741C /* ResponseMetadataView.swift */,
				D4199086DF8326F92F35525BB2B4E7D5 /* RuntimeRecoveryView.swift */,
				009D0680484EB44E12D54263D6CCA3E6 /* SessionController.swift */,
				90D7F9E8B1BAFB1357911B8606107942 /* SessionHeaderMetadata.swift */,
				B743EB8FE63DAC78CD1CA3D20EF7D04E /* SessionHeaderView.swift */,
				D7121097233A8F57B363CB067BCF57AF /* SessionRuntimeState.swift */,
				8DD3E4D685192E6A953C879C3B81DC8C /* SessionTimelineLoader.swift */,
				FD73A9C2242820BE6A6879D50578385B /* SubagentCardView.swift */,
				5C908C1B1B398E2E7CCB9091F5A417B3 /* SubagentEventReducer.swift */,
				3C52CC39016193A1F8AC231D9EF038D3 /* SubagentPresentation.swift */,
				1EE8EE6FA6089CF4DCAC663A2226CECA /* TranscriptAnnotation.swift */,
				5E5DC749D8006FE9CC57868667368CC6 /* TranscriptHistoryMapper.swift */,
				F198B789C8EDAB283A7FAAD1F301DECE /* TranscriptItem.swift */,
				79C62A93F5CAA53E3AFFDD581928E3F7 /* TranscriptMessage.swift */,
				ACD5D8DEDA00304DCBDBA36ECFC3DE09 /* TranscriptReducer.swift */,
				CE225DEFCE32638B5D3767CAA3840B96 /* TranscriptReference.swift */,
				68BD5B622C90B2E0A6BCB5CA3BAD104E /* TranscriptReferenceView.swift */,
				64BF1F6535CA0CF86C1CABE6BB52084A /* TranscriptView.swift */,
				6F44F55528598CC45AFC54F414CFC0FE /* OmpConfigRunning.swift */,
				228FD7A218F374CD653BA21A6A505F3D /* OmpConfigService.swift */,
				DFB9FF7C95B56B15FBF2A054F773E8DA /* SettingControlView.swift */,
				6091E7BF2315923DAB301AAB9A75B978 /* SettingDefinition.swift */,
				08518F4CA7D24CAE123979152883FF99 /* SettingRowView.swift */,
				46225740E9A708E06B1A82730749B562 /* SettingsCatalog.swift */,
				3322CDA9E69A53FC659593BAD1DAF93B /* SettingsCategory.swift */,
				422580D9B0DEFD9CC96CE1FF9F76AC52 /* SettingsView.swift */,
				792999D7A6A80E4FDC78179C906BE08C /* SettingsViewModel.swift */,
				9FCD7551C479FD3A0F0A223A09A946CB /* OmpExecutableLocator.swift */,
				44BFD21FE4884CE3E9C3F7023E9D1805 /* OmpInstallation.swift */,
				4441236FA48518A18C7883F5DAC88951 /* SetupView.swift */,
				DF50859D7FF558CEE1D3587CE4F19FD6 /* AppShellView.swift */,
				E6DED7EA31C60EBEA8690D472FB443EC /* FloatingRailView.swift */,
				8174305F9EFB01D676861116ED019D67 /* ProjectSessionGroup.swift */,
				5F8D5AD5C4A2F8B52EA148AC30D5D7AD /* ProjectSessionGrouper.swift */,
				E4BA0DC623D673AB2E750C20C971461C /* ProviderUsageLedgerView.swift */,
				1C36C3A1FBEA4862052C01CEC7858618 /* ProviderUsagePresentation.swift */,
				A0B79F33CA0DE4088923843D6B29D7D7 /* RailAccessibility.swift */,
				C957F6824EB039DDB0B5D34E59E8C85F /* RailExpansionModel.swift */,
				F067C385C62F25F96ECA8476F423216B /* RailPresentation.swift */,
				F981DE35607CFEEA74BBB1CEE0A436E5 /* ShellTopActionsView.swift */,
				567928D8D72BD12052FFEDA02D3A2AD1 /* TenXApp.swift */,
				4A3E7D2644FB980DF9322509771251BE /* BashToolCardView.swift */,
				A96B10FBF1E6542EED47E22234211343 /* DiffView.swift */,
				3BC8179CDADDE6FCDE948949BD3702A3 /* EditToolCardView.swift */,
				E481C1C8C786A2386363662524CF94DE /* GenericToolCardView.swift */,
				CE4E60F300AD7EC16D86A55F5B028AF8 /* ReadToolCardView.swift */,
				26637361D0EC26AE5D212ABFDFF2AE66 /* SearchToolCardView.swift */,
				2468C5FB89424E6401A708A1210D621F /* TaskToolCardView.swift */,
				F77F4AE716AA8CAE3BF22DAD67ABF631 /* TodoToolCardView.swift */,
				388278760FE80C596AC395AE5339A08E /* ToolCardRegistry.swift */,
				5C3ADCA39E041D623857D95D82F8D5AA /* ToolCardScaffold.swift */,
				ED43F561B18A88AB784F38A4CA1D6F5F /* ToolContentExtractor.swift */,
				6571D41EED37BD8CE18958137A0FAD44 /* ToolDisclosureState.swift */,
				E7A617D47ABA503C1F9D269A1F4E8578 /* ToolEventReducer.swift */,
				AEF7FE5F571B1F91B1BDA4F700BC9E9E /* ToolPresentation.swift */,
				ACE7A54F97D902AF00E7ED18CA8A50DE /* UnifiedDiff.swift */,
				F6849EEAA67DF17DC3010D89D32EE4EC /* UnifiedDiffParser.swift */,
				07B4A4942424F3533BD03157732DE5A1 /* WebToolCardView.swift */,
				DBC620F079220B7253B59DFE01D6670C /* WriteToolCardView.swift */,
				8B7FEBF5330C44CE08AE28400A32E506 /* 10x-wordmark.svg */,
				308154A13C9C865DC6E0BD4AAF6D36C1 /* AppIcon.icon */,
				C7DF74B2138A4C902EB61F6717999AAE /* Fonts */,
				9B0CD2D917BF78AD9F1A7D33050510D2 /* Hammerspoon */,
			);
			name = App;
			sourceTree = "<group>";
		};
		EEB2E83E883A740B69C6F3EE47315201 /* OS X */ = {
			isa = PBXGroup;
			children = (
				74D90D20D7FC5CED810C35AF0B75D712 /* Cocoa.framework */,
			);
			name = "OS X";
			sourceTree = "<group>";
		};
		F0125D4FA466951CEA824FFA05D9D09D /* Tests */ = {
			isa = PBXGroup;
			children = (
				D5C8AB83B69A91A5EDA26F75FFF5FD82 /* AccessibilityLabelTests.swift */,
				6EFBEF1F1F3E9FC962BA6D60195AFC6F /* AgentDesktopCommandRunnerTests.swift */,
				9902F0CB81B8DE271ED510384DA67001 /* AgentDesktopCoordinatorTests.swift */,
				0B2C428977B228A3E8658A381506AB03 /* AgentDesktopProbeWindowTests.swift */,
				6E7047DF9E2F97D23EC9380B3C6F4A95 /* AgentDesktopProviderTests.swift */,
				CDCF83CC45ACE81FA0132E1B129C0EF6 /* AppModelNavigationTests.swift */,
				5B8DEE0E5A0EFD63570502C7FA690828 /* AppRouteTests.swift */,
				C19C8DDB22B2D624D5F69270ECC5E9A9 /* ComputerUseLeaseTests.swift */,
				03F05E6295BF6FC3FD5E90AF4607CFAC /* ComputerUseRegistryTests.swift */,
				3EB4B1C60285220A0DDBB6AA96AE0003 /* ComputerUseStateTests.swift */,
				4BB44ABC9CF969CB53B989CE971A0D26 /* DesignSystemTests.swift */,
				896AF8B6835EEFE8C47870034505AF5F /* ExtensionUIRouterTests.swift */,
				7BBAEB13F6FFF465CD5E8E97010C8BC5 /* MessageBubbleViewTests.swift */,
				D5174C3AA4067C27927AD1ED893DA462 /* MessageContentParserTests.swift */,
				781CB65C6AAFEB3A9D08B1C9A147FF9A /* OmpConfigServiceTests.swift */,
				0F975278A6A1035C30F0BD378ED9877A /* OmpExecutableLocatorTests.swift */,
				DB49F830A94ACB118892D53219822E2F /* ProjectSessionGrouperTests.swift */,
				2B632DC181C4DE83989E52A60EE2F37D /* ProviderUsagePresentationTests.swift */,
				CB6569DB5757DB884D1A96F59B842742 /* RailExpansionModelTests.swift */,
				2DAD8104980A851F6DDC39A66422617A /* RailPresentationTests.swift */,
				9B9506775218A4364F810A8D3EFC456A /* SessionControllerTests.swift */,
				DFE4B636AF47C77F840B5426F5307091 /* SessionHeaderMetadataTests.swift */,
				326D2F1ED015C63F653705A3A8C030BF /* SessionSearchServiceTests.swift */,
				C0DD89AD8ADFDE783F9A0FB802AA2D0E /* SessionTimelineLoaderTests.swift */,
				29D654A83FF0C0C719766C5066C395E3 /* SettingsCatalogTests.swift */,
				10804E0897F4DB64AA45D8C95A6878E8 /* SnapshotHarness.swift */,
				E9AFB820A7E073396D799538CF147988 /* SubagentEventReducerTests.swift */,
				0A4B522316670C21156B1674869EB218 /* ToolContentExtractorTests.swift */,
				3A4F081CF1B8FD8B504025200AD77A7D /* ToolDisclosureStateTests.swift */,
				CFE709699C932DD8C174F679EF5B903C /* ToolEventReducerTests.swift */,
				2381C215AFED3F66D0619174035119C5 /* TranscriptHistoryMapperTests.swift */,
				E6AE6C5D52834A254E37B8CB6C1A7710 /* TranscriptReducerTests.swift */,
				53302714495AFC9540944E005A1F002B /* TranscriptReferenceTests.swift */,
				BD355011A99BE0C4A29005962F88A966 /* UnifiedDiffParserTests.swift */,
				2A88C2C4F74AF062E1B69608ABF53AF8 /* ViewSnapshotTests.swift */,
				4B450A2C99589771E797F0C718A8F984 /* ReferenceImages */,
			);
			name = Tests;
			sourceTree = "<group>";
		};
/* End PBXGroup section */

/* Begin PBXNativeTarget section */
		472253A9F6B5BFA7A474CEA383369534 /* 10x */ = {
			isa = PBXNativeTarget;
			buildConfigurationList = 0C63250B83DB179A7FEF260C6D4B4128 /* Build configuration list for PBXNativeTarget "10x" */;
			buildPhases = (
				BBFFDA5389D42B018F5BD85BD0B6B6D9 /* Sources */,
				7080AD0EC66E47517422D12915D4D71F /* Frameworks */,
				4753F3A14815B90D08283BF99DF1DA25 /* Resources */,
			);
			buildRules = (
			);
			dependencies = (
			);
			name = 10x;
			packageProductDependencies = (
				ED0EA917CE736CE605E8DE5EC3A52C52 /* OmpKit */,
			);
			productName = 10x;
			productReference = 8D48A4B97F2B01B28DB469F5A87FC00D /* 10x.app */;
			productType = "com.apple.product-type.application";
		};
		AEA38F196E92D6F94CBFDFD5BD818EA3 /* TenXAppTests */ = {
			isa = PBXNativeTarget;
			buildConfigurationList = 36B87D8B5F811A5719939FADAE6AA38B /* Build configuration list for PBXNativeTarget "TenXAppTests" */;
			buildPhases = (
				FBDA9865052A388C3C0E89C5575A2D06 /* Sources */,
				A918B72B4FA2E9FD1DAE201522C4E0E5 /* Frameworks */,
				62250DF113D59E3106F22CD8D594AA47 /* Resources */,
			);
			buildRules = (
			);
			dependencies = (
				D4AC311B1DE3EA82606B7F7685E3A230 /* PBXTargetDependency */,
			);
			name = TenXAppTests;
			productName = TenXAppTests;
			productReference = D77F672B040234A27373458AA5ADC5CF /* TenXAppTests.xctest */;
			productType = "com.apple.product-type.bundle.unit-test";
		};
/* End PBXNativeTarget section */

/* Begin PBXProject section */
		E3CB0CD6737FF3A656901B502E2ED80B /* Project object */ = {
			isa = PBXProject;
			attributes = {
				LastSwiftUpdateCheck = 2660;
				LastUpgradeCheck = 1600;
			};
			buildConfigurationList = C59549B28C23B3CCE94D91949B7707FF /* Build configuration list for PBXProject "10x" */;
			compatibilityVersion = "Xcode 3.2";
			developmentRegion = en;
			hasScannedForEncodings = 0;
			knownRegions = (
				en,
				Base,
			);
			mainGroup = 1F39C2F35D3B388C7052A0C9B7DB33F4;
			minimizedProjectReferenceProxies = 0;
			packageReferences = (
				53B50D991A7C45A41F94EE59FD4C6D0B /* XCLocalSwiftPackageReference "OmpKit" */,
			);
			preferredProjectObjectVersion = 77;
			productRefGroup = 2238E88C56FF19D09B44CBB70CA1AE30 /* Products */;
			projectDirPath = "";
			projectRoot = "";
			targets = (
				472253A9F6B5BFA7A474CEA383369534 /* 10x */,
				AEA38F196E92D6F94CBFDFD5BD818EA3 /* TenXAppTests */,
			);
		};
/* End PBXProject section */

/* Begin PBXResourcesBuildPhase section */
		4753F3A14815B90D08283BF99DF1DA25 /* Resources */ = {
			isa = PBXResourcesBuildPhase;
			buildActionMask = 2147483647;
			files = (
				6F628690EB5471E8AE598E034E0AA5BE /* 10x-wordmark.svg in Resources */,
				D0BAD7F25214894D78D88AFD0C0FAA71 /* AppIcon.icon in Resources */,
				43286959FCEC288006EB53EF64526DCE /* Fonts in Resources */,
				D06A0433FB7166FA97BA261911795176 /* Hammerspoon in Resources */,
			);
			runOnlyForDeploymentPostprocessing = 0;
		};
		62250DF113D59E3106F22CD8D594AA47 /* Resources */ = {
			isa = PBXResourcesBuildPhase;
			buildActionMask = 2147483647;
			files = (
				DAB23B9D1696500BDA614446DE83A37C /* ReferenceImages in Resources */,
			);
			runOnlyForDeploymentPostprocessing = 0;
		};
/* End PBXResourcesBuildPhase section */

/* Begin PBXSourcesBuildPhase section */
		BBFFDA5389D42B018F5BD85BD0B6B6D9 /* Sources */ = {
			isa = PBXSourcesBuildPhase;
			buildActionMask = 2147483647;
			files = (
				B36C98B19AA6EA094153BD543C83D0E4 /* AppDependencies.swift in Sources */,
				9525EB5D7267D2C18BBB73E4AB947856 /* AppModel.swift in Sources */,
				26C75D5193FFF324F336725B64788DF1 /* AppRoute.swift in Sources */,
				6752756EB7F0D8E1987FBEFCD5F1333B /* AeroSpaceProvider.swift in Sources */,
				4EBEE5AA6DCE3790352CB22D398E34DE /* AgentDesktopCommandRunner.swift in Sources */,
				48113222CA9315B2F3C2919FA879C228 /* AgentDesktopCoordinator.swift in Sources */,
				30688C18BF5F43FFDD43E34C40B90980 /* AgentDesktopProbeWindow.swift in Sources */,
				6763F396692B90F035B9047D8A8C2C65 /* AgentDesktopProvider.swift in Sources */,
				D2FD27E0558B371F4CCD0618359DD015 /* BackgroundProvider.swift in Sources */,
				A3887DB2643E64E5879423BF907F0257 /* ComputerUseLease.swift in Sources */,
				922CF31E58CA5825FBE183860DA8A054 /* ComputerUseRegistry.swift in Sources */,
				15A648684F248D6B053D2E7A79AA6856 /* ComputerUseState.swift in Sources */,
				B5E14D276428EEED575E41C2B7E2D039 /* HammerspoonProvider.swift in Sources */,
				01179140988462FB701D50A3DE5566D5 /* BrandWordmark.swift in Sources */,
				123346D27CA111976799630F48F64317 /* CornerCard.swift in Sources */,
				A2F67A8A7D49315D5CDBA54595DE0A6F /* FlowLayout.swift in Sources */,
				C604AEB9A17BC9B027A46A81255E4EDF /* GhostActionStyle.swift in Sources */,
				AD10C0CA0B909F36AF625595D3D3223F /* TenXPalette.swift in Sources */,
				5FE9DF55078FC5BC083B466452226152 /* TenXTypography.swift in Sources */,
				2171F5CAC732AAD5725AA1F5B02A88AD /* ApprovalAccessibility.swift in Sources */,
				581850C918F4766AD5188A518111F936 /* ApprovalCardView.swift in Sources */,
				3BD200D601276BEA2240309AA729B20D /* ExtensionInputSheet.swift in Sources */,
				D1F7950A659D26F6603D6D0F4091617E /* ExtensionUIRouter.swift in Sources */,
				B935682F26C1837CFE7A7CC69200A6BB /* ExtensionUIState.swift in Sources */,
				BDA33813F05D2E3FA964F5BE3EA037A3 /* SearchModalModel.swift in Sources */,
				2A23FCDFF127CD17C3A2390983FC527B /* SearchModalView.swift in Sources */,
				9F9AE3147CE006B00EC85E46AB4086A6 /* SearchResult.swift in Sources */,
				2DCB6E95E36EBA4C06963AF05A59B7C7 /* SessionSearchService.swift in Sources */,
				7430EDF964EE7F3B3BB4287573C12C1B /* ActiveSessionView.swift in Sources */,
				61B829FC6FC8A3198CCC771A1D50D767 /* CodeBlockView.swift in Sources */,
				700D359DAF6A3EAEB42D34EABAA05E8D /* ComposerView.swift in Sources */,
				3B328E53926CD27FF1799A270B0E00BC /* MessageBlockView.swift in Sources */,
				53C9B65BE1A74AC87B44E705775C3AB4 /* MessageBubbleView.swift in Sources */,
				FC285865F4CB1762781B83206C91F740 /* MessageContentParser.swift in Sources */,
				5E30018588874F20E1CE70E533E11FAB /* NewSessionView.swift in Sources */,
				9CBA7EF2CFD6E530113C2AAE0A285AF2 /* ResponseMetadataView.swift in Sources */,
				9E09B9F3F40F73AC1E12BDE77C10973C /* RuntimeRecoveryView.swift in Sources */,
				E0669EFDF0F1F5738F6D1E34BE65450F /* SessionController.swift in Sources */,
				F717A87946164E58FF33472D8A3F8B27 /* SessionHeaderMetadata.swift in Sources */,
				BD667AE17822A3727B152F2C3EB7A5BB /* SessionHeaderView.swift in Sources */,
				A3285F7657C4CAA749D1055119F13D23 /* SessionRuntimeState.swift in Sources */,
				209C05154E02C9A75BE34B44AC57FF83 /* SessionTimelineLoader.swift in Sources */,
				BF923E791B6CCBFCA7E3ED6E87B9CA90 /* SubagentCardView.swift in Sources */,
				189BD7ABC21DCAF3503CA9CF70F2258B /* SubagentEventReducer.swift in Sources */,
				198206E7CCEEF458583A1C0E007395C9 /* SubagentPresentation.swift in Sources */,
				6CD203C4BAE255D5DA8AA662BD498D8A /* TranscriptAnnotation.swift in Sources */,
				32B8E9E34DEB6FFE7A415BDD4E94B847 /* TranscriptHistoryMapper.swift in Sources */,
				4319124831459F4B67A8D8F5152D4097 /* TranscriptItem.swift in Sources */,
				9FA7089C03258E9A1B58D11969030406 /* TranscriptMessage.swift in Sources */,
				EC797103908DC812F63D2A673DA684CA /* TranscriptReducer.swift in Sources */,
				9846D49DA8E73BB29B50BDE3CA8946A7 /* TranscriptReference.swift in Sources */,
				934FAF88999AB4C5122613885B02DE6D /* TranscriptReferenceView.swift in Sources */,
				A39D131AEC8156E4EB37CDCADBA2942E /* TranscriptView.swift in Sources */,
				194C0E5BE497AF894678E8A9DB31F45F /* OmpConfigRunning.swift in Sources */,
				398F5260F509C71253F4FCFD55F1AE3F /* OmpConfigService.swift in Sources */,
				960D5871AA64A1334F81CC9DC8159E5F /* SettingControlView.swift in Sources */,
				54848851D6A901E74216E02A91BEA65A /* SettingDefinition.swift in Sources */,
				C8FBE3D37A540F5910CC2A37DEF2A308 /* SettingRowView.swift in Sources */,
				4BD90D0844D5FD9ED7AA5A695D6B0B7B /* SettingsCatalog.swift in Sources */,
				998C92B9C1FE757E189161399BABC910 /* SettingsCategory.swift in Sources */,
				1B897A155CFA6F6646A6F4A989D13DF0 /* SettingsView.swift in Sources */,
				8A9E6F1CF4E9FA396F3E1F3ADCB18D1D /* SettingsViewModel.swift in Sources */,
				71BAC0870AA450F2D61650B5013D53B5 /* OmpExecutableLocator.swift in Sources */,
				533A002581483D11BF43D28B0679C8E8 /* OmpInstallation.swift in Sources */,
				B3F992B95B4F8521492FD6FE7322FEF9 /* SetupView.swift in Sources */,
				D46DD28A58DFD4D1464A82AF33319081 /* AppShellView.swift in Sources */,
				2A2B70DBEACD849596D36D37D15F6A55 /* FloatingRailView.swift in Sources */,
				8A89316E4F185C36BB9C03D739D79E05 /* ProjectSessionGroup.swift in Sources */,
				DC9A423C477F53A4EAA139360FCEAB6B /* ProjectSessionGrouper.swift in Sources */,
				8A1034D6C8D90915CBD95234788AFB09 /* ProviderUsageLedgerView.swift in Sources */,
				03AF3537C88D2EF7928EDFFEEFC79DE0 /* ProviderUsagePresentation.swift in Sources */,
				3C1D35A46C2FAC89F6B2D2B76C046653 /* RailAccessibility.swift in Sources */,
				F40A7FB3EF7DA9BF3E3A52A8C25C69BA /* RailExpansionModel.swift in Sources */,
				28F5F02F0438AAF88CF114D976D7D2B8 /* RailPresentation.swift in Sources */,
				CCE4F952FDD022AE14504D9FE71A84A3 /* ShellTopActionsView.swift in Sources */,
				7D38A9D184DEF71CD77A7ECC52A12FE7 /* TenXApp.swift in Sources */,
				26D38CD851E1754D6BC9627CCA0B3675 /* BashToolCardView.swift in Sources */,
				3214C56EAD025F4889F4CF724ACD2C31 /* DiffView.swift in Sources */,
				F8D28C7DC9D7D99219B8981C4C9000C7 /* EditToolCardView.swift in Sources */,
				9105AB00617D351C8BDAFC111E4E76A7 /* GenericToolCardView.swift in Sources */,
				2AF311C166A21682A5AA58A0FE2D8736 /* ReadToolCardView.swift in Sources */,
				65BD0AD318F4B16A496736686BBFE313 /* SearchToolCardView.swift in Sources */,
				5A27CB94930D49C3D3204767F4BB52B2 /* TaskToolCardView.swift in Sources */,
				4C9EFA405F0F25081EE1C9FCD4DC43F4 /* TodoToolCardView.swift in Sources */,
				4C6F0450E89BD6DEFF8D58D4D26472F1 /* ToolCardRegistry.swift in Sources */,
				522DEB2CFBE0953004F8BA80AB01A333 /* ToolCardScaffold.swift in Sources */,
				774F169BFAF0D3C4D6B03977A4492CFC /* ToolContentExtractor.swift in Sources */,
				D367B0FC32D2A3F3D296356DEA59B25B /* ToolDisclosureState.swift in Sources */,
				52FC1DA364BC13ACDDA0927A9935E796 /* ToolEventReducer.swift in Sources */,
				5B127956C9F137012A39E5E1FB10CD1F /* ToolPresentation.swift in Sources */,
				2C58E6678A083F0A264B73043301E17B /* UnifiedDiff.swift in Sources */,
				47F6AAB29065A829EB29F72AC9BBF698 /* UnifiedDiffParser.swift in Sources */,
				AA5623B079E47B154F4DC857C9F5B2B8 /* WebToolCardView.swift in Sources */,
				2B482F94AD43655E9EAFFD8AC3BEB19A /* WriteToolCardView.swift in Sources */,
			);
			runOnlyForDeploymentPostprocessing = 0;
		};
		FBDA9865052A388C3C0E89C5575A2D06 /* Sources */ = {
			isa = PBXSourcesBuildPhase;
			buildActionMask = 2147483647;
			files = (
				AF6B1CC5737C27E1A58CDEF387EAA66F /* AccessibilityLabelTests.swift in Sources */,
				9F2D50E5B9A6FEACAC6C41C9C9E7F6B1 /* AgentDesktopCommandRunnerTests.swift in Sources */,
				8F42CBB390DB9485A0D7F9ECEFB6A4E9 /* AgentDesktopCoordinatorTests.swift in Sources */,
				DA55B5E802F6B1FF03203C21809FF3CB /* AgentDesktopProbeWindowTests.swift in Sources */,
				6E924707B502594C113DDEE3089ECC68 /* AgentDesktopProviderTests.swift in Sources */,
				EDD0FAD9D02AF86C3887C96DE1C4FFAB /* AppModelNavigationTests.swift in Sources */,
				7181312F4A41EA0BE500571E1CF29794 /* AppRouteTests.swift in Sources */,
				27CA76E9F6AF2E0F61BFA0EB22F6B6F6 /* ComputerUseLeaseTests.swift in Sources */,
				27010B4312EAB7CA7B32C1F64EB88E27 /* ComputerUseRegistryTests.swift in Sources */,
				4EC02DF915873CEAA421FD7B2E62EB59 /* ComputerUseStateTests.swift in Sources */,
				92BD8B44053ECBF8878AEFC8945BEBFD /* DesignSystemTests.swift in Sources */,
				5CA84754BDB1CAC5C8DDB38E3CB9E6CA /* ExtensionUIRouterTests.swift in Sources */,
				BA072782CA20658608C0CA21BA4057CD /* MessageBubbleViewTests.swift in Sources */,
				5ED61804558665F16CF5F5B42875F78F /* MessageContentParserTests.swift in Sources */,
				99D385CBCFD93838C4BB1B8271EB50DE /* OmpConfigServiceTests.swift in Sources */,
				2DE80CB21DB33E187BB5791E7F951F1D /* OmpExecutableLocatorTests.swift in Sources */,
				B76255816B920E13186150EBBB76388E /* ProjectSessionGrouperTests.swift in Sources */,
				54DF3E52B8EB0A7D2F5007BA8BEC6A4D /* ProviderUsagePresentationTests.swift in Sources */,
				27E703A4AE56EDB54AC045CA1C3FF6B1 /* RailExpansionModelTests.swift in Sources */,
				DC9D84334BCB022A0D40B62D61F991A8 /* RailPresentationTests.swift in Sources */,
				BB5C6A3CB9A4EF88B1F3E57AEFC2DBDF /* SessionControllerTests.swift in Sources */,
				10EA5A9F292F41E0B0082D1B44A6CBE0 /* SessionHeaderMetadataTests.swift in Sources */,
				426EFB993F3D530E97487662AB499AA9 /* SessionSearchServiceTests.swift in Sources */,
				B4F67B3CD31D517DC93CCA59EFDBFD0B /* SessionTimelineLoaderTests.swift in Sources */,
				DC58DB69E6DB53984FE7E57314B2CF45 /* SettingsCatalogTests.swift in Sources */,
				09B63977CCD0897C042B814F70293625 /* SnapshotHarness.swift in Sources */,
				F4E1F6C24B10550C2D8F1A0FA1162118 /* SubagentEventReducerTests.swift in Sources */,
				65FAD872D032F79A63EF83E95325936A /* ToolContentExtractorTests.swift in Sources */,
				3BE0C412DB23BA946A68524723F964E5 /* ToolDisclosureStateTests.swift in Sources */,
				B1C79F6CCB8FD0E0C95AD27791CD5BE7 /* ToolEventReducerTests.swift in Sources */,
				1CF4083FD83397CEE6B2596B4C187614 /* TranscriptHistoryMapperTests.swift in Sources */,
				E0E246456A6892A6417B527CDE51BF9A /* TranscriptReducerTests.swift in Sources */,
				3768DBD250B5F46145DBAE1A65FA862E /* TranscriptReferenceTests.swift in Sources */,
				1D5C4FEAE6CF9165D2DA709557992CFF /* UnifiedDiffParserTests.swift in Sources */,
				816E673B722AF9257504CD53C6108D94 /* ViewSnapshotTests.swift in Sources */,
			);
			runOnlyForDeploymentPostprocessing = 0;
		};
/* End PBXSourcesBuildPhase section */

/* Begin PBXTargetDependency section */
		D4AC311B1DE3EA82606B7F7685E3A230 /* PBXTargetDependency */ = {
			isa = PBXTargetDependency;
			name = 10x;
			target = 472253A9F6B5BFA7A474CEA383369534 /* 10x */;
			targetProxy = 7405643B58C04A0D4C4F6864B6221DB8 /* PBXContainerItemProxy */;
		};
/* End PBXTargetDependency section */

/* Begin XCBuildConfiguration section */
		31CEBFB269A475485D1CA848747618C1 /* Release */ = {
			isa = XCBuildConfiguration;
			buildSettings = {
				BUNDLE_LOADER = "$(TEST_HOST)";
				GENERATE_INFOPLIST_FILE = YES;
				MACOSX_DEPLOYMENT_TARGET = 15.0;
				PRODUCT_BUNDLE_IDENTIFIER = com.tannerpham.tenx.tests;
				PRODUCT_MODULE_NAME = TenXAppTests;
				SDKROOT = macosx;
				SWIFT_STRICT_CONCURRENCY = complete;
				SWIFT_VERSION = 6.0;
				TEST_HOST = "$(BUILT_PRODUCTS_DIR)/10x.app/Contents/MacOS/10x";
			};
			name = Release;
		};
		849B27C21AD1C6C6D25B6A83793204B9 /* Release */ = {
			isa = XCBuildConfiguration;
			buildSettings = {
				ASSETCATALOG_COMPILER_APPICON_NAME = AppIcon;
				ASSETCATALOG_COMPILER_GLOBAL_ACCENT_COLOR_NAME = "";
				CODE_SIGN_STYLE = Automatic;
				COMBINE_HIDPI_IMAGES = YES;
				ENABLE_APP_SANDBOX = NO;
				GENERATE_INFOPLIST_FILE = NO;
				INFOPLIST_FILE = App/Info.plist;
				LD_RUNPATH_SEARCH_PATHS = "$(inherited) @executable_path/../Frameworks";
				MACOSX_DEPLOYMENT_TARGET = 15.0;
				PRODUCT_BUNDLE_IDENTIFIER = com.tannerpham.tenx;
				PRODUCT_MODULE_NAME = TenXApp;
				SDKROOT = macosx;
				SWIFT_STRICT_CONCURRENCY = complete;
				SWIFT_VERSION = 6.0;
			};
			name = Release;
		};
		A68DCE3E8C93803E50DF73DF63186FA9 /* Debug */ = {
			isa = XCBuildConfiguration;
			buildSettings = {
				BUNDLE_LOADER = "$(TEST_HOST)";
				GENERATE_INFOPLIST_FILE = YES;
				MACOSX_DEPLOYMENT_TARGET = 15.0;
				PRODUCT_BUNDLE_IDENTIFIER = com.tannerpham.tenx.tests;
				PRODUCT_MODULE_NAME = TenXAppTests;
				SDKROOT = macosx;
				SWIFT_STRICT_CONCURRENCY = complete;
				SWIFT_VERSION = 6.0;
				TEST_HOST = "$(BUILT_PRODUCTS_DIR)/10x.app/Contents/MacOS/10x";
			};
			name = Debug;
		};
		B9BBDACAC2ACD274C9E57296379A5038 /* Release */ = {
			isa = XCBuildConfiguration;
			buildSettings = {
				ALWAYS_SEARCH_USER_PATHS = NO;
				CLANG_ANALYZER_NONNULL = YES;
				CLANG_ANALYZER_NUMBER_OBJECT_CONVERSION = YES_AGGRESSIVE;
				CLANG_CXX_LANGUAGE_STANDARD = "gnu++14";
				CLANG_CXX_LIBRARY = "libc++";
				CLANG_ENABLE_MODULES = YES;
				CLANG_ENABLE_OBJC_ARC = YES;
				CLANG_ENABLE_OBJC_WEAK = YES;
				CLANG_WARN_BLOCK_CAPTURE_AUTORELEASING = YES;
				CLANG_WARN_BOOL_CONVERSION = YES;
				CLANG_WARN_COMMA = YES;
				CLANG_WARN_CONSTANT_CONVERSION = YES;
				CLANG_WARN_DEPRECATED_OBJC_IMPLEMENTATIONS = YES;
				CLANG_WARN_DIRECT_OBJC_ISA_USAGE = YES_ERROR;
				CLANG_WARN_DOCUMENTATION_COMMENTS = YES;
				CLANG_WARN_EMPTY_BODY = YES;
				CLANG_WARN_ENUM_CONVERSION = YES;
				CLANG_WARN_INFINITE_RECURSION = YES;
				CLANG_WARN_INT_CONVERSION = YES;
				CLANG_WARN_NON_LITERAL_NULL_CONVERSION = YES;
				CLANG_WARN_OBJC_IMPLICIT_RETAIN_SELF = YES;
				CLANG_WARN_OBJC_LITERAL_CONVERSION = YES;
				CLANG_WARN_OBJC_ROOT_CLASS = YES_ERROR;
				CLANG_WARN_QUOTED_INCLUDE_IN_FRAMEWORK_HEADER = YES;
				CLANG_WARN_RANGE_LOOP_ANALYSIS = YES;
				CLANG_WARN_STRICT_PROTOTYPES = YES;
				CLANG_WARN_SUSPICIOUS_MOVE = YES;
				CLANG_WARN_UNGUARDED_AVAILABILITY = YES_AGGRESSIVE;
				CLANG_WARN_UNREACHABLE_CODE = YES;
				CLANG_WARN__DUPLICATE_METHOD_MATCH = YES;
				COPY_PHASE_STRIP = NO;
				DEBUG_INFORMATION_FORMAT = "dwarf-with-dsym";
				ENABLE_NS_ASSERTIONS = NO;
				ENABLE_STRICT_OBJC_MSGSEND = YES;
				GCC_C_LANGUAGE_STANDARD = gnu11;
				GCC_NO_COMMON_BLOCKS = YES;
				GCC_WARN_64_TO_32_BIT_CONVERSION = YES;
				GCC_WARN_ABOUT_RETURN_TYPE = YES_ERROR;
				GCC_WARN_UNDECLARED_SELECTOR = YES;
				GCC_WARN_UNINITIALIZED_AUTOS = YES_AGGRESSIVE;
				GCC_WARN_UNUSED_FUNCTION = YES;
				GCC_WARN_UNUSED_VARIABLE = YES;
				MTL_ENABLE_DEBUG_INFO = NO;
				MTL_FAST_MATH = YES;
				PRODUCT_NAME = "$(TARGET_NAME)";
				SWIFT_COMPILATION_MODE = wholemodule;
				SWIFT_OPTIMIZATION_LEVEL = "-O";
				SWIFT_VERSION = 5.0;
			};
			name = Release;
		};
		CF3CBAB448EF4AE848EE8EBD8B693B83 /* Debug */ = {
			isa = XCBuildConfiguration;
			buildSettings = {
				ALWAYS_SEARCH_USER_PATHS = NO;
				CLANG_ANALYZER_NONNULL = YES;
				CLANG_ANALYZER_NUMBER_OBJECT_CONVERSION = YES_AGGRESSIVE;
				CLANG_CXX_LANGUAGE_STANDARD = "gnu++14";
				CLANG_CXX_LIBRARY = "libc++";
				CLANG_ENABLE_MODULES = YES;
				CLANG_ENABLE_OBJC_ARC = YES;
				CLANG_ENABLE_OBJC_WEAK = YES;
				CLANG_WARN_BLOCK_CAPTURE_AUTORELEASING = YES;
				CLANG_WARN_BOOL_CONVERSION = YES;
				CLANG_WARN_COMMA = YES;
				CLANG_WARN_CONSTANT_CONVERSION = YES;
				CLANG_WARN_DEPRECATED_OBJC_IMPLEMENTATIONS = YES;
				CLANG_WARN_DIRECT_OBJC_ISA_USAGE = YES_ERROR;
				CLANG_WARN_DOCUMENTATION_COMMENTS = YES;
				CLANG_WARN_EMPTY_BODY = YES;
				CLANG_WARN_ENUM_CONVERSION = YES;
				CLANG_WARN_INFINITE_RECURSION = YES;
				CLANG_WARN_INT_CONVERSION = YES;
				CLANG_WARN_NON_LITERAL_NULL_CONVERSION = YES;
				CLANG_WARN_OBJC_IMPLICIT_RETAIN_SELF = YES;
				CLANG_WARN_OBJC_LITERAL_CONVERSION = YES;
				CLANG_WARN_OBJC_ROOT_CLASS = YES_ERROR;
				CLANG_WARN_QUOTED_INCLUDE_IN_FRAMEWORK_HEADER = YES;
				CLANG_WARN_RANGE_LOOP_ANALYSIS = YES;
				CLANG_WARN_STRICT_PROTOTYPES = YES;
				CLANG_WARN_SUSPICIOUS_MOVE = YES;
				CLANG_WARN_UNGUARDED_AVAILABILITY = YES_AGGRESSIVE;
				CLANG_WARN_UNREACHABLE_CODE = YES;
				CLANG_WARN__DUPLICATE_METHOD_MATCH = YES;
				COPY_PHASE_STRIP = NO;
				DEBUG_INFORMATION_FORMAT = dwarf;
				ENABLE_STRICT_OBJC_MSGSEND = YES;
				ENABLE_TESTABILITY = YES;
				GCC_C_LANGUAGE_STANDARD = gnu11;
				GCC_DYNAMIC_NO_PIC = NO;
				GCC_NO_COMMON_BLOCKS = YES;
				GCC_OPTIMIZATION_LEVEL = 0;
				GCC_PREPROCESSOR_DEFINITIONS = (
					"DEBUG=1",
					"$(inherited)",
				);
				GCC_WARN_64_TO_32_BIT_CONVERSION = YES;
				GCC_WARN_ABOUT_RETURN_TYPE = YES_ERROR;
				GCC_WARN_UNDECLARED_SELECTOR = YES;
				GCC_WARN_UNINITIALIZED_AUTOS = YES_AGGRESSIVE;
				GCC_WARN_UNUSED_FUNCTION = YES;
				GCC_WARN_UNUSED_VARIABLE = YES;
				MTL_ENABLE_DEBUG_INFO = INCLUDE_SOURCE;
				MTL_FAST_MATH = YES;
				ONLY_ACTIVE_ARCH = YES;
				PRODUCT_NAME = "$(TARGET_NAME)";
				SWIFT_ACTIVE_COMPILATION_CONDITIONS = DEBUG;
				SWIFT_OPTIMIZATION_LEVEL = "-Onone";
				SWIFT_VERSION = 5.0;
			};
			name = Debug;
		};
		D0CAABF1EAC104F6A153747FD93A778E /* Debug */ = {
			isa = XCBuildConfiguration;
			buildSettings = {
				ASSETCATALOG_COMPILER_APPICON_NAME = AppIcon;
				ASSETCATALOG_COMPILER_GLOBAL_ACCENT_COLOR_NAME = "";
				CODE_SIGN_STYLE = Automatic;
				COMBINE_HIDPI_IMAGES = YES;
				ENABLE_APP_SANDBOX = NO;
				GENERATE_INFOPLIST_FILE = NO;
				INFOPLIST_FILE = App/Info.plist;
				LD_RUNPATH_SEARCH_PATHS = "$(inherited) @executable_path/../Frameworks";
				MACOSX_DEPLOYMENT_TARGET = 15.0;
				PRODUCT_BUNDLE_IDENTIFIER = com.tannerpham.tenx;
				PRODUCT_MODULE_NAME = TenXApp;
				SDKROOT = macosx;
				SWIFT_STRICT_CONCURRENCY = complete;
				SWIFT_VERSION = 6.0;
			};
			name = Debug;
		};
/* End XCBuildConfiguration section */

/* Begin XCConfigurationList section */
		0C63250B83DB179A7FEF260C6D4B4128 /* Build configuration list for PBXNativeTarget "10x" */ = {
			isa = XCConfigurationList;
			buildConfigurations = (
				849B27C21AD1C6C6D25B6A83793204B9 /* Release */,
				D0CAABF1EAC104F6A153747FD93A778E /* Debug */,
			);
			defaultConfigurationIsVisible = 0;
			defaultConfigurationName = Release;
		};
		36B87D8B5F811A5719939FADAE6AA38B /* Build configuration list for PBXNativeTarget "TenXAppTests" */ = {
			isa = XCConfigurationList;
			buildConfigurations = (
				31CEBFB269A475485D1CA848747618C1 /* Release */,
				A68DCE3E8C93803E50DF73DF63186FA9 /* Debug */,
			);
			defaultConfigurationIsVisible = 0;
			defaultConfigurationName = Release;
		};
		C59549B28C23B3CCE94D91949B7707FF /* Build configuration list for PBXProject "10x" */ = {
			isa = XCConfigurationList;
			buildConfigurations = (
				CF3CBAB448EF4AE848EE8EBD8B693B83 /* Debug */,
				B9BBDACAC2ACD274C9E57296379A5038 /* Release */,
			);
			defaultConfigurationIsVisible = 0;
			defaultConfigurationName = Release;
		};
/* End XCConfigurationList section */

/* Begin XCLocalSwiftPackageReference section */
		53B50D991A7C45A41F94EE59FD4C6D0B /* XCLocalSwiftPackageReference "OmpKit" */ = {
			isa = XCLocalSwiftPackageReference;
			relativePath = OmpKit;
		};
/* End XCLocalSwiftPackageReference section */

/* Begin XCSwiftPackageProductDependency section */
		ED0EA917CE736CE605E8DE5EC3A52C52 /* OmpKit */ = {
			isa = XCSwiftPackageProductDependency;
			package = 53B50D991A7C45A41F94EE59FD4C6D0B /* XCLocalSwiftPackageReference "OmpKit" */;
			productName = OmpKit;
		};
/* End XCSwiftPackageProductDependency section */
	};
	rootObject = E3CB0CD6737FF3A656901B502E2ED80B /* Project object */;
}
