// !$*UTF8*$!
{
	archiveVersion = 1;
	classes = {
	};
	objectVersion = 46;
	objects = {

/* Begin PBXBuildFile section */
		00725B6C6D97A2AC13C903A6998C5B94 /* SettingControlView.swift in Sources */ = {isa = PBXBuildFile; fileRef = 07D2B64850CC2C50E47DEEBA2FD00872 /* SettingControlView.swift */; };
		02649DBDBD8B11A02D8A1FFD38BD299E /* TranscriptAnnotation.swift in Sources */ = {isa = PBXBuildFile; fileRef = DA68E55CEC704E757C7C5E9239EE4456 /* TranscriptAnnotation.swift */; };
		0578130FE61C2F5EB5A2E0C9BF7B7D50 /* SessionHeaderMetadataTests.swift in Sources */ = {isa = PBXBuildFile; fileRef = FD44D7A6D2E1033DA790D7A84D0FDAC0 /* SessionHeaderMetadataTests.swift */; };
		05E0DC89AC61D519AB90E1D943FC2380 /* RailExpansionModel.swift in Sources */ = {isa = PBXBuildFile; fileRef = A12AD847277C1AF9ACC2CE3BAC4F3077 /* RailExpansionModel.swift */; };
		06D4B98D0D8763EA3EB267A2CB05444E /* TenXPalette.swift in Sources */ = {isa = PBXBuildFile; fileRef = 234C873537CFC9CDD357F4509295B61B /* TenXPalette.swift */; };
		09AB21F97CD830ED2ACD3ACF43D5BC84 /* ToolContentExtractor.swift in Sources */ = {isa = PBXBuildFile; fileRef = 18DBE70B7447CAE562605CACEDD4ADEF /* ToolContentExtractor.swift */; };
		0C08E6FCA8F7B761A56C4F5B8D9DD7C4 /* ToolEventReducer.swift in Sources */ = {isa = PBXBuildFile; fileRef = 19DEC3893FBBEF7A0659D277B276333B /* ToolEventReducer.swift */; };
		127898C2FA56CEF594B16A2F5114FF31 /* ToolPresentation.swift in Sources */ = {isa = PBXBuildFile; fileRef = FD2FD243B5B47B51C2433000E03335D4 /* ToolPresentation.swift */; };
		13CB440024DE875360A27DB8A42F1981 /* ComputerUseRegistryTests.swift in Sources */ = {isa = PBXBuildFile; fileRef = 38970671AC8F0226098E310F1A40B422 /* ComputerUseRegistryTests.swift */; };
		144E08E887A6E7E2ABB036E5ED4AA216 /* SubagentEventReducer.swift in Sources */ = {isa = PBXBuildFile; fileRef = 3EB7B28556A32F9E2BF537A974AAB6ED /* SubagentEventReducer.swift */; };
		165657FF35F8B4771EF18EE07E453B05 /* UnifiedDiffParserTests.swift in Sources */ = {isa = PBXBuildFile; fileRef = 6DF4EB4C67F1684B2F2F4CC18C22A6ED /* UnifiedDiffParserTests.swift */; };
		170AAE6FE95F17411B21F3E718A1C655 /* ActiveSessionView.swift in Sources */ = {isa = PBXBuildFile; fileRef = C506BCE6A3D35A67DBCCB8F5C42D39EF /* ActiveSessionView.swift */; };
		183EE45BF2CCC9E6B63DF812EC95B67B /* ToolDisclosureStateTests.swift in Sources */ = {isa = PBXBuildFile; fileRef = 5E61EDE3B734D2388D1D49084A084FFF /* ToolDisclosureStateTests.swift */; };
		1A9EE2ACD3DDC11FB95640459387F878 /* DiffView.swift in Sources */ = {isa = PBXBuildFile; fileRef = 63BB4067A6F8B93DA4F42B89D507F8AA /* DiffView.swift */; };
		1E00AA6DAC8D82A3E79F548C8D08BB3E /* ToolContentExtractorTests.swift in Sources */ = {isa = PBXBuildFile; fileRef = DEC80C7F6B79365A943416AF2EEAEA0C /* ToolContentExtractorTests.swift */; };
		1FC1D695027C2C2EB5A2713F02817E99 /* NewSessionView.swift in Sources */ = {isa = PBXBuildFile; fileRef = 46D41DCA734101DB369475F5E1A9AB0F /* NewSessionView.swift */; };
		218EF0A84A51B659EAA9DACA0A3C7924 /* Fonts in Resources */ = {isa = PBXBuildFile; fileRef = CD49276C5C506A517375E3A31E71E7EA /* Fonts */; };
		22B088010E2456B9C4919BA338C81933 /* SettingsCatalogTests.swift in Sources */ = {isa = PBXBuildFile; fileRef = CA820B13055FC448223FDF01CE7282FE /* SettingsCatalogTests.swift */; };
		24486F774F74441E64694973E21C7D30 /* TranscriptHistoryMapperTests.swift in Sources */ = {isa = PBXBuildFile; fileRef = E5CC2216869C9FB47FF33579184EBA9E /* TranscriptHistoryMapperTests.swift */; };
		24C78553F1DB298531A4F1364E34B22C /* UnifiedDiff.swift in Sources */ = {isa = PBXBuildFile; fileRef = F2D5A6FD76478EF0406299DD64A9023C /* UnifiedDiff.swift */; };
		260103D4C43D0F3B30776CC2D8EACF77 /* MessageContentParserTests.swift in Sources */ = {isa = PBXBuildFile; fileRef = D95C3109E3D684298A1E97802FA48821 /* MessageContentParserTests.swift */; };
		2677AF5232C82E806B5977894BFAC375 /* ToolCardRegistry.swift in Sources */ = {isa = PBXBuildFile; fileRef = 3F8E7803D2AC50BDF7D63FB665176247 /* ToolCardRegistry.swift */; };
		272A239A951B52CBA7AAD077B4F7A43C /* SessionSearchServiceTests.swift in Sources */ = {isa = PBXBuildFile; fileRef = 2AD7FB0D72B42FFB9F5297BD1FC6EDED /* SessionSearchServiceTests.swift */; };
		28896D03CB97E7F01C7EF774909D5802 /* SessionHeaderMetadata.swift in Sources */ = {isa = PBXBuildFile; fileRef = 68E1A85DC748A6FA2E31901C3B93A21E /* SessionHeaderMetadata.swift */; };
		2A3EE72B5D40786D5E6778DE9527FB0B /* OmpExecutableLocator.swift in Sources */ = {isa = PBXBuildFile; fileRef = FE4C6806D7DCCA8033CF6429EC92BF9C /* OmpExecutableLocator.swift */; };
		334F70FE53B5D26A6BBC074B449CD432 /* OmpExecutableLocatorTests.swift in Sources */ = {isa = PBXBuildFile; fileRef = A0D241A6FE4BDA7B94B5470F4FDF6754 /* OmpExecutableLocatorTests.swift */; };
		34471ECBEE05CB51A90E3BF9A2776FD4 /* SearchResult.swift in Sources */ = {isa = PBXBuildFile; fileRef = B206C7056716DA61608EC84AF7245DD0 /* SearchResult.swift */; };
		3588FD699D9C35FCF11CE6CC04D72B0F /* SessionControllerTests.swift in Sources */ = {isa = PBXBuildFile; fileRef = A7D59154C95FA23D49C1E0104EB388D0 /* SessionControllerTests.swift */; };
		382701A8FC158EBAD77141724070B376 /* AppModelNavigationTests.swift in Sources */ = {isa = PBXBuildFile; fileRef = 4B893B7C6EED8BDBFB10B035C6DDC881 /* AppModelNavigationTests.swift */; };
		3A19C3A39C785B6AE620C2CCFFBF682C /* MessageContentParser.swift in Sources */ = {isa = PBXBuildFile; fileRef = 4DCA1B96C24B019B0594870DF09F269B /* MessageContentParser.swift */; };
		3BB37B22822E4FBB0878A2048AF66C8D /* ExtensionUIRouterTests.swift in Sources */ = {isa = PBXBuildFile; fileRef = 7FCECFDB8628346C4657CE8E352F5BC6 /* ExtensionUIRouterTests.swift */; };
		3C93AA96C02816831D0173C9ABCF8012 /* TenXApp.swift in Sources */ = {isa = PBXBuildFile; fileRef = FE5957C52C384B2FB5B73E9138265F49 /* TenXApp.swift */; };
		3D081B5C7EDAC7E93BC6A9B2D634B669 /* ComputerUseStateTests.swift in Sources */ = {isa = PBXBuildFile; fileRef = E937979103F6FC513DA8BEA61A96E1D1 /* ComputerUseStateTests.swift */; };
		3D6B44D51A19F98EB395D1970333DC31 /* TranscriptReference.swift in Sources */ = {isa = PBXBuildFile; fileRef = F36EAEAFA0C69B89ACD72F337773BE97 /* TranscriptReference.swift */; };
		3E2F1B502A760D832E76249122CCB8B4 /* ProviderUsagePresentation.swift in Sources */ = {isa = PBXBuildFile; fileRef = 851A936793E178A8E8A1B652E115E5C0 /* ProviderUsagePresentation.swift */; };
		4058D0B541B63DF94C913A77C8F67A66 /* BrandWordmark.swift in Sources */ = {isa = PBXBuildFile; fileRef = 7E2412DE6A260C92CE49DCD2DFDE01DF /* BrandWordmark.swift */; };
		4393F68FDAD568391F0D7DE89600800C /* DesignSystemTests.swift in Sources */ = {isa = PBXBuildFile; fileRef = 290854F8E7149A29EA56FB15849DAF98 /* DesignSystemTests.swift */; };
		45C512423169EED91C16335356A699F8 /* TaskToolCardView.swift in Sources */ = {isa = PBXBuildFile; fileRef = BDE0E9A1C25DF6C85319133122F4556A /* TaskToolCardView.swift */; };
		473B3CCE2852FDF42E46B62F90389541 /* ComposerView.swift in Sources */ = {isa = PBXBuildFile; fileRef = 30D73B54D51EE951F40356FDA9E35F3B /* ComposerView.swift */; };
		4856B914C76554BB6D30255F9D40FBB0 /* GenericToolCardView.swift in Sources */ = {isa = PBXBuildFile; fileRef = 9DB0EDECF2EAA840FF329911D3873856 /* GenericToolCardView.swift */; };
		4B611348F1C56E22351BA7E28E2C2A70 /* RailPresentation.swift in Sources */ = {isa = PBXBuildFile; fileRef = 58B944FEA6913C5D0A3FB7CEC8638D51 /* RailPresentation.swift */; };
		4FF7ECD85C737BB0C659FAADF875CED5 /* SubagentPresentation.swift in Sources */ = {isa = PBXBuildFile; fileRef = 4B4B8CF12862CA630D48CBB1F7E0EDC9 /* SubagentPresentation.swift */; };
		506DD69E1E02274B9F37FF36A8ED9DB1 /* TranscriptReferenceView.swift in Sources */ = {isa = PBXBuildFile; fileRef = 9CD9D45F2903D7158763C30D91EDA7FD /* TranscriptReferenceView.swift */; };
		527545BE25D15CF253E77B5B7EFBAD5D /* TranscriptReferenceTests.swift in Sources */ = {isa = PBXBuildFile; fileRef = D18614018169F40499EAA2158873D985 /* TranscriptReferenceTests.swift */; };
		54A9B89B19E77D647D0668C59F76A7EB /* SessionRuntimeState.swift in Sources */ = {isa = PBXBuildFile; fileRef = 47901F5380406E3E93C2BB3D81032085 /* SessionRuntimeState.swift */; };
		55A6BB2E4F3A41D110559CBCF4352A25 /* SearchModalModel.swift in Sources */ = {isa = PBXBuildFile; fileRef = 108ABE691AC06801A81E18C091E7354D /* SearchModalModel.swift */; };
		578E3D56200AB2004498100D16543700 /* MessageBlockView.swift in Sources */ = {isa = PBXBuildFile; fileRef = 52CA4D90550F2ED3A5D05CC6550932D4 /* MessageBlockView.swift */; };
		57DE8057274830AF3364002721B4ABB9 /* BashToolCardView.swift in Sources */ = {isa = PBXBuildFile; fileRef = D615B43400A7C1AFD57D11D07758217E /* BashToolCardView.swift */; };
		592A097B254C56C576253699E42456C5 /* FloatingRailView.swift in Sources */ = {isa = PBXBuildFile; fileRef = 8EC97621F9B65CC6BE42C58626300D36 /* FloatingRailView.swift */; };
		5A97822008F0858CFC542D92F606BD63 /* OmpConfigService.swift in Sources */ = {isa = PBXBuildFile; fileRef = DF707AEFB0BFC8E5B8ABE368B4F9FB5C /* OmpConfigService.swift */; };
		6A05017279B111CF7053A2B334F9B8BF /* ComputerUseLease.swift in Sources */ = {isa = PBXBuildFile; fileRef = 0496BE3E7FBEBB886806342731B69AE8 /* ComputerUseLease.swift */; };
		6D681C5B745C31316CE58C829FA73733 /* MessageBubbleView.swift in Sources */ = {isa = PBXBuildFile; fileRef = 58BE4F00F5ACE2EF348EE15A4C92AEE8 /* MessageBubbleView.swift */; };
		6DEA1B51BB3B948195699F5CA68C06F6 /* ProjectSessionGrouperTests.swift in Sources */ = {isa = PBXBuildFile; fileRef = 486FC27898346299A20BDB1FFF04A223 /* ProjectSessionGrouperTests.swift */; };
		742E599F5887272C8B247C662C8E97A8 /* ProjectSessionGrouper.swift in Sources */ = {isa = PBXBuildFile; fileRef = A8C6016A71B378ECA4A6004882D4F014 /* ProjectSessionGrouper.swift */; };
		7553D81B3FC452547CFAE983BB3B18E0 /* ReadToolCardView.swift in Sources */ = {isa = PBXBuildFile; fileRef = 1E578AE99C5F66E638D0DB9F73C5B516 /* ReadToolCardView.swift */; };
		758C939BE20027D9D37218BB77112120 /* SettingsCatalog.swift in Sources */ = {isa = PBXBuildFile; fileRef = E53EAB8E8F4F764049625BE97CCFD1D8 /* SettingsCatalog.swift */; };
		763541FE5C0EEA222CF33E57546CA6F9 /* TranscriptHistoryMapper.swift in Sources */ = {isa = PBXBuildFile; fileRef = BAAB3529FB006B77808817CAC056DD07 /* TranscriptHistoryMapper.swift */; };
		76E239C251BBE270BDE2DC34EFD2AD00 /* ShellTopActionsView.swift in Sources */ = {isa = PBXBuildFile; fileRef = 01ED70519269D124AAD7F9C75F92A2EF /* ShellTopActionsView.swift */; };
		825CE20E2DA7941AE40A36C9A81FE269 /* ComputerUseState.swift in Sources */ = {isa = PBXBuildFile; fileRef = C76338A00946C5DC88E6BA0E3820E6D5 /* ComputerUseState.swift */; };
		8BA2EE1FB66B4CDAEC2915654ED23A33 /* ToolDisclosureState.swift in Sources */ = {isa = PBXBuildFile; fileRef = CBB5D82B68F2B17F9A5230822A921D24 /* ToolDisclosureState.swift */; };
		8C62296115F1E0BE46EF06DD9161235D /* OmpInstallation.swift in Sources */ = {isa = PBXBuildFile; fileRef = 1FE24202224DEB45C66589308A5F5D9C /* OmpInstallation.swift */; };
		8E072568358F40FAD790C14AAC1FE0E6 /* ComputerUseRegistry.swift in Sources */ = {isa = PBXBuildFile; fileRef = 6420508979EBC60FBC9EDC0B7B9316A7 /* ComputerUseRegistry.swift */; };
		8F32D780AB40E4042EA67466BD6B09DA /* TenXTypography.swift in Sources */ = {isa = PBXBuildFile; fileRef = F4E0F913EABCCFC1F0E6FC71F18C244F /* TenXTypography.swift */; };
		908A8C8ABEF54E4CBFC4932706D7C621 /* TranscriptReducer.swift in Sources */ = {isa = PBXBuildFile; fileRef = 9A02199D8A1F0ACF3C14E0B3224FAB14 /* TranscriptReducer.swift */; };
		913D5EB6E551F738719C5B7520EF2508 /* TranscriptMessage.swift in Sources */ = {isa = PBXBuildFile; fileRef = 73CDFD8E755C79E7D6666B0FF597B95D /* TranscriptMessage.swift */; };
		9167F1C4F7634D3C071CAC2E6EAC8F71 /* ProjectSessionGroup.swift in Sources */ = {isa = PBXBuildFile; fileRef = 33B0C26C92051ADDA87A03C56571C98D /* ProjectSessionGroup.swift */; };
		928745AF69EE9AAF58E0CA13BF3F3D59 /* SettingsViewModel.swift in Sources */ = {isa = PBXBuildFile; fileRef = 52C63C17F62AE329BB936963763A80AB /* SettingsViewModel.swift */; };
		934BBCBDCDA4C8400E1D7CF2F52F2068 /* UnifiedDiffParser.swift in Sources */ = {isa = PBXBuildFile; fileRef = EF332CDAA6670D7D56D9BF6C89BB1671 /* UnifiedDiffParser.swift */; };
		93B00D47D7EF88DD05C43039DDFB9565 /* SettingsCategory.swift in Sources */ = {isa = PBXBuildFile; fileRef = B1604CAF0614B45CDEF2FF56F040F02C /* SettingsCategory.swift */; };
		93DA63FE17596E1657C3E802FD8AC5D0 /* TranscriptReducerTests.swift in Sources */ = {isa = PBXBuildFile; fileRef = 7CDF24EC047C4E2AB3B5E66222A6AD19 /* TranscriptReducerTests.swift */; };
		9407060838B660AF229137A7D518FB73 /* ExtensionUIRouter.swift in Sources */ = {isa = PBXBuildFile; fileRef = 108224D3A64C446C10CBB7E47E58D77D /* ExtensionUIRouter.swift */; };
		940D22E0D106BCC4E26D3A30DB2BFAC7 /* ProviderUsagePresentationTests.swift in Sources */ = {isa = PBXBuildFile; fileRef = 1238E1165C94E9E306B90D18D323B991 /* ProviderUsagePresentationTests.swift */; };
		949C1F7EDCFAB7CFE6A1BAE102036835 /* SearchModalView.swift in Sources */ = {isa = PBXBuildFile; fileRef = B856C3E167232772420E8C663896437B /* SearchModalView.swift */; };
		98F208A10D9DE98603F1BA89689AA624 /* TranscriptItem.swift in Sources */ = {isa = PBXBuildFile; fileRef = 90E006232EC642C67648F6671AB8641C /* TranscriptItem.swift */; };
		9AF1860CD29CFE09C9883B47B7293D00 /* ToolEventReducerTests.swift in Sources */ = {isa = PBXBuildFile; fileRef = 8C900CCD1A4AE67AFD6E1FDC7C3BD8FE /* ToolEventReducerTests.swift */; };
		A06187E288B03C943A663799AA8641B9 /* OmpKit in Frameworks */ = {isa = PBXBuildFile; productRef = C8F619D614A757BD89C42C99F9DA9174 /* OmpKit */; };
		A1045A2654C3C767EAF766B68F297E03 /* OmpConfigRunning.swift in Sources */ = {isa = PBXBuildFile; fileRef = 9CA5C972E5BF25F8DDC38DC2D5FE1BBB /* OmpConfigRunning.swift */; };
		A26E693EB142457146CE7F5B2BF04444 /* SessionTimelineLoader.swift in Sources */ = {isa = PBXBuildFile; fileRef = E3653A6F9CDA21D9492AAEDEDF73E8C5 /* SessionTimelineLoader.swift */; };
		A83FD20147EF4C27CDDF9C0EB9AE1F84 /* EditToolCardView.swift in Sources */ = {isa = PBXBuildFile; fileRef = FE49B49C8179A3E7D03BF11D39861322 /* EditToolCardView.swift */; };
		A9C4562A0257B44B2FA745692B1DF32C /* TranscriptView.swift in Sources */ = {isa = PBXBuildFile; fileRef = 567611D6DF9B4B7641032420906C9539 /* TranscriptView.swift */; };
		AC65AC75B8F425A262BB645071A82517 /* OmpConfigServiceTests.swift in Sources */ = {isa = PBXBuildFile; fileRef = 625B2714D8EBE519BD618E805FEEC403 /* OmpConfigServiceTests.swift */; };
		AD9C0CF911BCBAF7C9532895AFBC73C7 /* ReferenceImages in Resources */ = {isa = PBXBuildFile; fileRef = F5A0244396AD393785B7781F4FC7A989 /* ReferenceImages */; };
		AE643EC167E4BD5B3C62CACD6C4FE649 /* SettingDefinition.swift in Sources */ = {isa = PBXBuildFile; fileRef = 49224E4072765F7F6B84FEFB19E6F78F /* SettingDefinition.swift */; };
		B03308F215FF99F753B739CC04DA6670 /* MessageBubbleViewTests.swift in Sources */ = {isa = PBXBuildFile; fileRef = 2C0DB3A67D9C42B3CDC4E4E318C69FED /* MessageBubbleViewTests.swift */; };
		B0893EC7C5E4B65DE0F82092A50E842B /* RuntimeRecoveryView.swift in Sources */ = {isa = PBXBuildFile; fileRef = 97E86506D26EC3E70B337835D9204AC4 /* RuntimeRecoveryView.swift */; };
		B097A3228D99F8B98D56ADE73EC7FDB1 /* SessionSearchService.swift in Sources */ = {isa = PBXBuildFile; fileRef = 620B8D2BE695232552B1B7E10551D1D4 /* SessionSearchService.swift */; };
		B47BA5FC04A7012158A387877C09D814 /* SnapshotHarness.swift in Sources */ = {isa = PBXBuildFile; fileRef = 837A6881D1BFD7B24CA6ED731E44613A /* SnapshotHarness.swift */; };
		B4A9C7C6DC730BAF8444788BB1017F60 /* Cocoa.framework in Frameworks */ = {isa = PBXBuildFile; fileRef = 74D90D20D7FC5CED810C35AF0B75D712 /* Cocoa.framework */; };
		B736167E6874AE1DFA8708DE1BEC961F /* ToolCardScaffold.swift in Sources */ = {isa = PBXBuildFile; fileRef = B04452A2DDF5290FA8EB5AC6C4B584EB /* ToolCardScaffold.swift */; };
		BB840BB7E9741A825070B11F11B67194 /* SessionTimelineLoaderTests.swift in Sources */ = {isa = PBXBuildFile; fileRef = D02B6EB01DB3583DFD6D7BBCC5B068B7 /* SessionTimelineLoaderTests.swift */; };
		BBFE4138CFF456FD4590B884CD930A9F /* AppRouteTests.swift in Sources */ = {isa = PBXBuildFile; fileRef = 42085A7E1FC04EDB312F88C73448168D /* AppRouteTests.swift */; };
		BF39FA2E7D2CB7CE52ED718CA5C5DA7D /* ResponseMetadataView.swift in Sources */ = {isa = PBXBuildFile; fileRef = ABC404DD8CFC71A2C4C24104D87E3846 /* ResponseMetadataView.swift */; };
		C0C1F43D58A7548769FF74218C518F4D /* AppDependencies.swift in Sources */ = {isa = PBXBuildFile; fileRef = 8C513799F123E69426A4F7C21E8AA2B0 /* AppDependencies.swift */; };
		C1844FB342960C1A3936BB62F0C6AA4E /* ComputerUseLeaseTests.swift in Sources */ = {isa = PBXBuildFile; fileRef = 02326745E77C71EF02E5BEC2B11A91A3 /* ComputerUseLeaseTests.swift */; };
		C1B38381010F762C5665435B4E23F572 /* AccessibilityLabelTests.swift in Sources */ = {isa = PBXBuildFile; fileRef = 3057D039EE9A0EC81BFCD264D1A7B8CF /* AccessibilityLabelTests.swift */; };
		C251F59CF53E8DAD372780A5942CE151 /* RailPresentationTests.swift in Sources */ = {isa = PBXBuildFile; fileRef = C2AF98EE7163F835977ABA7CFF538B18 /* RailPresentationTests.swift */; };
		C2AB1E12947240998515B279B5B4496B /* SubagentEventReducerTests.swift in Sources */ = {isa = PBXBuildFile; fileRef = 373DDCD0DBA726FDAB500E64032F0DE7 /* SubagentEventReducerTests.swift */; };
		C2F2452F65E99927DDC3EA5134F96FD4 /* ExtensionUIState.swift in Sources */ = {isa = PBXBuildFile; fileRef = 93E443D6417C6322C7B2A6D1FF6F43B4 /* ExtensionUIState.swift */; };
		C5946B58D57A051B718440C3B17FE103 /* SessionController.swift in Sources */ = {isa = PBXBuildFile; fileRef = 3D52498775DE25C3E09176BF84439E96 /* SessionController.swift */; };
		C7F22BF72604F29A716E1774662EC55F /* ApprovalAccessibility.swift in Sources */ = {isa = PBXBuildFile; fileRef = 401035456D4133A14005206D9B185E31 /* ApprovalAccessibility.swift */; };
		CAC2642CFF4595B911533EE80B1955B5 /* SettingsView.swift in Sources */ = {isa = PBXBuildFile; fileRef = 294B607C940DD50549B33502D8AC83BA /* SettingsView.swift */; };
		CC73C7A440B48ACBE83059C1066858F1 /* AppModel.swift in Sources */ = {isa = PBXBuildFile; fileRef = BED29FA8EC1380A705AE8EC4E26D297D /* AppModel.swift */; };
		CD2D158721BE35DFC3C732B4C888D5CA /* ExtensionInputSheet.swift in Sources */ = {isa = PBXBuildFile; fileRef = 69467D00D819C5E35A992E00A9A16D13 /* ExtensionInputSheet.swift */; };
		D110C8653EC1DD119F97F1849A903315 /* SubagentCardView.swift in Sources */ = {isa = PBXBuildFile; fileRef = 627ADC5A10D5A1212DA30CE311C9FB20 /* SubagentCardView.swift */; };
		D17F4DE98292C4047EDFD31BFD900894 /* ApprovalCardView.swift in Sources */ = {isa = PBXBuildFile; fileRef = 010A0AF4CB3FDAE4D6E1C5A2B49AB567 /* ApprovalCardView.swift */; };
		D1A72344C01EE8EBA030DD2B54EE6EE8 /* RailExpansionModelTests.swift in Sources */ = {isa = PBXBuildFile; fileRef = 8E1C840F0BB16A7904BF2CE4E87989E7 /* RailExpansionModelTests.swift */; };
		D42742EEACE14D63D36E3CD3A3B0B9E3 /* SessionHeaderView.swift in Sources */ = {isa = PBXBuildFile; fileRef = 5E02A2EE029D15096569174DC230FF2E /* SessionHeaderView.swift */; };
		DB0413BC893D1496BE8ABD8023758CAE /* CornerCard.swift in Sources */ = {isa = PBXBuildFile; fileRef = 02D7FD7879FFC672630556F02004EB17 /* CornerCard.swift */; };
		DD64D6A374B3DBE2FCBD631E8806F627 /* ViewSnapshotTests.swift in Sources */ = {isa = PBXBuildFile; fileRef = 8EB97913D6624ACB267717582B634EA5 /* ViewSnapshotTests.swift */; };
		E01D87C5AB79E360FD57CFD93D0D3721 /* TodoToolCardView.swift in Sources */ = {isa = PBXBuildFile; fileRef = 985C176FF96DAAAC538F6E8E7C265B71 /* TodoToolCardView.swift */; };
		E0DCC2F5A0808E79D8091BD66721E264 /* GhostActionStyle.swift in Sources */ = {isa = PBXBuildFile; fileRef = 7F92C6D56542BEA958C579F5138755AB /* GhostActionStyle.swift */; };
		E35128454E3F207D4DA50C9C57D253D1 /* RailAccessibility.swift in Sources */ = {isa = PBXBuildFile; fileRef = 5ACA23EACDA71ABD1DF048187F2FAFE8 /* RailAccessibility.swift */; };
		E44F74A45C38B70E9CFC276B82ED764D /* WriteToolCardView.swift in Sources */ = {isa = PBXBuildFile; fileRef = 5F153EA7822DADCA9951D869007F135E /* WriteToolCardView.swift */; };
		E4B375C2696015269482AC41009A37A0 /* FlowLayout.swift in Sources */ = {isa = PBXBuildFile; fileRef = C48F6C400BA333F552E0F85DEAF32338 /* FlowLayout.swift */; };
		E8C7E06791DD93125B847FDF18CD92A4 /* SearchToolCardView.swift in Sources */ = {isa = PBXBuildFile; fileRef = 6A2EB86C4901EA3E71E3D732BCADDA82 /* SearchToolCardView.swift */; };
		EAED33DDE3DEC39A59608658AF6FA76E /* 10x-wordmark.svg in Resources */ = {isa = PBXBuildFile; fileRef = 0F3FA49B70D0E837BED2BEDED4FAB4DF /* 10x-wordmark.svg */; };
		F07EEE947E3A1FC6EF8A97CA649F7799 /* SetupView.swift in Sources */ = {isa = PBXBuildFile; fileRef = 7022995218440CB6F72D6E334798993F /* SetupView.swift */; };
		F3215E81E5274F3829DD89CE2675D3DA /* ProviderUsageLedgerView.swift in Sources */ = {isa = PBXBuildFile; fileRef = 3B7485B668B4CE2E3F0113A715A789AA /* ProviderUsageLedgerView.swift */; };
		F48136E9654832C7C8F666B34DAD12DF /* Cocoa.framework in Frameworks */ = {isa = PBXBuildFile; fileRef = 74D90D20D7FC5CED810C35AF0B75D712 /* Cocoa.framework */; };
		F6EBA846033D61BE7FC8A8E0ACE9A39B /* CodeBlockView.swift in Sources */ = {isa = PBXBuildFile; fileRef = 07891EB250D730D44AB30A51C9624A5D /* CodeBlockView.swift */; };
		F84DD0ECEFE48475D2E4A861A293035A /* AppShellView.swift in Sources */ = {isa = PBXBuildFile; fileRef = 98CFC0B8624DFBEF6FE7F12C90D15C0E /* AppShellView.swift */; };
		F944BBD5BD31B49DFC09719082053AF4 /* AppIcon.icon in Resources */ = {isa = PBXBuildFile; fileRef = BEFB86A788218EDBC4019B6B54D07A67 /* AppIcon.icon */; };
		FABD8D4DD93B99C3DE226F4D58EB8C89 /* WebToolCardView.swift in Sources */ = {isa = PBXBuildFile; fileRef = 5A9349B16529A5C8F889EB16BACD6B69 /* WebToolCardView.swift */; };
		FB9351E2DDE27039DC181DA1C0FA6827 /* SettingRowView.swift in Sources */ = {isa = PBXBuildFile; fileRef = D3127FE306D3BC630472BEDEBD7830C4 /* SettingRowView.swift */; };
		FD32D2F40136EE26723044C5468E9CE9 /* AppRoute.swift in Sources */ = {isa = PBXBuildFile; fileRef = 656FFC0FFC4F45D372F87716BACD7AA4 /* AppRoute.swift */; };
/* End PBXBuildFile section */

/* Begin PBXContainerItemProxy section */
		7405643B58C04A0D4C4F6864B6221DB8 /* PBXContainerItemProxy */ = {
			isa = PBXContainerItemProxy;
			containerPortal = E3CB0CD6737FF3A656901B502E2ED80B /* Project object */;
			proxyType = 1;
			remoteGlobalIDString = AD9E126CE4852C38F78ABC1A1112BF8D;
			remoteInfo = 10x;
		};
/* End PBXContainerItemProxy section */

/* Begin PBXFileReference section */
		010A0AF4CB3FDAE4D6E1C5A2B49AB567 /* ApprovalCardView.swift */ = {isa = PBXFileReference; includeInIndex = 1; lastKnownFileType = sourcecode.swift; name = ApprovalCardView.swift; path = App/ExtensionUI/ApprovalCardView.swift; sourceTree = "<group>"; };
		01ED70519269D124AAD7F9C75F92A2EF /* ShellTopActionsView.swift */ = {isa = PBXFileReference; includeInIndex = 1; lastKnownFileType = sourcecode.swift; name = ShellTopActionsView.swift; path = App/Shell/ShellTopActionsView.swift; sourceTree = "<group>"; };
		02326745E77C71EF02E5BEC2B11A91A3 /* ComputerUseLeaseTests.swift */ = {isa = PBXFileReference; includeInIndex = 1; lastKnownFileType = sourcecode.swift; name = ComputerUseLeaseTests.swift; path = Tests/TenXAppTests/ComputerUseLeaseTests.swift; sourceTree = "<group>"; };
		02D7FD7879FFC672630556F02004EB17 /* CornerCard.swift */ = {isa = PBXFileReference; includeInIndex = 1; lastKnownFileType = sourcecode.swift; name = CornerCard.swift; path = App/Design/CornerCard.swift; sourceTree = "<group>"; };
		0496BE3E7FBEBB886806342731B69AE8 /* ComputerUseLease.swift */ = {isa = PBXFileReference; includeInIndex = 1; lastKnownFileType = sourcecode.swift; name = ComputerUseLease.swift; path = App/ComputerUse/ComputerUseLease.swift; sourceTree = "<group>"; };
		07891EB250D730D44AB30A51C9624A5D /* CodeBlockView.swift */ = {isa = PBXFileReference; includeInIndex = 1; lastKnownFileType = sourcecode.swift; name = CodeBlockView.swift; path = App/Sessions/CodeBlockView.swift; sourceTree = "<group>"; };
		07D2B64850CC2C50E47DEEBA2FD00872 /* SettingControlView.swift */ = {isa = PBXFileReference; includeInIndex = 1; lastKnownFileType = sourcecode.swift; name = SettingControlView.swift; path = App/Settings/SettingControlView.swift; sourceTree = "<group>"; };
		0F3FA49B70D0E837BED2BEDED4FAB4DF /* 10x-wordmark.svg */ = {isa = PBXFileReference; includeInIndex = 1; name = "10x-wordmark.svg"; path = "App/Resources/10x-wordmark.svg"; sourceTree = "<group>"; };
		108224D3A64C446C10CBB7E47E58D77D /* ExtensionUIRouter.swift */ = {isa = PBXFileReference; includeInIndex = 1; lastKnownFileType = sourcecode.swift; name = ExtensionUIRouter.swift; path = App/ExtensionUI/ExtensionUIRouter.swift; sourceTree = "<group>"; };
		108ABE691AC06801A81E18C091E7354D /* SearchModalModel.swift */ = {isa = PBXFileReference; includeInIndex = 1; lastKnownFileType = sourcecode.swift; name = SearchModalModel.swift; path = App/Search/SearchModalModel.swift; sourceTree = "<group>"; };
		1238E1165C94E9E306B90D18D323B991 /* ProviderUsagePresentationTests.swift */ = {isa = PBXFileReference; includeInIndex = 1; lastKnownFileType = sourcecode.swift; name = ProviderUsagePresentationTests.swift; path = Tests/TenXAppTests/ProviderUsagePresentationTests.swift; sourceTree = "<group>"; };
		18DBE70B7447CAE562605CACEDD4ADEF /* ToolContentExtractor.swift */ = {isa = PBXFileReference; includeInIndex = 1; lastKnownFileType = sourcecode.swift; name = ToolContentExtractor.swift; path = App/Tools/ToolContentExtractor.swift; sourceTree = "<group>"; };
		19DEC3893FBBEF7A0659D277B276333B /* ToolEventReducer.swift */ = {isa = PBXFileReference; includeInIndex = 1; lastKnownFileType = sourcecode.swift; name = ToolEventReducer.swift; path = App/Tools/ToolEventReducer.swift; sourceTree = "<group>"; };
		1E578AE99C5F66E638D0DB9F73C5B516 /* ReadToolCardView.swift */ = {isa = PBXFileReference; includeInIndex = 1; lastKnownFileType = sourcecode.swift; name = ReadToolCardView.swift; path = App/Tools/ReadToolCardView.swift; sourceTree = "<group>"; };
		1FE24202224DEB45C66589308A5F5D9C /* OmpInstallation.swift */ = {isa = PBXFileReference; includeInIndex = 1; lastKnownFileType = sourcecode.swift; name = OmpInstallation.swift; path = App/Setup/OmpInstallation.swift; sourceTree = "<group>"; };
		234C873537CFC9CDD357F4509295B61B /* TenXPalette.swift */ = {isa = PBXFileReference; includeInIndex = 1; lastKnownFileType = sourcecode.swift; name = TenXPalette.swift; path = App/Design/TenXPalette.swift; sourceTree = "<group>"; };
		290854F8E7149A29EA56FB15849DAF98 /* DesignSystemTests.swift */ = {isa = PBXFileReference; includeInIndex = 1; lastKnownFileType = sourcecode.swift; name = DesignSystemTests.swift; path = Tests/TenXAppTests/DesignSystemTests.swift; sourceTree = "<group>"; };
		294B607C940DD50549B33502D8AC83BA /* SettingsView.swift */ = {isa = PBXFileReference; includeInIndex = 1; lastKnownFileType = sourcecode.swift; name = SettingsView.swift; path = App/Settings/SettingsView.swift; sourceTree = "<group>"; };
		2AD7FB0D72B42FFB9F5297BD1FC6EDED /* SessionSearchServiceTests.swift */ = {isa = PBXFileReference; includeInIndex = 1; lastKnownFileType = sourcecode.swift; name = SessionSearchServiceTests.swift; path = Tests/TenXAppTests/SessionSearchServiceTests.swift; sourceTree = "<group>"; };
		2C0DB3A67D9C42B3CDC4E4E318C69FED /* MessageBubbleViewTests.swift */ = {isa = PBXFileReference; includeInIndex = 1; lastKnownFileType = sourcecode.swift; name = MessageBubbleViewTests.swift; path = Tests/TenXAppTests/MessageBubbleViewTests.swift; sourceTree = "<group>"; };
		3057D039EE9A0EC81BFCD264D1A7B8CF /* AccessibilityLabelTests.swift */ = {isa = PBXFileReference; includeInIndex = 1; lastKnownFileType = sourcecode.swift; name = AccessibilityLabelTests.swift; path = Tests/TenXAppTests/AccessibilityLabelTests.swift; sourceTree = "<group>"; };
		30D73B54D51EE951F40356FDA9E35F3B /* ComposerView.swift */ = {isa = PBXFileReference; includeInIndex = 1; lastKnownFileType = sourcecode.swift; name = ComposerView.swift; path = App/Sessions/ComposerView.swift; sourceTree = "<group>"; };
		33B0C26C92051ADDA87A03C56571C98D /* ProjectSessionGroup.swift */ = {isa = PBXFileReference; includeInIndex = 1; lastKnownFileType = sourcecode.swift; name = ProjectSessionGroup.swift; path = App/Shell/ProjectSessionGroup.swift; sourceTree = "<group>"; };
		373DDCD0DBA726FDAB500E64032F0DE7 /* SubagentEventReducerTests.swift */ = {isa = PBXFileReference; includeInIndex = 1; lastKnownFileType = sourcecode.swift; name = SubagentEventReducerTests.swift; path = Tests/TenXAppTests/SubagentEventReducerTests.swift; sourceTree = "<group>"; };
		38970671AC8F0226098E310F1A40B422 /* ComputerUseRegistryTests.swift */ = {isa = PBXFileReference; includeInIndex = 1; lastKnownFileType = sourcecode.swift; name = ComputerUseRegistryTests.swift; path = Tests/TenXAppTests/ComputerUseRegistryTests.swift; sourceTree = "<group>"; };
		3B7485B668B4CE2E3F0113A715A789AA /* ProviderUsageLedgerView.swift */ = {isa = PBXFileReference; includeInIndex = 1; lastKnownFileType = sourcecode.swift; name = ProviderUsageLedgerView.swift; path = App/Shell/ProviderUsageLedgerView.swift; sourceTree = "<group>"; };
		3D52498775DE25C3E09176BF84439E96 /* SessionController.swift */ = {isa = PBXFileReference; includeInIndex = 1; lastKnownFileType = sourcecode.swift; name = SessionController.swift; path = App/Sessions/SessionController.swift; sourceTree = "<group>"; };
		3EB7B28556A32F9E2BF537A974AAB6ED /* SubagentEventReducer.swift */ = {isa = PBXFileReference; includeInIndex = 1; lastKnownFileType = sourcecode.swift; name = SubagentEventReducer.swift; path = App/Sessions/SubagentEventReducer.swift; sourceTree = "<group>"; };
		3F8E7803D2AC50BDF7D63FB665176247 /* ToolCardRegistry.swift */ = {isa = PBXFileReference; includeInIndex = 1; lastKnownFileType = sourcecode.swift; name = ToolCardRegistry.swift; path = App/Tools/ToolCardRegistry.swift; sourceTree = "<group>"; };
		401035456D4133A14005206D9B185E31 /* ApprovalAccessibility.swift */ = {isa = PBXFileReference; includeInIndex = 1; lastKnownFileType = sourcecode.swift; name = ApprovalAccessibility.swift; path = App/ExtensionUI/ApprovalAccessibility.swift; sourceTree = "<group>"; };
		42085A7E1FC04EDB312F88C73448168D /* AppRouteTests.swift */ = {isa = PBXFileReference; includeInIndex = 1; lastKnownFileType = sourcecode.swift; name = AppRouteTests.swift; path = Tests/TenXAppTests/AppRouteTests.swift; sourceTree = "<group>"; };
		46D41DCA734101DB369475F5E1A9AB0F /* NewSessionView.swift */ = {isa = PBXFileReference; includeInIndex = 1; lastKnownFileType = sourcecode.swift; name = NewSessionView.swift; path = App/Sessions/NewSessionView.swift; sourceTree = "<group>"; };
		47901F5380406E3E93C2BB3D81032085 /* SessionRuntimeState.swift */ = {isa = PBXFileReference; includeInIndex = 1; lastKnownFileType = sourcecode.swift; name = SessionRuntimeState.swift; path = App/Sessions/SessionRuntimeState.swift; sourceTree = "<group>"; };
		486FC27898346299A20BDB1FFF04A223 /* ProjectSessionGrouperTests.swift */ = {isa = PBXFileReference; includeInIndex = 1; lastKnownFileType = sourcecode.swift; name = ProjectSessionGrouperTests.swift; path = Tests/TenXAppTests/ProjectSessionGrouperTests.swift; sourceTree = "<group>"; };
		49224E4072765F7F6B84FEFB19E6F78F /* SettingDefinition.swift */ = {isa = PBXFileReference; includeInIndex = 1; lastKnownFileType = sourcecode.swift; name = SettingDefinition.swift; path = App/Settings/SettingDefinition.swift; sourceTree = "<group>"; };
		4B4B8CF12862CA630D48CBB1F7E0EDC9 /* SubagentPresentation.swift */ = {isa = PBXFileReference; includeInIndex = 1; lastKnownFileType = sourcecode.swift; name = SubagentPresentation.swift; path = App/Sessions/SubagentPresentation.swift; sourceTree = "<group>"; };
		4B893B7C6EED8BDBFB10B035C6DDC881 /* AppModelNavigationTests.swift */ = {isa = PBXFileReference; includeInIndex = 1; lastKnownFileType = sourcecode.swift; name = AppModelNavigationTests.swift; path = Tests/TenXAppTests/AppModelNavigationTests.swift; sourceTree = "<group>"; };
		4DCA1B96C24B019B0594870DF09F269B /* MessageContentParser.swift */ = {isa = PBXFileReference; includeInIndex = 1; lastKnownFileType = sourcecode.swift; name = MessageContentParser.swift; path = App/Sessions/MessageContentParser.swift; sourceTree = "<group>"; };
		52C63C17F62AE329BB936963763A80AB /* SettingsViewModel.swift */ = {isa = PBXFileReference; includeInIndex = 1; lastKnownFileType = sourcecode.swift; name = SettingsViewModel.swift; path = App/Settings/SettingsViewModel.swift; sourceTree = "<group>"; };
		52CA4D90550F2ED3A5D05CC6550932D4 /* MessageBlockView.swift */ = {isa = PBXFileReference; includeInIndex = 1; lastKnownFileType = sourcecode.swift; name = MessageBlockView.swift; path = App/Sessions/MessageBlockView.swift; sourceTree = "<group>"; };
		567611D6DF9B4B7641032420906C9539 /* TranscriptView.swift */ = {isa = PBXFileReference; includeInIndex = 1; lastKnownFileType = sourcecode.swift; name = TranscriptView.swift; path = App/Sessions/TranscriptView.swift; sourceTree = "<group>"; };
		58B944FEA6913C5D0A3FB7CEC8638D51 /* RailPresentation.swift */ = {isa = PBXFileReference; includeInIndex = 1; lastKnownFileType = sourcecode.swift; name = RailPresentation.swift; path = App/Shell/RailPresentation.swift; sourceTree = "<group>"; };
		58BE4F00F5ACE2EF348EE15A4C92AEE8 /* MessageBubbleView.swift */ = {isa = PBXFileReference; includeInIndex = 1; lastKnownFileType = sourcecode.swift; name = MessageBubbleView.swift; path = App/Sessions/MessageBubbleView.swift; sourceTree = "<group>"; };
		5A9349B16529A5C8F889EB16BACD6B69 /* WebToolCardView.swift */ = {isa = PBXFileReference; includeInIndex = 1; lastKnownFileType = sourcecode.swift; name = WebToolCardView.swift; path = App/Tools/WebToolCardView.swift; sourceTree = "<group>"; };
		5ACA23EACDA71ABD1DF048187F2FAFE8 /* RailAccessibility.swift */ = {isa = PBXFileReference; includeInIndex = 1; lastKnownFileType = sourcecode.swift; name = RailAccessibility.swift; path = App/Shell/RailAccessibility.swift; sourceTree = "<group>"; };
		5E02A2EE029D15096569174DC230FF2E /* SessionHeaderView.swift */ = {isa = PBXFileReference; includeInIndex = 1; lastKnownFileType = sourcecode.swift; name = SessionHeaderView.swift; path = App/Sessions/SessionHeaderView.swift; sourceTree = "<group>"; };
		5E61EDE3B734D2388D1D49084A084FFF /* ToolDisclosureStateTests.swift */ = {isa = PBXFileReference; includeInIndex = 1; lastKnownFileType = sourcecode.swift; name = ToolDisclosureStateTests.swift; path = Tests/TenXAppTests/ToolDisclosureStateTests.swift; sourceTree = "<group>"; };
		5F153EA7822DADCA9951D869007F135E /* WriteToolCardView.swift */ = {isa = PBXFileReference; includeInIndex = 1; lastKnownFileType = sourcecode.swift; name = WriteToolCardView.swift; path = App/Tools/WriteToolCardView.swift; sourceTree = "<group>"; };
		620B8D2BE695232552B1B7E10551D1D4 /* SessionSearchService.swift */ = {isa = PBXFileReference; includeInIndex = 1; lastKnownFileType = sourcecode.swift; name = SessionSearchService.swift; path = App/Search/SessionSearchService.swift; sourceTree = "<group>"; };
		625B2714D8EBE519BD618E805FEEC403 /* OmpConfigServiceTests.swift */ = {isa = PBXFileReference; includeInIndex = 1; lastKnownFileType = sourcecode.swift; name = OmpConfigServiceTests.swift; path = Tests/TenXAppTests/OmpConfigServiceTests.swift; sourceTree = "<group>"; };
		627ADC5A10D5A1212DA30CE311C9FB20 /* SubagentCardView.swift */ = {isa = PBXFileReference; includeInIndex = 1; lastKnownFileType = sourcecode.swift; name = SubagentCardView.swift; path = App/Sessions/SubagentCardView.swift; sourceTree = "<group>"; };
		63BB4067A6F8B93DA4F42B89D507F8AA /* DiffView.swift */ = {isa = PBXFileReference; includeInIndex = 1; lastKnownFileType = sourcecode.swift; name = DiffView.swift; path = App/Tools/DiffView.swift; sourceTree = "<group>"; };
		6420508979EBC60FBC9EDC0B7B9316A7 /* ComputerUseRegistry.swift */ = {isa = PBXFileReference; includeInIndex = 1; lastKnownFileType = sourcecode.swift; name = ComputerUseRegistry.swift; path = App/ComputerUse/ComputerUseRegistry.swift; sourceTree = "<group>"; };
		656FFC0FFC4F45D372F87716BACD7AA4 /* AppRoute.swift */ = {isa = PBXFileReference; includeInIndex = 1; lastKnownFileType = sourcecode.swift; name = AppRoute.swift; path = App/Application/AppRoute.swift; sourceTree = "<group>"; };
		68E1A85DC748A6FA2E31901C3B93A21E /* SessionHeaderMetadata.swift */ = {isa = PBXFileReference; includeInIndex = 1; lastKnownFileType = sourcecode.swift; name = SessionHeaderMetadata.swift; path = App/Sessions/SessionHeaderMetadata.swift; sourceTree = "<group>"; };
		69467D00D819C5E35A992E00A9A16D13 /* ExtensionInputSheet.swift */ = {isa = PBXFileReference; includeInIndex = 1; lastKnownFileType = sourcecode.swift; name = ExtensionInputSheet.swift; path = App/ExtensionUI/ExtensionInputSheet.swift; sourceTree = "<group>"; };
		6A2EB86C4901EA3E71E3D732BCADDA82 /* SearchToolCardView.swift */ = {isa = PBXFileReference; includeInIndex = 1; lastKnownFileType = sourcecode.swift; name = SearchToolCardView.swift; path = App/Tools/SearchToolCardView.swift; sourceTree = "<group>"; };
		6DF4EB4C67F1684B2F2F4CC18C22A6ED /* UnifiedDiffParserTests.swift */ = {isa = PBXFileReference; includeInIndex = 1; lastKnownFileType = sourcecode.swift; name = UnifiedDiffParserTests.swift; path = Tests/TenXAppTests/UnifiedDiffParserTests.swift; sourceTree = "<group>"; };
		7022995218440CB6F72D6E334798993F /* SetupView.swift */ = {isa = PBXFileReference; includeInIndex = 1; lastKnownFileType = sourcecode.swift; name = SetupView.swift; path = App/Setup/SetupView.swift; sourceTree = "<group>"; };
		73CDFD8E755C79E7D6666B0FF597B95D /* TranscriptMessage.swift */ = {isa = PBXFileReference; includeInIndex = 1; lastKnownFileType = sourcecode.swift; name = TranscriptMessage.swift; path = App/Sessions/TranscriptMessage.swift; sourceTree = "<group>"; };
		74D90D20D7FC5CED810C35AF0B75D712 /* Cocoa.framework */ = {isa = PBXFileReference; lastKnownFileType = wrapper.framework; name = Cocoa.framework; path = Platforms/MacOSX.platform/Developer/SDKs/MacOSX15.0.sdk/System/Library/Frameworks/Cocoa.framework; sourceTree = DEVELOPER_DIR; };
		7CDF24EC047C4E2AB3B5E66222A6AD19 /* TranscriptReducerTests.swift */ = {isa = PBXFileReference; includeInIndex = 1; lastKnownFileType = sourcecode.swift; name = TranscriptReducerTests.swift; path = Tests/TenXAppTests/TranscriptReducerTests.swift; sourceTree = "<group>"; };
		7E2412DE6A260C92CE49DCD2DFDE01DF /* BrandWordmark.swift */ = {isa = PBXFileReference; includeInIndex = 1; lastKnownFileType = sourcecode.swift; name = BrandWordmark.swift; path = App/Design/BrandWordmark.swift; sourceTree = "<group>"; };
		7F92C6D56542BEA958C579F5138755AB /* GhostActionStyle.swift */ = {isa = PBXFileReference; includeInIndex = 1; lastKnownFileType = sourcecode.swift; name = GhostActionStyle.swift; path = App/Design/GhostActionStyle.swift; sourceTree = "<group>"; };
		7FCECFDB8628346C4657CE8E352F5BC6 /* ExtensionUIRouterTests.swift */ = {isa = PBXFileReference; includeInIndex = 1; lastKnownFileType = sourcecode.swift; name = ExtensionUIRouterTests.swift; path = Tests/TenXAppTests/ExtensionUIRouterTests.swift; sourceTree = "<group>"; };
		837A6881D1BFD7B24CA6ED731E44613A /* SnapshotHarness.swift */ = {isa = PBXFileReference; includeInIndex = 1; lastKnownFileType = sourcecode.swift; name = SnapshotHarness.swift; path = Tests/TenXAppTests/SnapshotHarness.swift; sourceTree = "<group>"; };
		851A936793E178A8E8A1B652E115E5C0 /* ProviderUsagePresentation.swift */ = {isa = PBXFileReference; includeInIndex = 1; lastKnownFileType = sourcecode.swift; name = ProviderUsagePresentation.swift; path = App/Shell/ProviderUsagePresentation.swift; sourceTree = "<group>"; };
		8C513799F123E69426A4F7C21E8AA2B0 /* AppDependencies.swift */ = {isa = PBXFileReference; includeInIndex = 1; lastKnownFileType = sourcecode.swift; name = AppDependencies.swift; path = App/Application/AppDependencies.swift; sourceTree = "<group>"; };
		8C900CCD1A4AE67AFD6E1FDC7C3BD8FE /* ToolEventReducerTests.swift */ = {isa = PBXFileReference; includeInIndex = 1; lastKnownFileType = sourcecode.swift; name = ToolEventReducerTests.swift; path = Tests/TenXAppTests/ToolEventReducerTests.swift; sourceTree = "<group>"; };
		8D48A4B97F2B01B28DB469F5A87FC00D /* 10x.app */ = {isa = PBXFileReference; explicitFileType = wrapper.application; includeInIndex = 0; path = 10x.app; sourceTree = BUILT_PRODUCTS_DIR; };
		8E1C840F0BB16A7904BF2CE4E87989E7 /* RailExpansionModelTests.swift */ = {isa = PBXFileReference; includeInIndex = 1; lastKnownFileType = sourcecode.swift; name = RailExpansionModelTests.swift; path = Tests/TenXAppTests/RailExpansionModelTests.swift; sourceTree = "<group>"; };
		8EB97913D6624ACB267717582B634EA5 /* ViewSnapshotTests.swift */ = {isa = PBXFileReference; includeInIndex = 1; lastKnownFileType = sourcecode.swift; name = ViewSnapshotTests.swift; path = Tests/TenXAppTests/ViewSnapshotTests.swift; sourceTree = "<group>"; };
		8EC97621F9B65CC6BE42C58626300D36 /* FloatingRailView.swift */ = {isa = PBXFileReference; includeInIndex = 1; lastKnownFileType = sourcecode.swift; name = FloatingRailView.swift; path = App/Shell/FloatingRailView.swift; sourceTree = "<group>"; };
		90E006232EC642C67648F6671AB8641C /* TranscriptItem.swift */ = {isa = PBXFileReference; includeInIndex = 1; lastKnownFileType = sourcecode.swift; name = TranscriptItem.swift; path = App/Sessions/TranscriptItem.swift; sourceTree = "<group>"; };
		93E443D6417C6322C7B2A6D1FF6F43B4 /* ExtensionUIState.swift */ = {isa = PBXFileReference; includeInIndex = 1; lastKnownFileType = sourcecode.swift; name = ExtensionUIState.swift; path = App/ExtensionUI/ExtensionUIState.swift; sourceTree = "<group>"; };
		97E86506D26EC3E70B337835D9204AC4 /* RuntimeRecoveryView.swift */ = {isa = PBXFileReference; includeInIndex = 1; lastKnownFileType = sourcecode.swift; name = RuntimeRecoveryView.swift; path = App/Sessions/RuntimeRecoveryView.swift; sourceTree = "<group>"; };
		985C176FF96DAAAC538F6E8E7C265B71 /* TodoToolCardView.swift */ = {isa = PBXFileReference; includeInIndex = 1; lastKnownFileType = sourcecode.swift; name = TodoToolCardView.swift; path = App/Tools/TodoToolCardView.swift; sourceTree = "<group>"; };
		98CFC0B8624DFBEF6FE7F12C90D15C0E /* AppShellView.swift */ = {isa = PBXFileReference; includeInIndex = 1; lastKnownFileType = sourcecode.swift; name = AppShellView.swift; path = App/Shell/AppShellView.swift; sourceTree = "<group>"; };
		9A02199D8A1F0ACF3C14E0B3224FAB14 /* TranscriptReducer.swift */ = {isa = PBXFileReference; includeInIndex = 1; lastKnownFileType = sourcecode.swift; name = TranscriptReducer.swift; path = App/Sessions/TranscriptReducer.swift; sourceTree = "<group>"; };
		9CA5C972E5BF25F8DDC38DC2D5FE1BBB /* OmpConfigRunning.swift */ = {isa = PBXFileReference; includeInIndex = 1; lastKnownFileType = sourcecode.swift; name = OmpConfigRunning.swift; path = App/Settings/OmpConfigRunning.swift; sourceTree = "<group>"; };
		9CD9D45F2903D7158763C30D91EDA7FD /* TranscriptReferenceView.swift */ = {isa = PBXFileReference; includeInIndex = 1; lastKnownFileType = sourcecode.swift; name = TranscriptReferenceView.swift; path = App/Sessions/TranscriptReferenceView.swift; sourceTree = "<group>"; };
		9DB0EDECF2EAA840FF329911D3873856 /* GenericToolCardView.swift */ = {isa = PBXFileReference; includeInIndex = 1; lastKnownFileType = sourcecode.swift; name = GenericToolCardView.swift; path = App/Tools/GenericToolCardView.swift; sourceTree = "<group>"; };
		A0D241A6FE4BDA7B94B5470F4FDF6754 /* OmpExecutableLocatorTests.swift */ = {isa = PBXFileReference; includeInIndex = 1; lastKnownFileType = sourcecode.swift; name = OmpExecutableLocatorTests.swift; path = Tests/TenXAppTests/OmpExecutableLocatorTests.swift; sourceTree = "<group>"; };
		A12AD847277C1AF9ACC2CE3BAC4F3077 /* RailExpansionModel.swift */ = {isa = PBXFileReference; includeInIndex = 1; lastKnownFileType = sourcecode.swift; name = RailExpansionModel.swift; path = App/Shell/RailExpansionModel.swift; sourceTree = "<group>"; };
		A7D59154C95FA23D49C1E0104EB388D0 /* SessionControllerTests.swift */ = {isa = PBXFileReference; includeInIndex = 1; lastKnownFileType = sourcecode.swift; name = SessionControllerTests.swift; path = Tests/TenXAppTests/SessionControllerTests.swift; sourceTree = "<group>"; };
		A8C6016A71B378ECA4A6004882D4F014 /* ProjectSessionGrouper.swift */ = {isa = PBXFileReference; includeInIndex = 1; lastKnownFileType = sourcecode.swift; name = ProjectSessionGrouper.swift; path = App/Shell/ProjectSessionGrouper.swift; sourceTree = "<group>"; };
		ABC404DD8CFC71A2C4C24104D87E3846 /* ResponseMetadataView.swift */ = {isa = PBXFileReference; includeInIndex = 1; lastKnownFileType = sourcecode.swift; name = ResponseMetadataView.swift; path = App/Sessions/ResponseMetadataView.swift; sourceTree = "<group>"; };
		B04452A2DDF5290FA8EB5AC6C4B584EB /* ToolCardScaffold.swift */ = {isa = PBXFileReference; includeInIndex = 1; lastKnownFileType = sourcecode.swift; name = ToolCardScaffold.swift; path = App/Tools/ToolCardScaffold.swift; sourceTree = "<group>"; };
		B1604CAF0614B45CDEF2FF56F040F02C /* SettingsCategory.swift */ = {isa = PBXFileReference; includeInIndex = 1; lastKnownFileType = sourcecode.swift; name = SettingsCategory.swift; path = App/Settings/SettingsCategory.swift; sourceTree = "<group>"; };
		B206C7056716DA61608EC84AF7245DD0 /* SearchResult.swift */ = {isa = PBXFileReference; includeInIndex = 1; lastKnownFileType = sourcecode.swift; name = SearchResult.swift; path = App/Search/SearchResult.swift; sourceTree = "<group>"; };
		B856C3E167232772420E8C663896437B /* SearchModalView.swift */ = {isa = PBXFileReference; includeInIndex = 1; lastKnownFileType = sourcecode.swift; name = SearchModalView.swift; path = App/Search/SearchModalView.swift; sourceTree = "<group>"; };
		BAAB3529FB006B77808817CAC056DD07 /* TranscriptHistoryMapper.swift */ = {isa = PBXFileReference; includeInIndex = 1; lastKnownFileType = sourcecode.swift; name = TranscriptHistoryMapper.swift; path = App/Sessions/TranscriptHistoryMapper.swift; sourceTree = "<group>"; };
		BDE0E9A1C25DF6C85319133122F4556A /* TaskToolCardView.swift */ = {isa = PBXFileReference; includeInIndex = 1; lastKnownFileType = sourcecode.swift; name = TaskToolCardView.swift; path = App/Tools/TaskToolCardView.swift; sourceTree = "<group>"; };
		BED29FA8EC1380A705AE8EC4E26D297D /* AppModel.swift */ = {isa = PBXFileReference; includeInIndex = 1; lastKnownFileType = sourcecode.swift; name = AppModel.swift; path = App/Application/AppModel.swift; sourceTree = "<group>"; };
		BEFB86A788218EDBC4019B6B54D07A67 /* AppIcon.icon */ = {isa = PBXFileReference; includeInIndex = 1; lastKnownFileType = folder.iconcomposer.icon; name = AppIcon.icon; path = App/Resources/AppIcon.icon; sourceTree = "<group>"; };
		C2AF98EE7163F835977ABA7CFF538B18 /* RailPresentationTests.swift */ = {isa = PBXFileReference; includeInIndex = 1; lastKnownFileType = sourcecode.swift; name = RailPresentationTests.swift; path = Tests/TenXAppTests/RailPresentationTests.swift; sourceTree = "<group>"; };
		C48F6C400BA333F552E0F85DEAF32338 /* FlowLayout.swift */ = {isa = PBXFileReference; includeInIndex = 1; lastKnownFileType = sourcecode.swift; name = FlowLayout.swift; path = App/Design/FlowLayout.swift; sourceTree = "<group>"; };
		C506BCE6A3D35A67DBCCB8F5C42D39EF /* ActiveSessionView.swift */ = {isa = PBXFileReference; includeInIndex = 1; lastKnownFileType = sourcecode.swift; name = ActiveSessionView.swift; path = App/Sessions/ActiveSessionView.swift; sourceTree = "<group>"; };
		C76338A00946C5DC88E6BA0E3820E6D5 /* ComputerUseState.swift */ = {isa = PBXFileReference; includeInIndex = 1; lastKnownFileType = sourcecode.swift; name = ComputerUseState.swift; path = App/ComputerUse/ComputerUseState.swift; sourceTree = "<group>"; };
		CA820B13055FC448223FDF01CE7282FE /* SettingsCatalogTests.swift */ = {isa = PBXFileReference; includeInIndex = 1; lastKnownFileType = sourcecode.swift; name = SettingsCatalogTests.swift; path = Tests/TenXAppTests/SettingsCatalogTests.swift; sourceTree = "<group>"; };
		CBB5D82B68F2B17F9A5230822A921D24 /* ToolDisclosureState.swift */ = {isa = PBXFileReference; includeInIndex = 1; lastKnownFileType = sourcecode.swift; name = ToolDisclosureState.swift; path = App/Tools/ToolDisclosureState.swift; sourceTree = "<group>"; };
		CD49276C5C506A517375E3A31E71E7EA /* Fonts */ = {isa = PBXFileReference; includeInIndex = 1; lastKnownFileType = folder; name = Fonts; path = App/Resources/Fonts; sourceTree = "<group>"; };
		D02B6EB01DB3583DFD6D7BBCC5B068B7 /* SessionTimelineLoaderTests.swift */ = {isa = PBXFileReference; includeInIndex = 1; lastKnownFileType = sourcecode.swift; name = SessionTimelineLoaderTests.swift; path = Tests/TenXAppTests/SessionTimelineLoaderTests.swift; sourceTree = "<group>"; };
		D18614018169F40499EAA2158873D985 /* TranscriptReferenceTests.swift */ = {isa = PBXFileReference; includeInIndex = 1; lastKnownFileType = sourcecode.swift; name = TranscriptReferenceTests.swift; path = Tests/TenXAppTests/TranscriptReferenceTests.swift; sourceTree = "<group>"; };
		D3127FE306D3BC630472BEDEBD7830C4 /* SettingRowView.swift */ = {isa = PBXFileReference; includeInIndex = 1; lastKnownFileType = sourcecode.swift; name = SettingRowView.swift; path = App/Settings/SettingRowView.swift; sourceTree = "<group>"; };
		D615B43400A7C1AFD57D11D07758217E /* BashToolCardView.swift */ = {isa = PBXFileReference; includeInIndex = 1; lastKnownFileType = sourcecode.swift; name = BashToolCardView.swift; path = App/Tools/BashToolCardView.swift; sourceTree = "<group>"; };
		D77F672B040234A27373458AA5ADC5CF /* TenXAppTests.xctest */ = {isa = PBXFileReference; explicitFileType = wrapper.cfbundle; includeInIndex = 0; path = TenXAppTests.xctest; sourceTree = BUILT_PRODUCTS_DIR; };
		D95C3109E3D684298A1E97802FA48821 /* MessageContentParserTests.swift */ = {isa = PBXFileReference; includeInIndex = 1; lastKnownFileType = sourcecode.swift; name = MessageContentParserTests.swift; path = Tests/TenXAppTests/MessageContentParserTests.swift; sourceTree = "<group>"; };
		DA68E55CEC704E757C7C5E9239EE4456 /* TranscriptAnnotation.swift */ = {isa = PBXFileReference; includeInIndex = 1; lastKnownFileType = sourcecode.swift; name = TranscriptAnnotation.swift; path = App/Sessions/TranscriptAnnotation.swift; sourceTree = "<group>"; };
		DEC80C7F6B79365A943416AF2EEAEA0C /* ToolContentExtractorTests.swift */ = {isa = PBXFileReference; includeInIndex = 1; lastKnownFileType = sourcecode.swift; name = ToolContentExtractorTests.swift; path = Tests/TenXAppTests/ToolContentExtractorTests.swift; sourceTree = "<group>"; };
		DF707AEFB0BFC8E5B8ABE368B4F9FB5C /* OmpConfigService.swift */ = {isa = PBXFileReference; includeInIndex = 1; lastKnownFileType = sourcecode.swift; name = OmpConfigService.swift; path = App/Settings/OmpConfigService.swift; sourceTree = "<group>"; };
		E3653A6F9CDA21D9492AAEDEDF73E8C5 /* SessionTimelineLoader.swift */ = {isa = PBXFileReference; includeInIndex = 1; lastKnownFileType = sourcecode.swift; name = SessionTimelineLoader.swift; path = App/Sessions/SessionTimelineLoader.swift; sourceTree = "<group>"; };
		E53EAB8E8F4F764049625BE97CCFD1D8 /* SettingsCatalog.swift */ = {isa = PBXFileReference; includeInIndex = 1; lastKnownFileType = sourcecode.swift; name = SettingsCatalog.swift; path = App/Settings/SettingsCatalog.swift; sourceTree = "<group>"; };
		E5CC2216869C9FB47FF33579184EBA9E /* TranscriptHistoryMapperTests.swift */ = {isa = PBXFileReference; includeInIndex = 1; lastKnownFileType = sourcecode.swift; name = TranscriptHistoryMapperTests.swift; path = Tests/TenXAppTests/TranscriptHistoryMapperTests.swift; sourceTree = "<group>"; };
		E937979103F6FC513DA8BEA61A96E1D1 /* ComputerUseStateTests.swift */ = {isa = PBXFileReference; includeInIndex = 1; lastKnownFileType = sourcecode.swift; name = ComputerUseStateTests.swift; path = Tests/TenXAppTests/ComputerUseStateTests.swift; sourceTree = "<group>"; };
		EF332CDAA6670D7D56D9BF6C89BB1671 /* UnifiedDiffParser.swift */ = {isa = PBXFileReference; includeInIndex = 1; lastKnownFileType = sourcecode.swift; name = UnifiedDiffParser.swift; path = App/Tools/UnifiedDiffParser.swift; sourceTree = "<group>"; };
		F2D5A6FD76478EF0406299DD64A9023C /* UnifiedDiff.swift */ = {isa = PBXFileReference; includeInIndex = 1; lastKnownFileType = sourcecode.swift; name = UnifiedDiff.swift; path = App/Tools/UnifiedDiff.swift; sourceTree = "<group>"; };
		F36EAEAFA0C69B89ACD72F337773BE97 /* TranscriptReference.swift */ = {isa = PBXFileReference; includeInIndex = 1; lastKnownFileType = sourcecode.swift; name = TranscriptReference.swift; path = App/Sessions/TranscriptReference.swift; sourceTree = "<group>"; };
		F4E0F913EABCCFC1F0E6FC71F18C244F /* TenXTypography.swift */ = {isa = PBXFileReference; includeInIndex = 1; lastKnownFileType = sourcecode.swift; name = TenXTypography.swift; path = App/Design/TenXTypography.swift; sourceTree = "<group>"; };
		F5A0244396AD393785B7781F4FC7A989 /* ReferenceImages */ = {isa = PBXFileReference; includeInIndex = 1; lastKnownFileType = folder; name = ReferenceImages; path = Tests/TenXAppTests/ReferenceImages; sourceTree = "<group>"; };
		FD2FD243B5B47B51C2433000E03335D4 /* ToolPresentation.swift */ = {isa = PBXFileReference; includeInIndex = 1; lastKnownFileType = sourcecode.swift; name = ToolPresentation.swift; path = App/Tools/ToolPresentation.swift; sourceTree = "<group>"; };
		FD44D7A6D2E1033DA790D7A84D0FDAC0 /* SessionHeaderMetadataTests.swift */ = {isa = PBXFileReference; includeInIndex = 1; lastKnownFileType = sourcecode.swift; name = SessionHeaderMetadataTests.swift; path = Tests/TenXAppTests/SessionHeaderMetadataTests.swift; sourceTree = "<group>"; };
		FE49B49C8179A3E7D03BF11D39861322 /* EditToolCardView.swift */ = {isa = PBXFileReference; includeInIndex = 1; lastKnownFileType = sourcecode.swift; name = EditToolCardView.swift; path = App/Tools/EditToolCardView.swift; sourceTree = "<group>"; };
		FE4C6806D7DCCA8033CF6429EC92BF9C /* OmpExecutableLocator.swift */ = {isa = PBXFileReference; includeInIndex = 1; lastKnownFileType = sourcecode.swift; name = OmpExecutableLocator.swift; path = App/Setup/OmpExecutableLocator.swift; sourceTree = "<group>"; };
		FE5957C52C384B2FB5B73E9138265F49 /* TenXApp.swift */ = {isa = PBXFileReference; includeInIndex = 1; lastKnownFileType = sourcecode.swift; name = TenXApp.swift; path = App/TenXApp.swift; sourceTree = "<group>"; };
/* End PBXFileReference section */

/* Begin PBXFrameworksBuildPhase section */
		0CC4251BC50D5299B0DB0C807B535C19 /* Frameworks */ = {
			isa = PBXFrameworksBuildPhase;
			buildActionMask = 2147483647;
			files = (
				F48136E9654832C7C8F666B34DAD12DF /* Cocoa.framework in Frameworks */,
				A06187E288B03C943A663799AA8641B9 /* OmpKit in Frameworks */,
			);
			runOnlyForDeploymentPostprocessing = 0;
		};
		56C901F6796C80F162B8355907289BA6 /* Frameworks */ = {
			isa = PBXFrameworksBuildPhase;
			buildActionMask = 2147483647;
			files = (
				B4A9C7C6DC730BAF8444788BB1017F60 /* Cocoa.framework in Frameworks */,
			);
			runOnlyForDeploymentPostprocessing = 0;
		};
/* End PBXFrameworksBuildPhase section */

/* Begin PBXGroup section */
		18FA47D715DA4C22D2FB4308F77116F0 /* Frameworks */ = {
			isa = PBXGroup;
			children = (
				EEB2E83E883A740B69C6F3EE47315201 /* OS X */,
			);
			name = Frameworks;
			sourceTree = "<group>";
		};
		1F39C2F35D3B388C7052A0C9B7DB33F4 = {
			isa = PBXGroup;
			children = (
				2238E88C56FF19D09B44CBB70CA1AE30 /* Products */,
				18FA47D715DA4C22D2FB4308F77116F0 /* Frameworks */,
				DCFD1BFB3FDF84870E2631F19F003D80 /* App */,
				25AF257747DFF79BEC76CB531FEF26FF /* Tests */,
			);
			sourceTree = "<group>";
		};
		2238E88C56FF19D09B44CBB70CA1AE30 /* Products */ = {
			isa = PBXGroup;
			children = (
				8D48A4B97F2B01B28DB469F5A87FC00D /* 10x.app */,
				D77F672B040234A27373458AA5ADC5CF /* TenXAppTests.xctest */,
			);
			name = Products;
			sourceTree = "<group>";
		};
		25AF257747DFF79BEC76CB531FEF26FF /* Tests */ = {
			isa = PBXGroup;
			children = (
				3057D039EE9A0EC81BFCD264D1A7B8CF /* AccessibilityLabelTests.swift */,
				4B893B7C6EED8BDBFB10B035C6DDC881 /* AppModelNavigationTests.swift */,
				42085A7E1FC04EDB312F88C73448168D /* AppRouteTests.swift */,
				02326745E77C71EF02E5BEC2B11A91A3 /* ComputerUseLeaseTests.swift */,
				38970671AC8F0226098E310F1A40B422 /* ComputerUseRegistryTests.swift */,
				E937979103F6FC513DA8BEA61A96E1D1 /* ComputerUseStateTests.swift */,
				290854F8E7149A29EA56FB15849DAF98 /* DesignSystemTests.swift */,
				7FCECFDB8628346C4657CE8E352F5BC6 /* ExtensionUIRouterTests.swift */,
				2C0DB3A67D9C42B3CDC4E4E318C69FED /* MessageBubbleViewTests.swift */,
				D95C3109E3D684298A1E97802FA48821 /* MessageContentParserTests.swift */,
				625B2714D8EBE519BD618E805FEEC403 /* OmpConfigServiceTests.swift */,
				A0D241A6FE4BDA7B94B5470F4FDF6754 /* OmpExecutableLocatorTests.swift */,
				486FC27898346299A20BDB1FFF04A223 /* ProjectSessionGrouperTests.swift */,
				1238E1165C94E9E306B90D18D323B991 /* ProviderUsagePresentationTests.swift */,
				8E1C840F0BB16A7904BF2CE4E87989E7 /* RailExpansionModelTests.swift */,
				C2AF98EE7163F835977ABA7CFF538B18 /* RailPresentationTests.swift */,
				A7D59154C95FA23D49C1E0104EB388D0 /* SessionControllerTests.swift */,
				FD44D7A6D2E1033DA790D7A84D0FDAC0 /* SessionHeaderMetadataTests.swift */,
				2AD7FB0D72B42FFB9F5297BD1FC6EDED /* SessionSearchServiceTests.swift */,
				D02B6EB01DB3583DFD6D7BBCC5B068B7 /* SessionTimelineLoaderTests.swift */,
				CA820B13055FC448223FDF01CE7282FE /* SettingsCatalogTests.swift */,
				837A6881D1BFD7B24CA6ED731E44613A /* SnapshotHarness.swift */,
				373DDCD0DBA726FDAB500E64032F0DE7 /* SubagentEventReducerTests.swift */,
				DEC80C7F6B79365A943416AF2EEAEA0C /* ToolContentExtractorTests.swift */,
				5E61EDE3B734D2388D1D49084A084FFF /* ToolDisclosureStateTests.swift */,
				8C900CCD1A4AE67AFD6E1FDC7C3BD8FE /* ToolEventReducerTests.swift */,
				E5CC2216869C9FB47FF33579184EBA9E /* TranscriptHistoryMapperTests.swift */,
				7CDF24EC047C4E2AB3B5E66222A6AD19 /* TranscriptReducerTests.swift */,
				D18614018169F40499EAA2158873D985 /* TranscriptReferenceTests.swift */,
				6DF4EB4C67F1684B2F2F4CC18C22A6ED /* UnifiedDiffParserTests.swift */,
				8EB97913D6624ACB267717582B634EA5 /* ViewSnapshotTests.swift */,
				F5A0244396AD393785B7781F4FC7A989 /* ReferenceImages */,
			);
			name = Tests;
			sourceTree = "<group>";
		};
		DCFD1BFB3FDF84870E2631F19F003D80 /* App */ = {
			isa = PBXGroup;
			children = (
				8C513799F123E69426A4F7C21E8AA2B0 /* AppDependencies.swift */,
				BED29FA8EC1380A705AE8EC4E26D297D /* AppModel.swift */,
				656FFC0FFC4F45D372F87716BACD7AA4 /* AppRoute.swift */,
				0496BE3E7FBEBB886806342731B69AE8 /* ComputerUseLease.swift */,
				6420508979EBC60FBC9EDC0B7B9316A7 /* ComputerUseRegistry.swift */,
				C76338A00946C5DC88E6BA0E3820E6D5 /* ComputerUseState.swift */,
				7E2412DE6A260C92CE49DCD2DFDE01DF /* BrandWordmark.swift */,
				02D7FD7879FFC672630556F02004EB17 /* CornerCard.swift */,
				C48F6C400BA333F552E0F85DEAF32338 /* FlowLayout.swift */,
				7F92C6D56542BEA958C579F5138755AB /* GhostActionStyle.swift */,
				234C873537CFC9CDD357F4509295B61B /* TenXPalette.swift */,
				F4E0F913EABCCFC1F0E6FC71F18C244F /* TenXTypography.swift */,
				401035456D4133A14005206D9B185E31 /* ApprovalAccessibility.swift */,
				010A0AF4CB3FDAE4D6E1C5A2B49AB567 /* ApprovalCardView.swift */,
				69467D00D819C5E35A992E00A9A16D13 /* ExtensionInputSheet.swift */,
				108224D3A64C446C10CBB7E47E58D77D /* ExtensionUIRouter.swift */,
				93E443D6417C6322C7B2A6D1FF6F43B4 /* ExtensionUIState.swift */,
				108ABE691AC06801A81E18C091E7354D /* SearchModalModel.swift */,
				B856C3E167232772420E8C663896437B /* SearchModalView.swift */,
				B206C7056716DA61608EC84AF7245DD0 /* SearchResult.swift */,
				620B8D2BE695232552B1B7E10551D1D4 /* SessionSearchService.swift */,
				C506BCE6A3D35A67DBCCB8F5C42D39EF /* ActiveSessionView.swift */,
				07891EB250D730D44AB30A51C9624A5D /* CodeBlockView.swift */,
				30D73B54D51EE951F40356FDA9E35F3B /* ComposerView.swift */,
				52CA4D90550F2ED3A5D05CC6550932D4 /* MessageBlockView.swift */,
				58BE4F00F5ACE2EF348EE15A4C92AEE8 /* MessageBubbleView.swift */,
				4DCA1B96C24B019B0594870DF09F269B /* MessageContentParser.swift */,
				46D41DCA734101DB369475F5E1A9AB0F /* NewSessionView.swift */,
				ABC404DD8CFC71A2C4C24104D87E3846 /* ResponseMetadataView.swift */,
				97E86506D26EC3E70B337835D9204AC4 /* RuntimeRecoveryView.swift */,
				3D52498775DE25C3E09176BF84439E96 /* SessionController.swift */,
				68E1A85DC748A6FA2E31901C3B93A21E /* SessionHeaderMetadata.swift */,
				5E02A2EE029D15096569174DC230FF2E /* SessionHeaderView.swift */,
				47901F5380406E3E93C2BB3D81032085 /* SessionRuntimeState.swift */,
				E3653A6F9CDA21D9492AAEDEDF73E8C5 /* SessionTimelineLoader.swift */,
				627ADC5A10D5A1212DA30CE311C9FB20 /* SubagentCardView.swift */,
				3EB7B28556A32F9E2BF537A974AAB6ED /* SubagentEventReducer.swift */,
				4B4B8CF12862CA630D48CBB1F7E0EDC9 /* SubagentPresentation.swift */,
				DA68E55CEC704E757C7C5E9239EE4456 /* TranscriptAnnotation.swift */,
				BAAB3529FB006B77808817CAC056DD07 /* TranscriptHistoryMapper.swift */,
				90E006232EC642C67648F6671AB8641C /* TranscriptItem.swift */,
				73CDFD8E755C79E7D6666B0FF597B95D /* TranscriptMessage.swift */,
				9A02199D8A1F0ACF3C14E0B3224FAB14 /* TranscriptReducer.swift */,
				F36EAEAFA0C69B89ACD72F337773BE97 /* TranscriptReference.swift */,
				9CD9D45F2903D7158763C30D91EDA7FD /* TranscriptReferenceView.swift */,
				567611D6DF9B4B7641032420906C9539 /* TranscriptView.swift */,
				9CA5C972E5BF25F8DDC38DC2D5FE1BBB /* OmpConfigRunning.swift */,
				DF707AEFB0BFC8E5B8ABE368B4F9FB5C /* OmpConfigService.swift */,
				07D2B64850CC2C50E47DEEBA2FD00872 /* SettingControlView.swift */,
				49224E4072765F7F6B84FEFB19E6F78F /* SettingDefinition.swift */,
				D3127FE306D3BC630472BEDEBD7830C4 /* SettingRowView.swift */,
				E53EAB8E8F4F764049625BE97CCFD1D8 /* SettingsCatalog.swift */,
				B1604CAF0614B45CDEF2FF56F040F02C /* SettingsCategory.swift */,
				294B607C940DD50549B33502D8AC83BA /* SettingsView.swift */,
				52C63C17F62AE329BB936963763A80AB /* SettingsViewModel.swift */,
				FE4C6806D7DCCA8033CF6429EC92BF9C /* OmpExecutableLocator.swift */,
				1FE24202224DEB45C66589308A5F5D9C /* OmpInstallation.swift */,
				7022995218440CB6F72D6E334798993F /* SetupView.swift */,
				98CFC0B8624DFBEF6FE7F12C90D15C0E /* AppShellView.swift */,
				8EC97621F9B65CC6BE42C58626300D36 /* FloatingRailView.swift */,
				33B0C26C92051ADDA87A03C56571C98D /* ProjectSessionGroup.swift */,
				A8C6016A71B378ECA4A6004882D4F014 /* ProjectSessionGrouper.swift */,
				3B7485B668B4CE2E3F0113A715A789AA /* ProviderUsageLedgerView.swift */,
				851A936793E178A8E8A1B652E115E5C0 /* ProviderUsagePresentation.swift */,
				5ACA23EACDA71ABD1DF048187F2FAFE8 /* RailAccessibility.swift */,
				A12AD847277C1AF9ACC2CE3BAC4F3077 /* RailExpansionModel.swift */,
				58B944FEA6913C5D0A3FB7CEC8638D51 /* RailPresentation.swift */,
				01ED70519269D124AAD7F9C75F92A2EF /* ShellTopActionsView.swift */,
				FE5957C52C384B2FB5B73E9138265F49 /* TenXApp.swift */,
				D615B43400A7C1AFD57D11D07758217E /* BashToolCardView.swift */,
				63BB4067A6F8B93DA4F42B89D507F8AA /* DiffView.swift */,
				FE49B49C8179A3E7D03BF11D39861322 /* EditToolCardView.swift */,
				9DB0EDECF2EAA840FF329911D3873856 /* GenericToolCardView.swift */,
				1E578AE99C5F66E638D0DB9F73C5B516 /* ReadToolCardView.swift */,
				6A2EB86C4901EA3E71E3D732BCADDA82 /* SearchToolCardView.swift */,
				BDE0E9A1C25DF6C85319133122F4556A /* TaskToolCardView.swift */,
				985C176FF96DAAAC538F6E8E7C265B71 /* TodoToolCardView.swift */,
				3F8E7803D2AC50BDF7D63FB665176247 /* ToolCardRegistry.swift */,
				B04452A2DDF5290FA8EB5AC6C4B584EB /* ToolCardScaffold.swift */,
				18DBE70B7447CAE562605CACEDD4ADEF /* ToolContentExtractor.swift */,
				CBB5D82B68F2B17F9A5230822A921D24 /* ToolDisclosureState.swift */,
				19DEC3893FBBEF7A0659D277B276333B /* ToolEventReducer.swift */,
				FD2FD243B5B47B51C2433000E03335D4 /* ToolPresentation.swift */,
				F2D5A6FD76478EF0406299DD64A9023C /* UnifiedDiff.swift */,
				EF332CDAA6670D7D56D9BF6C89BB1671 /* UnifiedDiffParser.swift */,
				5A9349B16529A5C8F889EB16BACD6B69 /* WebToolCardView.swift */,
				5F153EA7822DADCA9951D869007F135E /* WriteToolCardView.swift */,
				0F3FA49B70D0E837BED2BEDED4FAB4DF /* 10x-wordmark.svg */,
				BEFB86A788218EDBC4019B6B54D07A67 /* AppIcon.icon */,
				CD49276C5C506A517375E3A31E71E7EA /* Fonts */,
			);
			name = App;
			sourceTree = "<group>";
		};
		EEB2E83E883A740B69C6F3EE47315201 /* OS X */ = {
			isa = PBXGroup;
			children = (
				74D90D20D7FC5CED810C35AF0B75D712 /* Cocoa.framework */,
			);
			name = "OS X";
			sourceTree = "<group>";
		};
/* End PBXGroup section */

/* Begin PBXNativeTarget section */
		09514DB2B0B88D1F4A598BC4FB7AB402 /* TenXAppTests */ = {
			isa = PBXNativeTarget;
			buildConfigurationList = 5700176DF46167B2DD9F44ED0BE72DC2 /* Build configuration list for PBXNativeTarget "TenXAppTests" */;
			buildPhases = (
				AB613D0934CB2C9A5CD1E0FF5777DEBF /* Sources */,
				56C901F6796C80F162B8355907289BA6 /* Frameworks */,
				934151BCD058DE6432F429C01A193681 /* Resources */,
			);
			buildRules = (
			);
			dependencies = (
				D4AC311B1DE3EA82606B7F7685E3A230 /* PBXTargetDependency */,
			);
			name = TenXAppTests;
			productName = TenXAppTests;
			productReference = D77F672B040234A27373458AA5ADC5CF /* TenXAppTests.xctest */;
			productType = "com.apple.product-type.bundle.unit-test";
		};
		AD9E126CE4852C38F78ABC1A1112BF8D /* 10x */ = {
			isa = PBXNativeTarget;
			buildConfigurationList = A34D7D20910481217F477190984945CA /* Build configuration list for PBXNativeTarget "10x" */;
			buildPhases = (
				564A9F3C3E1961D7CD2E7EABB4FA3410 /* Sources */,
				0CC4251BC50D5299B0DB0C807B535C19 /* Frameworks */,
				37A5544CA9DD1C2C5A7A1DBEEB50ACDA /* Resources */,
			);
			buildRules = (
			);
			dependencies = (
			);
			name = 10x;
			packageProductDependencies = (
				C8F619D614A757BD89C42C99F9DA9174 /* OmpKit */,
			);
			productName = 10x;
			productReference = 8D48A4B97F2B01B28DB469F5A87FC00D /* 10x.app */;
			productType = "com.apple.product-type.application";
		};
/* End PBXNativeTarget section */

/* Begin PBXProject section */
		E3CB0CD6737FF3A656901B502E2ED80B /* Project object */ = {
			isa = PBXProject;
			attributes = {
				LastSwiftUpdateCheck = 2660;
				LastUpgradeCheck = 1600;
			};
			buildConfigurationList = C59549B28C23B3CCE94D91949B7707FF /* Build configuration list for PBXProject "10x" */;
			compatibilityVersion = "Xcode 3.2";
			developmentRegion = en;
			hasScannedForEncodings = 0;
			knownRegions = (
				en,
				Base,
			);
			mainGroup = 1F39C2F35D3B388C7052A0C9B7DB33F4;
			minimizedProjectReferenceProxies = 0;
			packageReferences = (
				C2101694FFA57E7A5A789681E6C0DD3A /* XCLocalSwiftPackageReference "OmpKit" */,
			);
			preferredProjectObjectVersion = 77;
			productRefGroup = 2238E88C56FF19D09B44CBB70CA1AE30 /* Products */;
			projectDirPath = "";
			projectRoot = "";
			targets = (
				AD9E126CE4852C38F78ABC1A1112BF8D /* 10x */,
				09514DB2B0B88D1F4A598BC4FB7AB402 /* TenXAppTests */,
			);
		};
/* End PBXProject section */

/* Begin PBXResourcesBuildPhase section */
		37A5544CA9DD1C2C5A7A1DBEEB50ACDA /* Resources */ = {
			isa = PBXResourcesBuildPhase;
			buildActionMask = 2147483647;
			files = (
				EAED33DDE3DEC39A59608658AF6FA76E /* 10x-wordmark.svg in Resources */,
				F944BBD5BD31B49DFC09719082053AF4 /* AppIcon.icon in Resources */,
				218EF0A84A51B659EAA9DACA0A3C7924 /* Fonts in Resources */,
			);
			runOnlyForDeploymentPostprocessing = 0;
		};
		934151BCD058DE6432F429C01A193681 /* Resources */ = {
			isa = PBXResourcesBuildPhase;
			buildActionMask = 2147483647;
			files = (
				AD9C0CF911BCBAF7C9532895AFBC73C7 /* ReferenceImages in Resources */,
			);
			runOnlyForDeploymentPostprocessing = 0;
		};
/* End PBXResourcesBuildPhase section */

/* Begin PBXSourcesBuildPhase section */
		564A9F3C3E1961D7CD2E7EABB4FA3410 /* Sources */ = {
			isa = PBXSourcesBuildPhase;
			buildActionMask = 2147483647;
			files = (
				C0C1F43D58A7548769FF74218C518F4D /* AppDependencies.swift in Sources */,
				CC73C7A440B48ACBE83059C1066858F1 /* AppModel.swift in Sources */,
				FD32D2F40136EE26723044C5468E9CE9 /* AppRoute.swift in Sources */,
				6A05017279B111CF7053A2B334F9B8BF /* ComputerUseLease.swift in Sources */,
				8E072568358F40FAD790C14AAC1FE0E6 /* ComputerUseRegistry.swift in Sources */,
				825CE20E2DA7941AE40A36C9A81FE269 /* ComputerUseState.swift in Sources */,
				4058D0B541B63DF94C913A77C8F67A66 /* BrandWordmark.swift in Sources */,
				DB0413BC893D1496BE8ABD8023758CAE /* CornerCard.swift in Sources */,
				E4B375C2696015269482AC41009A37A0 /* FlowLayout.swift in Sources */,
				E0DCC2F5A0808E79D8091BD66721E264 /* GhostActionStyle.swift in Sources */,
				06D4B98D0D8763EA3EB267A2CB05444E /* TenXPalette.swift in Sources */,
				8F32D780AB40E4042EA67466BD6B09DA /* TenXTypography.swift in Sources */,
				C7F22BF72604F29A716E1774662EC55F /* ApprovalAccessibility.swift in Sources */,
				D17F4DE98292C4047EDFD31BFD900894 /* ApprovalCardView.swift in Sources */,
				CD2D158721BE35DFC3C732B4C888D5CA /* ExtensionInputSheet.swift in Sources */,
				9407060838B660AF229137A7D518FB73 /* ExtensionUIRouter.swift in Sources */,
				C2F2452F65E99927DDC3EA5134F96FD4 /* ExtensionUIState.swift in Sources */,
				55A6BB2E4F3A41D110559CBCF4352A25 /* SearchModalModel.swift in Sources */,
				949C1F7EDCFAB7CFE6A1BAE102036835 /* SearchModalView.swift in Sources */,
				34471ECBEE05CB51A90E3BF9A2776FD4 /* SearchResult.swift in Sources */,
				B097A3228D99F8B98D56ADE73EC7FDB1 /* SessionSearchService.swift in Sources */,
				170AAE6FE95F17411B21F3E718A1C655 /* ActiveSessionView.swift in Sources */,
				F6EBA846033D61BE7FC8A8E0ACE9A39B /* CodeBlockView.swift in Sources */,
				473B3CCE2852FDF42E46B62F90389541 /* ComposerView.swift in Sources */,
				578E3D56200AB2004498100D16543700 /* MessageBlockView.swift in Sources */,
				6D681C5B745C31316CE58C829FA73733 /* MessageBubbleView.swift in Sources */,
				3A19C3A39C785B6AE620C2CCFFBF682C /* MessageContentParser.swift in Sources */,
				1FC1D695027C2C2EB5A2713F02817E99 /* NewSessionView.swift in Sources */,
				BF39FA2E7D2CB7CE52ED718CA5C5DA7D /* ResponseMetadataView.swift in Sources */,
				B0893EC7C5E4B65DE0F82092A50E842B /* RuntimeRecoveryView.swift in Sources */,
				C5946B58D57A051B718440C3B17FE103 /* SessionController.swift in Sources */,
				28896D03CB97E7F01C7EF774909D5802 /* SessionHeaderMetadata.swift in Sources */,
				D42742EEACE14D63D36E3CD3A3B0B9E3 /* SessionHeaderView.swift in Sources */,
				54A9B89B19E77D647D0668C59F76A7EB /* SessionRuntimeState.swift in Sources */,
				A26E693EB142457146CE7F5B2BF04444 /* SessionTimelineLoader.swift in Sources */,
				D110C8653EC1DD119F97F1849A903315 /* SubagentCardView.swift in Sources */,
				144E08E887A6E7E2ABB036E5ED4AA216 /* SubagentEventReducer.swift in Sources */,
				4FF7ECD85C737BB0C659FAADF875CED5 /* SubagentPresentation.swift in Sources */,
				02649DBDBD8B11A02D8A1FFD38BD299E /* TranscriptAnnotation.swift in Sources */,
				763541FE5C0EEA222CF33E57546CA6F9 /* TranscriptHistoryMapper.swift in Sources */,
				98F208A10D9DE98603F1BA89689AA624 /* TranscriptItem.swift in Sources */,
				913D5EB6E551F738719C5B7520EF2508 /* TranscriptMessage.swift in Sources */,
				908A8C8ABEF54E4CBFC4932706D7C621 /* TranscriptReducer.swift in Sources */,
				3D6B44D51A19F98EB395D1970333DC31 /* TranscriptReference.swift in Sources */,
				506DD69E1E02274B9F37FF36A8ED9DB1 /* TranscriptReferenceView.swift in Sources */,
				A9C4562A0257B44B2FA745692B1DF32C /* TranscriptView.swift in Sources */,
				A1045A2654C3C767EAF766B68F297E03 /* OmpConfigRunning.swift in Sources */,
				5A97822008F0858CFC542D92F606BD63 /* OmpConfigService.swift in Sources */,
				00725B6C6D97A2AC13C903A6998C5B94 /* SettingControlView.swift in Sources */,
				AE643EC167E4BD5B3C62CACD6C4FE649 /* SettingDefinition.swift in Sources */,
				FB9351E2DDE27039DC181DA1C0FA6827 /* SettingRowView.swift in Sources */,
				758C939BE20027D9D37218BB77112120 /* SettingsCatalog.swift in Sources */,
				93B00D47D7EF88DD05C43039DDFB9565 /* SettingsCategory.swift in Sources */,
				CAC2642CFF4595B911533EE80B1955B5 /* SettingsView.swift in Sources */,
				928745AF69EE9AAF58E0CA13BF3F3D59 /* SettingsViewModel.swift in Sources */,
				2A3EE72B5D40786D5E6778DE9527FB0B /* OmpExecutableLocator.swift in Sources */,
				8C62296115F1E0BE46EF06DD9161235D /* OmpInstallation.swift in Sources */,
				F07EEE947E3A1FC6EF8A97CA649F7799 /* SetupView.swift in Sources */,
				F84DD0ECEFE48475D2E4A861A293035A /* AppShellView.swift in Sources */,
				592A097B254C56C576253699E42456C5 /* FloatingRailView.swift in Sources */,
				9167F1C4F7634D3C071CAC2E6EAC8F71 /* ProjectSessionGroup.swift in Sources */,
				742E599F5887272C8B247C662C8E97A8 /* ProjectSessionGrouper.swift in Sources */,
				F3215E81E5274F3829DD89CE2675D3DA /* ProviderUsageLedgerView.swift in Sources */,
				3E2F1B502A760D832E76249122CCB8B4 /* ProviderUsagePresentation.swift in Sources */,
				E35128454E3F207D4DA50C9C57D253D1 /* RailAccessibility.swift in Sources */,
				05E0DC89AC61D519AB90E1D943FC2380 /* RailExpansionModel.swift in Sources */,
				4B611348F1C56E22351BA7E28E2C2A70 /* RailPresentation.swift in Sources */,
				76E239C251BBE270BDE2DC34EFD2AD00 /* ShellTopActionsView.swift in Sources */,
				3C93AA96C02816831D0173C9ABCF8012 /* TenXApp.swift in Sources */,
				57DE8057274830AF3364002721B4ABB9 /* BashToolCardView.swift in Sources */,
				1A9EE2ACD3DDC11FB95640459387F878 /* DiffView.swift in Sources */,
				A83FD20147EF4C27CDDF9C0EB9AE1F84 /* EditToolCardView.swift in Sources */,
				4856B914C76554BB6D30255F9D40FBB0 /* GenericToolCardView.swift in Sources */,
				7553D81B3FC452547CFAE983BB3B18E0 /* ReadToolCardView.swift in Sources */,
				E8C7E06791DD93125B847FDF18CD92A4 /* SearchToolCardView.swift in Sources */,
				45C512423169EED91C16335356A699F8 /* TaskToolCardView.swift in Sources */,
				E01D87C5AB79E360FD57CFD93D0D3721 /* TodoToolCardView.swift in Sources */,
				2677AF5232C82E806B5977894BFAC375 /* ToolCardRegistry.swift in Sources */,
				B736167E6874AE1DFA8708DE1BEC961F /* ToolCardScaffold.swift in Sources */,
				09AB21F97CD830ED2ACD3ACF43D5BC84 /* ToolContentExtractor.swift in Sources */,
				8BA2EE1FB66B4CDAEC2915654ED23A33 /* ToolDisclosureState.swift in Sources */,
				0C08E6FCA8F7B761A56C4F5B8D9DD7C4 /* ToolEventReducer.swift in Sources */,
				127898C2FA56CEF594B16A2F5114FF31 /* ToolPresentation.swift in Sources */,
				24C78553F1DB298531A4F1364E34B22C /* UnifiedDiff.swift in Sources */,
				934BBCBDCDA4C8400E1D7CF2F52F2068 /* UnifiedDiffParser.swift in Sources */,
				FABD8D4DD93B99C3DE226F4D58EB8C89 /* WebToolCardView.swift in Sources */,
				E44F74A45C38B70E9CFC276B82ED764D /* WriteToolCardView.swift in Sources */,
			);
			runOnlyForDeploymentPostprocessing = 0;
		};
		AB613D0934CB2C9A5CD1E0FF5777DEBF /* Sources */ = {
			isa = PBXSourcesBuildPhase;
			buildActionMask = 2147483647;
			files = (
				C1B38381010F762C5665435B4E23F572 /* AccessibilityLabelTests.swift in Sources */,
				382701A8FC158EBAD77141724070B376 /* AppModelNavigationTests.swift in Sources */,
				BBFE4138CFF456FD4590B884CD930A9F /* AppRouteTests.swift in Sources */,
				C1844FB342960C1A3936BB62F0C6AA4E /* ComputerUseLeaseTests.swift in Sources */,
				13CB440024DE875360A27DB8A42F1981 /* ComputerUseRegistryTests.swift in Sources */,
				3D081B5C7EDAC7E93BC6A9B2D634B669 /* ComputerUseStateTests.swift in Sources */,
				4393F68FDAD568391F0D7DE89600800C /* DesignSystemTests.swift in Sources */,
				3BB37B22822E4FBB0878A2048AF66C8D /* ExtensionUIRouterTests.swift in Sources */,
				B03308F215FF99F753B739CC04DA6670 /* MessageBubbleViewTests.swift in Sources */,
				260103D4C43D0F3B30776CC2D8EACF77 /* MessageContentParserTests.swift in Sources */,
				AC65AC75B8F425A262BB645071A82517 /* OmpConfigServiceTests.swift in Sources */,
				334F70FE53B5D26A6BBC074B449CD432 /* OmpExecutableLocatorTests.swift in Sources */,
				6DEA1B51BB3B948195699F5CA68C06F6 /* ProjectSessionGrouperTests.swift in Sources */,
				940D22E0D106BCC4E26D3A30DB2BFAC7 /* ProviderUsagePresentationTests.swift in Sources */,
				D1A72344C01EE8EBA030DD2B54EE6EE8 /* RailExpansionModelTests.swift in Sources */,
				C251F59CF53E8DAD372780A5942CE151 /* RailPresentationTests.swift in Sources */,
				3588FD699D9C35FCF11CE6CC04D72B0F /* SessionControllerTests.swift in Sources */,
				0578130FE61C2F5EB5A2E0C9BF7B7D50 /* SessionHeaderMetadataTests.swift in Sources */,
				272A239A951B52CBA7AAD077B4F7A43C /* SessionSearchServiceTests.swift in Sources */,
				BB840BB7E9741A825070B11F11B67194 /* SessionTimelineLoaderTests.swift in Sources */,
				22B088010E2456B9C4919BA338C81933 /* SettingsCatalogTests.swift in Sources */,
				B47BA5FC04A7012158A387877C09D814 /* SnapshotHarness.swift in Sources */,
				C2AB1E12947240998515B279B5B4496B /* SubagentEventReducerTests.swift in Sources */,
				1E00AA6DAC8D82A3E79F548C8D08BB3E /* ToolContentExtractorTests.swift in Sources */,
				183EE45BF2CCC9E6B63DF812EC95B67B /* ToolDisclosureStateTests.swift in Sources */,
				9AF1860CD29CFE09C9883B47B7293D00 /* ToolEventReducerTests.swift in Sources */,
				24486F774F74441E64694973E21C7D30 /* TranscriptHistoryMapperTests.swift in Sources */,
				93DA63FE17596E1657C3E802FD8AC5D0 /* TranscriptReducerTests.swift in Sources */,
				527545BE25D15CF253E77B5B7EFBAD5D /* TranscriptReferenceTests.swift in Sources */,
				165657FF35F8B4771EF18EE07E453B05 /* UnifiedDiffParserTests.swift in Sources */,
				DD64D6A374B3DBE2FCBD631E8806F627 /* ViewSnapshotTests.swift in Sources */,
			);
			runOnlyForDeploymentPostprocessing = 0;
		};
/* End PBXSourcesBuildPhase section */

/* Begin PBXTargetDependency section */
		D4AC311B1DE3EA82606B7F7685E3A230 /* PBXTargetDependency */ = {
			isa = PBXTargetDependency;
			name = 10x;
			target = AD9E126CE4852C38F78ABC1A1112BF8D /* 10x */;
			targetProxy = 7405643B58C04A0D4C4F6864B6221DB8 /* PBXContainerItemProxy */;
		};
/* End PBXTargetDependency section */

/* Begin XCBuildConfiguration section */
		3FA865120F4D74C55F737D6C555BC976 /* Release */ = {
			isa = XCBuildConfiguration;
			buildSettings = {
				ASSETCATALOG_COMPILER_APPICON_NAME = AppIcon;
				ASSETCATALOG_COMPILER_GLOBAL_ACCENT_COLOR_NAME = "";
				CODE_SIGN_STYLE = Automatic;
				COMBINE_HIDPI_IMAGES = YES;
				ENABLE_APP_SANDBOX = NO;
				GENERATE_INFOPLIST_FILE = NO;
				INFOPLIST_FILE = App/Info.plist;
				LD_RUNPATH_SEARCH_PATHS = "$(inherited) @executable_path/../Frameworks";
				MACOSX_DEPLOYMENT_TARGET = 15.0;
				PRODUCT_BUNDLE_IDENTIFIER = com.tannerpham.tenx;
				PRODUCT_MODULE_NAME = TenXApp;
				SDKROOT = macosx;
				SWIFT_STRICT_CONCURRENCY = complete;
				SWIFT_VERSION = 6.0;
			};
			name = Release;
		};
		4652D0EB10647560503CA03BCD51AD8A /* Release */ = {
			isa = XCBuildConfiguration;
			buildSettings = {
				BUNDLE_LOADER = "$(TEST_HOST)";
				GENERATE_INFOPLIST_FILE = YES;
				MACOSX_DEPLOYMENT_TARGET = 15.0;
				PRODUCT_BUNDLE_IDENTIFIER = com.tannerpham.tenx.tests;
				PRODUCT_MODULE_NAME = TenXAppTests;
				SDKROOT = macosx;
				SWIFT_STRICT_CONCURRENCY = complete;
				SWIFT_VERSION = 6.0;
				TEST_HOST = "$(BUILT_PRODUCTS_DIR)/10x.app/Contents/MacOS/10x";
			};
			name = Release;
		};
		7AD90AEFFD7265E39D49B74B3E3EC887 /* Debug */ = {
			isa = XCBuildConfiguration;
			buildSettings = {
				BUNDLE_LOADER = "$(TEST_HOST)";
				GENERATE_INFOPLIST_FILE = YES;
				MACOSX_DEPLOYMENT_TARGET = 15.0;
				PRODUCT_BUNDLE_IDENTIFIER = com.tannerpham.tenx.tests;
				PRODUCT_MODULE_NAME = TenXAppTests;
				SDKROOT = macosx;
				SWIFT_STRICT_CONCURRENCY = complete;
				SWIFT_VERSION = 6.0;
				TEST_HOST = "$(BUILT_PRODUCTS_DIR)/10x.app/Contents/MacOS/10x";
			};
			name = Debug;
		};
		B9BBDACAC2ACD274C9E57296379A5038 /* Release */ = {
			isa = XCBuildConfiguration;
			buildSettings = {
				ALWAYS_SEARCH_USER_PATHS = NO;
				CLANG_ANALYZER_NONNULL = YES;
				CLANG_ANALYZER_NUMBER_OBJECT_CONVERSION = YES_AGGRESSIVE;
				CLANG_CXX_LANGUAGE_STANDARD = "gnu++14";
				CLANG_CXX_LIBRARY = "libc++";
				CLANG_ENABLE_MODULES = YES;
				CLANG_ENABLE_OBJC_ARC = YES;
				CLANG_ENABLE_OBJC_WEAK = YES;
				CLANG_WARN_BLOCK_CAPTURE_AUTORELEASING = YES;
				CLANG_WARN_BOOL_CONVERSION = YES;
				CLANG_WARN_COMMA = YES;
				CLANG_WARN_CONSTANT_CONVERSION = YES;
				CLANG_WARN_DEPRECATED_OBJC_IMPLEMENTATIONS = YES;
				CLANG_WARN_DIRECT_OBJC_ISA_USAGE = YES_ERROR;
				CLANG_WARN_DOCUMENTATION_COMMENTS = YES;
				CLANG_WARN_EMPTY_BODY = YES;
				CLANG_WARN_ENUM_CONVERSION = YES;
				CLANG_WARN_INFINITE_RECURSION = YES;
				CLANG_WARN_INT_CONVERSION = YES;
				CLANG_WARN_NON_LITERAL_NULL_CONVERSION = YES;
				CLANG_WARN_OBJC_IMPLICIT_RETAIN_SELF = YES;
				CLANG_WARN_OBJC_LITERAL_CONVERSION = YES;
				CLANG_WARN_OBJC_ROOT_CLASS = YES_ERROR;
				CLANG_WARN_QUOTED_INCLUDE_IN_FRAMEWORK_HEADER = YES;
				CLANG_WARN_RANGE_LOOP_ANALYSIS = YES;
				CLANG_WARN_STRICT_PROTOTYPES = YES;
				CLANG_WARN_SUSPICIOUS_MOVE = YES;
				CLANG_WARN_UNGUARDED_AVAILABILITY = YES_AGGRESSIVE;
				CLANG_WARN_UNREACHABLE_CODE = YES;
				CLANG_WARN__DUPLICATE_METHOD_MATCH = YES;
				COPY_PHASE_STRIP = NO;
				DEBUG_INFORMATION_FORMAT = "dwarf-with-dsym";
				ENABLE_NS_ASSERTIONS = NO;
				ENABLE_STRICT_OBJC_MSGSEND = YES;
				GCC_C_LANGUAGE_STANDARD = gnu11;
				GCC_NO_COMMON_BLOCKS = YES;
				GCC_WARN_64_TO_32_BIT_CONVERSION = YES;
				GCC_WARN_ABOUT_RETURN_TYPE = YES_ERROR;
				GCC_WARN_UNDECLARED_SELECTOR = YES;
				GCC_WARN_UNINITIALIZED_AUTOS = YES_AGGRESSIVE;
				GCC_WARN_UNUSED_FUNCTION = YES;
				GCC_WARN_UNUSED_VARIABLE = YES;
				MTL_ENABLE_DEBUG_INFO = NO;
				MTL_FAST_MATH = YES;
				PRODUCT_NAME = "$(TARGET_NAME)";
				SWIFT_COMPILATION_MODE = wholemodule;
				SWIFT_OPTIMIZATION_LEVEL = "-O";
				SWIFT_VERSION = 5.0;
			};
			name = Release;
		};
		C4CBA6697AD2D800C4857BC214124DC4 /* Debug */ = {
			isa = XCBuildConfiguration;
			buildSettings = {
				ASSETCATALOG_COMPILER_APPICON_NAME = AppIcon;
				ASSETCATALOG_COMPILER_GLOBAL_ACCENT_COLOR_NAME = "";
				CODE_SIGN_STYLE = Automatic;
				COMBINE_HIDPI_IMAGES = YES;
				ENABLE_APP_SANDBOX = NO;
				GENERATE_INFOPLIST_FILE = NO;
				INFOPLIST_FILE = App/Info.plist;
				LD_RUNPATH_SEARCH_PATHS = "$(inherited) @executable_path/../Frameworks";
				MACOSX_DEPLOYMENT_TARGET = 15.0;
				PRODUCT_BUNDLE_IDENTIFIER = com.tannerpham.tenx;
				PRODUCT_MODULE_NAME = TenXApp;
				SDKROOT = macosx;
				SWIFT_STRICT_CONCURRENCY = complete;
				SWIFT_VERSION = 6.0;
			};
			name = Debug;
		};
		CF3CBAB448EF4AE848EE8EBD8B693B83 /* Debug */ = {
			isa = XCBuildConfiguration;
			buildSettings = {
				ALWAYS_SEARCH_USER_PATHS = NO;
				CLANG_ANALYZER_NONNULL = YES;
				CLANG_ANALYZER_NUMBER_OBJECT_CONVERSION = YES_AGGRESSIVE;
				CLANG_CXX_LANGUAGE_STANDARD = "gnu++14";
				CLANG_CXX_LIBRARY = "libc++";
				CLANG_ENABLE_MODULES = YES;
				CLANG_ENABLE_OBJC_ARC = YES;
				CLANG_ENABLE_OBJC_WEAK = YES;
				CLANG_WARN_BLOCK_CAPTURE_AUTORELEASING = YES;
				CLANG_WARN_BOOL_CONVERSION = YES;
				CLANG_WARN_COMMA = YES;
				CLANG_WARN_CONSTANT_CONVERSION = YES;
				CLANG_WARN_DEPRECATED_OBJC_IMPLEMENTATIONS = YES;
				CLANG_WARN_DIRECT_OBJC_ISA_USAGE = YES_ERROR;
				CLANG_WARN_DOCUMENTATION_COMMENTS = YES;
				CLANG_WARN_EMPTY_BODY = YES;
				CLANG_WARN_ENUM_CONVERSION = YES;
				CLANG_WARN_INFINITE_RECURSION = YES;
				CLANG_WARN_INT_CONVERSION = YES;
				CLANG_WARN_NON_LITERAL_NULL_CONVERSION = YES;
				CLANG_WARN_OBJC_IMPLICIT_RETAIN_SELF = YES;
				CLANG_WARN_OBJC_LITERAL_CONVERSION = YES;
				CLANG_WARN_OBJC_ROOT_CLASS = YES_ERROR;
				CLANG_WARN_QUOTED_INCLUDE_IN_FRAMEWORK_HEADER = YES;
				CLANG_WARN_RANGE_LOOP_ANALYSIS = YES;
				CLANG_WARN_STRICT_PROTOTYPES = YES;
				CLANG_WARN_SUSPICIOUS_MOVE = YES;
				CLANG_WARN_UNGUARDED_AVAILABILITY = YES_AGGRESSIVE;
				CLANG_WARN_UNREACHABLE_CODE = YES;
				CLANG_WARN__DUPLICATE_METHOD_MATCH = YES;
				COPY_PHASE_STRIP = NO;
				DEBUG_INFORMATION_FORMAT = dwarf;
				ENABLE_STRICT_OBJC_MSGSEND = YES;
				ENABLE_TESTABILITY = YES;
				GCC_C_LANGUAGE_STANDARD = gnu11;
				GCC_DYNAMIC_NO_PIC = NO;
				GCC_NO_COMMON_BLOCKS = YES;
				GCC_OPTIMIZATION_LEVEL = 0;
				GCC_PREPROCESSOR_DEFINITIONS = (
					"DEBUG=1",
					"$(inherited)",
				);
				GCC_WARN_64_TO_32_BIT_CONVERSION = YES;
				GCC_WARN_ABOUT_RETURN_TYPE = YES_ERROR;
				GCC_WARN_UNDECLARED_SELECTOR = YES;
				GCC_WARN_UNINITIALIZED_AUTOS = YES_AGGRESSIVE;
				GCC_WARN_UNUSED_FUNCTION = YES;
				GCC_WARN_UNUSED_VARIABLE = YES;
				MTL_ENABLE_DEBUG_INFO = INCLUDE_SOURCE;
				MTL_FAST_MATH = YES;
				ONLY_ACTIVE_ARCH = YES;
				PRODUCT_NAME = "$(TARGET_NAME)";
				SWIFT_ACTIVE_COMPILATION_CONDITIONS = DEBUG;
				SWIFT_OPTIMIZATION_LEVEL = "-Onone";
				SWIFT_VERSION = 5.0;
			};
			name = Debug;
		};
/* End XCBuildConfiguration section */

/* Begin XCConfigurationList section */
		5700176DF46167B2DD9F44ED0BE72DC2 /* Build configuration list for PBXNativeTarget "TenXAppTests" */ = {
			isa = XCConfigurationList;
			buildConfigurations = (
				4652D0EB10647560503CA03BCD51AD8A /* Release */,
				7AD90AEFFD7265E39D49B74B3E3EC887 /* Debug */,
			);
			defaultConfigurationIsVisible = 0;
			defaultConfigurationName = Release;
		};
		A34D7D20910481217F477190984945CA /* Build configuration list for PBXNativeTarget "10x" */ = {
			isa = XCConfigurationList;
			buildConfigurations = (
				3FA865120F4D74C55F737D6C555BC976 /* Release */,
				C4CBA6697AD2D800C4857BC214124DC4 /* Debug */,
			);
			defaultConfigurationIsVisible = 0;
			defaultConfigurationName = Release;
		};
		C59549B28C23B3CCE94D91949B7707FF /* Build configuration list for PBXProject "10x" */ = {
			isa = XCConfigurationList;
			buildConfigurations = (
				CF3CBAB448EF4AE848EE8EBD8B693B83 /* Debug */,
				B9BBDACAC2ACD274C9E57296379A5038 /* Release */,
			);
			defaultConfigurationIsVisible = 0;
			defaultConfigurationName = Release;
		};
/* End XCConfigurationList section */

/* Begin XCLocalSwiftPackageReference section */
		C2101694FFA57E7A5A789681E6C0DD3A /* XCLocalSwiftPackageReference "OmpKit" */ = {
			isa = XCLocalSwiftPackageReference;
			relativePath = OmpKit;
		};
/* End XCLocalSwiftPackageReference section */

/* Begin XCSwiftPackageProductDependency section */
		C8F619D614A757BD89C42C99F9DA9174 /* OmpKit */ = {
			isa = XCSwiftPackageProductDependency;
			package = C2101694FFA57E7A5A789681E6C0DD3A /* XCLocalSwiftPackageReference "OmpKit" */;
			productName = OmpKit;
		};
/* End XCSwiftPackageProductDependency section */
	};
	rootObject = E3CB0CD6737FF3A656901B502E2ED80B /* Project object */;
}
